// !$*UTF8*$!
{
	archiveVersion = 1;
	classes = {
	};
	objectVersion = 46;
	objects = {

/* Begin PBXBuildFile section */
		4EEA6CE315268ED300B96EFD /* UIKit.framework in Frameworks */ = {isa = PBXBuildFile; fileRef = 4EEA6CE215268ED300B96EFD /* UIKit.framework */; };
		4EEA6CE515268ED300B96EFD /* Foundation.framework in Frameworks */ = {isa = PBXBuildFile; fileRef = 4EEA6CE415268ED300B96EFD /* Foundation.framework */; };
		4EEA6CE715268ED300B96EFD /* CoreGraphics.framework in Frameworks */ = {isa = PBXBuildFile; fileRef = 4EEA6CE615268ED300B96EFD /* CoreGraphics.framework */; };
		4EEA6CED15268ED300B96EFD /* InfoPlist.strings in Resources */ = {isa = PBXBuildFile; fileRef = 4EEA6CEB15268ED300B96EFD /* InfoPlist.strings */; };
		4EEA6CEF15268ED300B96EFD /* main.m in Sources */ = {isa = PBXBuildFile; fileRef = 4EEA6CEE15268ED300B96EFD /* main.m */; };
		4EEA6CF315268ED300B96EFD /* AppDelegate.m in Sources */ = {isa = PBXBuildFile; fileRef = 4EEA6CF215268ED300B96EFD /* AppDelegate.m */; };
/* End PBXBuildFile section */

/* Begin PBXFileReference section */
		4EEA6CDE15268ED200B96EFD /* AtYourAge.app */ = {isa = PBXFileReference; explicitFileType = wrapper.application; includeInIndex = 0; path = AtYourAge.app; sourceTree = BUILT_PRODUCTS_DIR; };
		4EEA6CE215268ED300B96EFD /* UIKit.framework */ = {isa = PBXFileReference; lastKnownFileType = wrapper.framework; name = UIKit.framework; path = System/Library/Frameworks/UIKit.framework; sourceTree = SDKROOT; };
		4EEA6CE415268ED300B96EFD /* Foundation.framework */ = {isa = PBXFileReference; lastKnownFileType = wrapper.framework; name = Foundation.framework; path = System/Library/Frameworks/Foundation.framework; sourceTree = SDKROOT; };
		4EEA6CE615268ED300B96EFD /* CoreGraphics.framework */ = {isa = PBXFileReference; lastKnownFileType = wrapper.framework; name = CoreGraphics.framework; path = System/Library/Frameworks/CoreGraphics.framework; sourceTree = SDKROOT; };
		4EEA6CEA15268ED300B96EFD /* AtYourAge-Info.plist */ = {isa = PBXFileReference; path = "AtYourAge-Info.plist"; sourceTree = "<group>"; };
		4EEA6CEC15268ED300B96EFD /* en */ = {isa = PBXFileReference; lastKnownFileType = text.plist.strings; name = en; path = en.lproj/InfoPlist.strings; sourceTree = "<group>"; };
		4EEA6CEE15268ED300B96EFD /* main.m */ = {isa = PBXFileReference; lastKnownFileType = sourcecode.c.objc; path = main.m; sourceTree = "<group>"; };
		4EEA6CF015268ED300B96EFD /* AtYourAge-Prefix.pch */ = {isa = PBXFileReference; path = "AtYourAge-Prefix.pch"; sourceTree = "<group>"; };
		4EEA6CF115268ED300B96EFD /* AppDelegate.h */ = {isa = PBXFileReference; path = AppDelegate.h; sourceTree = "<group>"; };
		4EEA6CF215268ED300B96EFD /* AppDelegate.m */ = {isa = PBXFileReference; lastKnownFileType = sourcecode.c.objc; path = AppDelegate.m; sourceTree = "<group>"; };
/* End PBXFileReference section */

/* Begin PBXFrameworksBuildPhase section */
		4EEA6CDB15268ED200B96EFD /* Frameworks */ = {
			isa = PBXFrameworksBuildPhase;
			buildActionMask = 2147483647;
			files = (
				4EEA6CE315268ED300B96EFD /* UIKit.framework in Frameworks */,
				4EEA6CE515268ED300B96EFD /* Foundation.framework in Frameworks */,
				4EEA6CE715268ED300B96EFD /* CoreGraphics.framework in Frameworks */,
			);
			runOnlyForDeploymentPostprocessing = 0;
		};
/* End PBXFrameworksBuildPhase section */

/* Begin PBXGroup section */
		4EEA6CD315268ED200B96EFD = {
			isa = PBXGroup;
			children = (
				4EEA6CE815268ED300B96EFD /* AtYourAge */,
				4EEA6CE115268ED300B96EFD /* Frameworks */,
				4EEA6CDF15268ED200B96EFD /* Products */,
			);
			sourceTree = "<group>";
		};
		4EEA6CDF15268ED200B96EFD /* Products */ = {
			isa = PBXGroup;
			children = (
				4EEA6CDE15268ED200B96EFD /* AtYourAge.app */,
			);
			name = Products;
			sourceTree = "<group>";
		};
		4EEA6CE115268ED300B96EFD /* Frameworks */ = {
			isa = PBXGroup;
			children = (
				4EEA6CE215268ED300B96EFD /* UIKit.framework */,
				4EEA6CE415268ED300B96EFD /* Foundation.framework */,
				4EEA6CE615268ED300B96EFD /* CoreGraphics.framework */,
			);
			name = Frameworks;
			sourceTree = "<group>";
		};
		4EEA6CE815268ED300B96EFD /* AtYourAge */ = {
			isa = PBXGroup;
			children = (
				4EEA6CF115268ED300B96EFD /* AppDelegate.h */,
				4EEA6CF215268ED300B96EFD /* AppDelegate.m */,
				4EEA6CE915268ED300B96EFD /* Supporting Files */,
			);
			path = AtYourAge;
			sourceTree = "<group>";
		};
		4EEA6CE915268ED300B96EFD /* Supporting Files */ = {
			isa = PBXGroup;
			children = (
				4EEA6CEA15268ED300B96EFD /* AtYourAge-Info.plist */,
				4EEA6CEB15268ED300B96EFD /* InfoPlist.strings */,
				4EEA6CEE15268ED300B96EFD /* main.m */,
				4EEA6CF015268ED300B96EFD /* AtYourAge-Prefix.pch */,
			);
			name = "Supporting Files";
			sourceTree = "<group>";
		};
/* End PBXGroup section */

/* Begin PBXNativeTarget section */
		4EEA6CDD15268ED200B96EFD /* AtYourAge */ = {
			isa = PBXNativeTarget;
			buildConfigurationList = 4EEA6CF615268ED300B96EFD /* Build configuration list for PBXNativeTarget "AtYourAge" */;
			buildPhases = (
				4EEA6CDA15268ED200B96EFD /* Sources */,
				4EEA6CDB15268ED200B96EFD /* Frameworks */,
				4EEA6CDC15268ED200B96EFD /* Resources */,
			);
			buildRules = (
			);
			dependencies = (
			);
			name = AtYourAge;
			productName = AtYourAge;
			productReference = 4EEA6CDE15268ED200B96EFD /* AtYourAge.app */;
			productType = "com.apple.product-type.application";
		};
/* End PBXNativeTarget section */

/* Begin PBXProject section */
		4EEA6CD515268ED200B96EFD /* Project object */ = {
			isa = PBXProject;
			attributes = {
				LastUpgradeCheck = 0430;
			};
			buildConfigurationList = 4EEA6CD815268ED200B96EFD /* Build configuration list for PBXProject "AtYourAge" */;
			compatibilityVersion = "Xcode 3.2";
			developmentRegion = English;
			hasScannedForEncodings = 0;
			knownRegions = (
				en,
			);
			mainGroup = 4EEA6CD315268ED200B96EFD;
			productRefGroup = 4EEA6CDF15268ED200B96EFD /* Products */;
			projectDirPath = "";
			projectRoot = "";
			targets = (
				4EEA6CDD15268ED200B96EFD /* AtYourAge */,
			);
		};
/* End PBXProject section */

/* Begin PBXResourcesBuildPhase section */
		4EEA6CDC15268ED200B96EFD /* Resources */ = {
			isa = PBXResourcesBuildPhase;
			buildActionMask = 2147483647;
			files = (
				4EEA6CED15268ED300B96EFD /* InfoPlist.strings in Resources */,
			);
			runOnlyForDeploymentPostprocessing = 0;
		};
/* End PBXResourcesBuildPhase section */

/* Begin PBXSourcesBuildPhase section */
		4EEA6CDA15268ED200B96EFD /* Sources */ = {
			isa = PBXSourcesBuildPhase;
			buildActionMask = 2147483647;
			files = (
				4EEA6CEF15268ED300B96EFD /* main.m in Sources */,
				4EEA6CF315268ED300B96EFD /* AppDelegate.m in Sources */,
			);
			runOnlyForDeploymentPostprocessing = 0;
		};
/* End PBXSourcesBuildPhase section */

/* Begin PBXVariantGroup section */
		4EEA6CEB15268ED300B96EFD /* InfoPlist.strings */ = {
			isa = PBXVariantGroup;
			children = (
				4EEA6CEC15268ED300B96EFD /* en */,
			);
			name = InfoPlist.strings;
			sourceTree = "<group>";
		};
/* End PBXVariantGroup section */

/* Begin XCBuildConfiguration section */
		4EEA6CF415268ED300B96EFD /* Debug */ = {
			isa = XCBuildConfiguration;
			buildSettings = {
				ALWAYS_SEARCH_USER_PATHS = NO;
				ARCHS = "$(ARCHS_STANDARD_32_BIT)";
				CLANG_ENABLE_OBJC_ARC = YES;
				"CODE_SIGN_IDENTITY[sdk=iphoneos*]" = "iPhone Developer";
				COPY_PHASE_STRIP = NO;
				GCC_C_LANGUAGE_STANDARD = gnu99;
				GCC_DYNAMIC_NO_PIC = NO;
				GCC_OPTIMIZATION_LEVEL = 0;
				GCC_PREPROCESSOR_DEFINITIONS = (
					"DEBUG=1",
					"$(inherited)",
				);
				GCC_SYMBOLS_PRIVATE_EXTERN = NO;
				GCC_VERSION = com.apple.compilers.llvm.clang.1_0;
				GCC_WARN_ABOUT_RETURN_TYPE = YES;
				GCC_WARN_UNINITIALIZED_AUTOS = YES;
				GCC_WARN_UNUSED_VARIABLE = YES;
				IPHONEOS_DEPLOYMENT_TARGET = 5.1;
				SDKROOT = iphoneos;
			};
			name = Debug;
		};
		4EEA6CF515268ED300B96EFD /* Release */ = {
			isa = XCBuildConfiguration;
			buildSettings = {
				ALWAYS_SEARCH_USER_PATHS = NO;
				ARCHS = "$(ARCHS_STANDARD_32_BIT)";
				CLANG_ENABLE_OBJC_ARC = YES;
				"CODE_SIGN_IDENTITY[sdk=iphoneos*]" = "iPhone Developer";
				COPY_PHASE_STRIP = YES;
				GCC_C_LANGUAGE_STANDARD = gnu99;
				GCC_VERSION = com.apple.compilers.llvm.clang.1_0;
				GCC_WARN_ABOUT_RETURN_TYPE = YES;
				GCC_WARN_UNINITIALIZED_AUTOS = YES;
				GCC_WARN_UNUSED_VARIABLE = YES;
				IPHONEOS_DEPLOYMENT_TARGET = 5.1;
				OTHER_CFLAGS = "-DNS_BLOCK_ASSERTIONS=1";
				SDKROOT = iphoneos;
				VALIDATE_PRODUCT = YES;
			};
			name = Release;
		};
		4EEA6CF715268ED300B96EFD /* Debug */ = {
			isa = XCBuildConfiguration;
			buildSettings = {
				GCC_PRECOMPILE_PREFIX_HEADER = YES;
				GCC_PREFIX_HEADER = "AtYourAge/AtYourAge-Prefix.pch";
				INFOPLIST_FILE = "AtYourAge/AtYourAge-Info.plist";
				PRODUCT_NAME = "$(TARGET_NAME)";
				WRAPPER_EXTENSION = app;
			};
			name = Debug;
		};
		4EEA6CF815268ED300B96EFD /* Release */ = {
			isa = XCBuildConfiguration;
			buildSettings = {
				GCC_PRECOMPILE_PREFIX_HEADER = YES;
				GCC_PREFIX_HEADER = "AtYourAge/AtYourAge-Prefix.pch";
				INFOPLIST_FILE = "AtYourAge/AtYourAge-Info.plist";
				PRODUCT_NAME = "$(TARGET_NAME)";
				WRAPPER_EXTENSION = app;
			};
			name = Release;
		};
/* End XCBuildConfiguration section */

/* Begin XCConfigurationList section */
		4EEA6CD815268ED200B96EFD /* Build configuration list for PBXProject "AtYourAge" */ = {
			isa = XCConfigurationList;
			buildConfigurations = (
				4EEA6CF415268ED300B96EFD /* Debug */,
				4EEA6CF515268ED300B96EFD /* Release */,
			);
			defaultConfigurationIsVisible = 0;
			defaultConfigurationName = Release;
		};
		4EEA6CF615268ED300B96EFD /* Build configuration list for PBXNativeTarget "AtYourAge" */ = {
			isa = XCConfigurationList;
			buildConfigurations = (
				4EEA6CF715268ED300B96EFD /* Debug */,
				4EEA6CF815268ED300B96EFD /* Release */,
			);
			defaultConfigurationIsVisible = 0;
		};
/* End XCConfigurationList section */
	};
	rootObject = 4EEA6CD515268ED200B96EFD /* Project object */;
}
