// !$*UTF8*$!
{
	archiveVersion = 1;
	classes = {
	};
	objectVersion = 46;
	objects = {

/* Begin PBXBuildFile section */
		4EEA6CE315268ED300B96EFD /* UIKit.framework in Frameworks */ = {isa = PBXBuildFile; fileRef = 4EEA6CE215268ED300B96EFD /* UIKit.framework */; };
		4EEA6CE515268ED300B96EFD /* Foundation.framework in Frameworks */ = {isa = PBXBuildFile; fileRef = 4EEA6CE415268ED300B96EFD /* Foundation.framework */; };
		4EEA6CE715268ED300B96EFD /* CoreGraphics.framework in Frameworks */ = {isa = PBXBuildFile; fileRef = 4EEA6CE615268ED300B96EFD /* CoreGraphics.framework */; };
		4EEA6D0C1526902D00B96EFD /* AppDelegate.m in Sources */ = {isa = PBXBuildFile; fileRef = 4EEA6D041526902D00B96EFD /* AppDelegate.m */; };
		4EEA6D0D1526902D00B96EFD /* InfoPlist.strings in Resources */ = {isa = PBXBuildFile; fileRef = 4EEA6D051526902D00B96EFD /* InfoPlist.strings */; };
		4EEA6D0E1526902D00B96EFD /* main.m in Sources */ = {isa = PBXBuildFile; fileRef = 4EEA6D071526902D00B96EFD /* main.m */; };
		4EEA6D0F1526902D00B96EFD /* AtYourAge-Info.plist in Resources */ = {isa = PBXBuildFile; fileRef = 4EEA6D0A1526902D00B96EFD /* AtYourAge-Info.plist */; };
		4EEA6D2B1526906000B96EFD /* NSObject+SBJson.m in Sources */ = {isa = PBXBuildFile; fileRef = 4EEA6D131526906000B96EFD /* NSObject+SBJson.m */; };
		4EEA6D2C1526906000B96EFD /* SBJsonParser.m in Sources */ = {isa = PBXBuildFile; fileRef = 4EEA6D161526906000B96EFD /* SBJsonParser.m */; };
		4EEA6D2D1526906000B96EFD /* SBJsonStreamParser.m in Sources */ = {isa = PBXBuildFile; fileRef = 4EEA6D181526906000B96EFD /* SBJsonStreamParser.m */; };
		4EEA6D2E1526906000B96EFD /* SBJsonStreamParserAccumulator.m in Sources */ = {isa = PBXBuildFile; fileRef = 4EEA6D1A1526906000B96EFD /* SBJsonStreamParserAccumulator.m */; };
		4EEA6D2F1526906000B96EFD /* SBJsonStreamParserAdapter.m in Sources */ = {isa = PBXBuildFile; fileRef = 4EEA6D1C1526906000B96EFD /* SBJsonStreamParserAdapter.m */; };
		4EEA6D301526906000B96EFD /* SBJsonStreamParserState.m in Sources */ = {isa = PBXBuildFile; fileRef = 4EEA6D1E1526906000B96EFD /* SBJsonStreamParserState.m */; };
		4EEA6D311526906000B96EFD /* SBJsonStreamWriter.m in Sources */ = {isa = PBXBuildFile; fileRef = 4EEA6D201526906000B96EFD /* SBJsonStreamWriter.m */; };
		4EEA6D321526906000B96EFD /* SBJsonStreamWriterAccumulator.m in Sources */ = {isa = PBXBuildFile; fileRef = 4EEA6D221526906000B96EFD /* SBJsonStreamWriterAccumulator.m */; };
		4EEA6D331526906000B96EFD /* SBJsonStreamWriterState.m in Sources */ = {isa = PBXBuildFile; fileRef = 4EEA6D241526906000B96EFD /* SBJsonStreamWriterState.m */; };
		4EEA6D341526906000B96EFD /* SBJsonTokeniser.m in Sources */ = {isa = PBXBuildFile; fileRef = 4EEA6D261526906000B96EFD /* SBJsonTokeniser.m */; };
		4EEA6D351526906000B96EFD /* SBJsonUTF8Stream.m in Sources */ = {isa = PBXBuildFile; fileRef = 4EEA6D281526906000B96EFD /* SBJsonUTF8Stream.m */; };
		4EEA6D361526906000B96EFD /* SBJsonWriter.m in Sources */ = {isa = PBXBuildFile; fileRef = 4EEA6D2A1526906000B96EFD /* SBJsonWriter.m */; };
/* End PBXBuildFile section */

/* Begin PBXFileReference section */
		4EEA6CDE15268ED200B96EFD /* AtYourAge.app */ = {isa = PBXFileReference; explicitFileType = wrapper.application; includeInIndex = 0; path = AtYourAge.app; sourceTree = BUILT_PRODUCTS_DIR; };
		4EEA6CE215268ED300B96EFD /* UIKit.framework */ = {isa = PBXFileReference; lastKnownFileType = wrapper.framework; name = UIKit.framework; path = System/Library/Frameworks/UIKit.framework; sourceTree = SDKROOT; };
		4EEA6CE415268ED300B96EFD /* Foundation.framework */ = {isa = PBXFileReference; lastKnownFileType = wrapper.framework; name = Foundation.framework; path = System/Library/Frameworks/Foundation.framework; sourceTree = SDKROOT; };
		4EEA6CE615268ED300B96EFD /* CoreGraphics.framework */ = {isa = PBXFileReference; lastKnownFileType = wrapper.framework; name = CoreGraphics.framework; path = System/Library/Frameworks/CoreGraphics.framework; sourceTree = SDKROOT; };
		4EEA6D031526902D00B96EFD /* AppDelegate.h */ = {isa = PBXFileReference; fileEncoding = 4; lastKnownFileType = sourcecode.c.h; path = AppDelegate.h; sourceTree = "<group>"; };
		4EEA6D041526902D00B96EFD /* AppDelegate.m */ = {isa = PBXFileReference; fileEncoding = 4; lastKnownFileType = sourcecode.c.objc; path = AppDelegate.m; sourceTree = "<group>"; };
		4EEA6D061526902D00B96EFD /* en */ = {isa = PBXFileReference; lastKnownFileType = text.plist.strings; name = en; path = en.lproj/InfoPlist.strings; sourceTree = "<group>"; };
		4EEA6D071526902D00B96EFD /* main.m */ = {isa = PBXFileReference; fileEncoding = 4; lastKnownFileType = sourcecode.c.objc; path = main.m; sourceTree = "<group>"; };
		4EEA6D0A1526902D00B96EFD /* AtYourAge-Info.plist */ = {isa = PBXFileReference; fileEncoding = 4; lastKnownFileType = text.plist.xml; path = "AtYourAge-Info.plist"; sourceTree = "<group>"; };
		4EEA6D0B1526902D00B96EFD /* AtYourAge-Prefix.pch */ = {isa = PBXFileReference; fileEncoding = 4; lastKnownFileType = sourcecode.c.h; path = "AtYourAge-Prefix.pch"; sourceTree = "<group>"; };
		4EEA6D121526906000B96EFD /* NSObject+SBJson.h */ = {isa = PBXFileReference; fileEncoding = 4; lastKnownFileType = sourcecode.c.h; path = "NSObject+SBJson.h"; sourceTree = "<group>"; };
		4EEA6D131526906000B96EFD /* NSObject+SBJson.m */ = {isa = PBXFileReference; fileEncoding = 4; lastKnownFileType = sourcecode.c.objc; path = "NSObject+SBJson.m"; sourceTree = "<group>"; };
		4EEA6D141526906000B96EFD /* SBJson.h */ = {isa = PBXFileReference; fileEncoding = 4; lastKnownFileType = sourcecode.c.h; path = SBJson.h; sourceTree = "<group>"; };
		4EEA6D151526906000B96EFD /* SBJsonParser.h */ = {isa = PBXFileReference; fileEncoding = 4; lastKnownFileType = sourcecode.c.h; path = SBJsonParser.h; sourceTree = "<group>"; };
		4EEA6D161526906000B96EFD /* SBJsonParser.m */ = {isa = PBXFileReference; fileEncoding = 4; lastKnownFileType = sourcecode.c.objc; path = SBJsonParser.m; sourceTree = "<group>"; };
		4EEA6D171526906000B96EFD /* SBJsonStreamParser.h */ = {isa = PBXFileReference; fileEncoding = 4; lastKnownFileType = sourcecode.c.h; path = SBJsonStreamParser.h; sourceTree = "<group>"; };
		4EEA6D181526906000B96EFD /* SBJsonStreamParser.m */ = {isa = PBXFileReference; fileEncoding = 4; lastKnownFileType = sourcecode.c.objc; path = SBJsonStreamParser.m; sourceTree = "<group>"; };
		4EEA6D191526906000B96EFD /* SBJsonStreamParserAccumulator.h */ = {isa = PBXFileReference; fileEncoding = 4; lastKnownFileType = sourcecode.c.h; path = SBJsonStreamParserAccumulator.h; sourceTree = "<group>"; };
		4EEA6D1A1526906000B96EFD /* SBJsonStreamParserAccumulator.m */ = {isa = PBXFileReference; fileEncoding = 4; lastKnownFileType = sourcecode.c.objc; path = SBJsonStreamParserAccumulator.m; sourceTree = "<group>"; };
		4EEA6D1B1526906000B96EFD /* SBJsonStreamParserAdapter.h */ = {isa = PBXFileReference; fileEncoding = 4; lastKnownFileType = sourcecode.c.h; path = SBJsonStreamParserAdapter.h; sourceTree = "<group>"; };
		4EEA6D1C1526906000B96EFD /* SBJsonStreamParserAdapter.m */ = {isa = PBXFileReference; fileEncoding = 4; lastKnownFileType = sourcecode.c.objc; path = SBJsonStreamParserAdapter.m; sourceTree = "<group>"; };
		4EEA6D1D1526906000B96EFD /* SBJsonStreamParserState.h */ = {isa = PBXFileReference; fileEncoding = 4; lastKnownFileType = sourcecode.c.h; path = SBJsonStreamParserState.h; sourceTree = "<group>"; };
		4EEA6D1E1526906000B96EFD /* SBJsonStreamParserState.m */ = {isa = PBXFileReference; fileEncoding = 4; lastKnownFileType = sourcecode.c.objc; path = SBJsonStreamParserState.m; sourceTree = "<group>"; };
		4EEA6D1F1526906000B96EFD /* SBJsonStreamWriter.h */ = {isa = PBXFileReference; fileEncoding = 4; lastKnownFileType = sourcecode.c.h; path = SBJsonStreamWriter.h; sourceTree = "<group>"; };
		4EEA6D201526906000B96EFD /* SBJsonStreamWriter.m */ = {isa = PBXFileReference; fileEncoding = 4; lastKnownFileType = sourcecode.c.objc; path = SBJsonStreamWriter.m; sourceTree = "<group>"; };
		4EEA6D211526906000B96EFD /* SBJsonStreamWriterAccumulator.h */ = {isa = PBXFileReference; fileEncoding = 4; lastKnownFileType = sourcecode.c.h; path = SBJsonStreamWriterAccumulator.h; sourceTree = "<group>"; };
		4EEA6D221526906000B96EFD /* SBJsonStreamWriterAccumulator.m */ = {isa = PBXFileReference; fileEncoding = 4; lastKnownFileType = sourcecode.c.objc; path = SBJsonStreamWriterAccumulator.m; sourceTree = "<group>"; };
		4EEA6D231526906000B96EFD /* SBJsonStreamWriterState.h */ = {isa = PBXFileReference; fileEncoding = 4; lastKnownFileType = sourcecode.c.h; path = SBJsonStreamWriterState.h; sourceTree = "<group>"; };
		4EEA6D241526906000B96EFD /* SBJsonStreamWriterState.m */ = {isa = PBXFileReference; fileEncoding = 4; lastKnownFileType = sourcecode.c.objc; path = SBJsonStreamWriterState.m; sourceTree = "<group>"; };
		4EEA6D251526906000B96EFD /* SBJsonTokeniser.h */ = {isa = PBXFileReference; fileEncoding = 4; lastKnownFileType = sourcecode.c.h; path = SBJsonTokeniser.h; sourceTree = "<group>"; };
		4EEA6D261526906000B96EFD /* SBJsonTokeniser.m */ = {isa = PBXFileReference; fileEncoding = 4; lastKnownFileType = sourcecode.c.objc; path = SBJsonTokeniser.m; sourceTree = "<group>"; };
		4EEA6D271526906000B96EFD /* SBJsonUTF8Stream.h */ = {isa = PBXFileReference; fileEncoding = 4; lastKnownFileType = sourcecode.c.h; path = SBJsonUTF8Stream.h; sourceTree = "<group>"; };
		4EEA6D281526906000B96EFD /* SBJsonUTF8Stream.m */ = {isa = PBXFileReference; fileEncoding = 4; lastKnownFileType = sourcecode.c.objc; path = SBJsonUTF8Stream.m; sourceTree = "<group>"; };
		4EEA6D291526906000B96EFD /* SBJsonWriter.h */ = {isa = PBXFileReference; fileEncoding = 4; lastKnownFileType = sourcecode.c.h; path = SBJsonWriter.h; sourceTree = "<group>"; };
		4EEA6D2A1526906000B96EFD /* SBJsonWriter.m */ = {isa = PBXFileReference; fileEncoding = 4; lastKnownFileType = sourcecode.c.objc; path = SBJsonWriter.m; sourceTree = "<group>"; };
/* End PBXFileReference section */

/* Begin PBXFrameworksBuildPhase section */
		4EEA6CDB15268ED200B96EFD /* Frameworks */ = {
			isa = PBXFrameworksBuildPhase;
			buildActionMask = 2147483647;
			files = (
				4EEA6CE315268ED300B96EFD /* UIKit.framework in Frameworks */,
				4EEA6CE515268ED300B96EFD /* Foundation.framework in Frameworks */,
				4EEA6CE715268ED300B96EFD /* CoreGraphics.framework in Frameworks */,
			);
			runOnlyForDeploymentPostprocessing = 0;
		};
/* End PBXFrameworksBuildPhase section */

/* Begin PBXGroup section */
		4EEA6CD315268ED200B96EFD = {
			isa = PBXGroup;
			children = (
				4EEA6D021526902D00B96EFD /* Classes */,
				4EEA6D081526902D00B96EFD /* Resources */,
				4EEA6D091526902D00B96EFD /* Support */,
				4EEA6D101526906000B96EFD /* Dependencies */,
				4EEA6CE115268ED300B96EFD /* Frameworks */,
				4EEA6CDF15268ED200B96EFD /* Products */,
			);
			sourceTree = "<group>";
		};
		4EEA6CDF15268ED200B96EFD /* Products */ = {
			isa = PBXGroup;
			children = (
				4EEA6CDE15268ED200B96EFD /* AtYourAge.app */,
			);
			name = Products;
			sourceTree = "<group>";
		};
		4EEA6CE115268ED300B96EFD /* Frameworks */ = {
			isa = PBXGroup;
			children = (
				4EEA6CE215268ED300B96EFD /* UIKit.framework */,
				4EEA6CE415268ED300B96EFD /* Foundation.framework */,
				4EEA6CE615268ED300B96EFD /* CoreGraphics.framework */,
			);
			name = Frameworks;
			sourceTree = "<group>";
		};
		4EEA6D021526902D00B96EFD /* Classes */ = {
			isa = PBXGroup;
			children = (
				4EEA6D031526902D00B96EFD /* AppDelegate.h */,
				4EEA6D041526902D00B96EFD /* AppDelegate.m */,
				4EEA6D051526902D00B96EFD /* InfoPlist.strings */,
				4EEA6D071526902D00B96EFD /* main.m */,
			);
			path = Classes;
			sourceTree = "<group>";
		};
		4EEA6D081526902D00B96EFD /* Resources */ = {
			isa = PBXGroup;
			children = (
			);
			path = Resources;
			sourceTree = "<group>";
		};
		4EEA6D091526902D00B96EFD /* Support */ = {
			isa = PBXGroup;
			children = (
				4EEA6D0A1526902D00B96EFD /* AtYourAge-Info.plist */,
				4EEA6D0B1526902D00B96EFD /* AtYourAge-Prefix.pch */,
			);
			path = Support;
			sourceTree = "<group>";
		};
		4EEA6D101526906000B96EFD /* Dependencies */ = {
			isa = PBXGroup;
			children = (
				4EEA6D111526906000B96EFD /* SBJson */,
			);
			path = Dependencies;
			sourceTree = "<group>";
		};
		4EEA6D111526906000B96EFD /* SBJson */ = {
			isa = PBXGroup;
			children = (
				4EEA6D121526906000B96EFD /* NSObject+SBJson.h */,
				4EEA6D131526906000B96EFD /* NSObject+SBJson.m */,
				4EEA6D141526906000B96EFD /* SBJson.h */,
				4EEA6D151526906000B96EFD /* SBJsonParser.h */,
				4EEA6D161526906000B96EFD /* SBJsonParser.m */,
				4EEA6D171526906000B96EFD /* SBJsonStreamParser.h */,
				4EEA6D181526906000B96EFD /* SBJsonStreamParser.m */,
				4EEA6D191526906000B96EFD /* SBJsonStreamParserAccumulator.h */,
				4EEA6D1A1526906000B96EFD /* SBJsonStreamParserAccumulator.m */,
				4EEA6D1B1526906000B96EFD /* SBJsonStreamParserAdapter.h */,
				4EEA6D1C1526906000B96EFD /* SBJsonStreamParserAdapter.m */,
				4EEA6D1D1526906000B96EFD /* SBJsonStreamParserState.h */,
				4EEA6D1E1526906000B96EFD /* SBJsonStreamParserState.m */,
				4EEA6D1F1526906000B96EFD /* SBJsonStreamWriter.h */,
				4EEA6D201526906000B96EFD /* SBJsonStreamWriter.m */,
				4EEA6D211526906000B96EFD /* SBJsonStreamWriterAccumulator.h */,
				4EEA6D221526906000B96EFD /* SBJsonStreamWriterAccumulator.m */,
				4EEA6D231526906000B96EFD /* SBJsonStreamWriterState.h */,
				4EEA6D241526906000B96EFD /* SBJsonStreamWriterState.m */,
				4EEA6D251526906000B96EFD /* SBJsonTokeniser.h */,
				4EEA6D261526906000B96EFD /* SBJsonTokeniser.m */,
				4EEA6D271526906000B96EFD /* SBJsonUTF8Stream.h */,
				4EEA6D281526906000B96EFD /* SBJsonUTF8Stream.m */,
				4EEA6D291526906000B96EFD /* SBJsonWriter.h */,
				4EEA6D2A1526906000B96EFD /* SBJsonWriter.m */,
			);
			path = SBJson;
			sourceTree = "<group>";
		};
/* End PBXGroup section */

/* Begin PBXNativeTarget section */
		4EEA6CDD15268ED200B96EFD /* AtYourAge */ = {
			isa = PBXNativeTarget;
			buildConfigurationList = 4EEA6CF615268ED300B96EFD /* Build configuration list for PBXNativeTarget "AtYourAge" */;
			buildPhases = (
				4EEA6CDA15268ED200B96EFD /* Sources */,
				4EEA6CDB15268ED200B96EFD /* Frameworks */,
				4EEA6CDC15268ED200B96EFD /* Resources */,
			);
			buildRules = (
			);
			dependencies = (
			);
			name = AtYourAge;
			productName = AtYourAge;
			productReference = 4EEA6CDE15268ED200B96EFD /* AtYourAge.app */;
			productType = "com.apple.product-type.application";
		};
/* End PBXNativeTarget section */

/* Begin PBXProject section */
		4EEA6CD515268ED200B96EFD /* Project object */ = {
			isa = PBXProject;
			attributes = {
				LastUpgradeCheck = 0430;
			};
			buildConfigurationList = 4EEA6CD815268ED200B96EFD /* Build configuration list for PBXProject "AtYourAge" */;
			compatibilityVersion = "Xcode 3.2";
			developmentRegion = English;
			hasScannedForEncodings = 0;
			knownRegions = (
				en,
			);
			mainGroup = 4EEA6CD315268ED200B96EFD;
			productRefGroup = 4EEA6CDF15268ED200B96EFD /* Products */;
			projectDirPath = "";
			projectRoot = "";
			targets = (
				4EEA6CDD15268ED200B96EFD /* AtYourAge */,
			);
		};
/* End PBXProject section */

/* Begin PBXResourcesBuildPhase section */
		4EEA6CDC15268ED200B96EFD /* Resources */ = {
			isa = PBXResourcesBuildPhase;
			buildActionMask = 2147483647;
			files = (
				4EEA6D0D1526902D00B96EFD /* InfoPlist.strings in Resources */,
				4EEA6D0F1526902D00B96EFD /* AtYourAge-Info.plist in Resources */,
			);
			runOnlyForDeploymentPostprocessing = 0;
		};
/* End PBXResourcesBuildPhase section */

/* Begin PBXSourcesBuildPhase section */
		4EEA6CDA15268ED200B96EFD /* Sources */ = {
			isa = PBXSourcesBuildPhase;
			buildActionMask = 2147483647;
			files = (
				4EEA6D0C1526902D00B96EFD /* AppDelegate.m in Sources */,
				4EEA6D0E1526902D00B96EFD /* main.m in Sources */,
				4EEA6D2B1526906000B96EFD /* NSObject+SBJson.m in Sources */,
				4EEA6D2C1526906000B96EFD /* SBJsonParser.m in Sources */,
				4EEA6D2D1526906000B96EFD /* SBJsonStreamParser.m in Sources */,
				4EEA6D2E1526906000B96EFD /* SBJsonStreamParserAccumulator.m in Sources */,
				4EEA6D2F1526906000B96EFD /* SBJsonStreamParserAdapter.m in Sources */,
				4EEA6D301526906000B96EFD /* SBJsonStreamParserState.m in Sources */,
				4EEA6D311526906000B96EFD /* SBJsonStreamWriter.m in Sources */,
				4EEA6D321526906000B96EFD /* SBJsonStreamWriterAccumulator.m in Sources */,
				4EEA6D331526906000B96EFD /* SBJsonStreamWriterState.m in Sources */,
				4EEA6D341526906000B96EFD /* SBJsonTokeniser.m in Sources */,
				4EEA6D351526906000B96EFD /* SBJsonUTF8Stream.m in Sources */,
				4EEA6D361526906000B96EFD /* SBJsonWriter.m in Sources */,
			);
			runOnlyForDeploymentPostprocessing = 0;
		};
/* End PBXSourcesBuildPhase section */

/* Begin PBXVariantGroup section */
		4EEA6D051526902D00B96EFD /* InfoPlist.strings */ = {
			isa = PBXVariantGroup;
			children = (
				4EEA6D061526902D00B96EFD /* en */,
			);
			name = InfoPlist.strings;
			sourceTree = "<group>";
		};
/* End PBXVariantGroup section */

/* Begin XCBuildConfiguration section */
		4EEA6CF415268ED300B96EFD /* Debug */ = {
			isa = XCBuildConfiguration;
			buildSettings = {
				ALWAYS_SEARCH_USER_PATHS = NO;
				ARCHS = "$(ARCHS_STANDARD_32_BIT)";
				CLANG_ENABLE_OBJC_ARC = YES;
				"CODE_SIGN_IDENTITY[sdk=iphoneos*]" = "iPhone Developer";
				COPY_PHASE_STRIP = NO;
				GCC_C_LANGUAGE_STANDARD = gnu99;
				GCC_DYNAMIC_NO_PIC = NO;
				GCC_OPTIMIZATION_LEVEL = 0;
				GCC_PREPROCESSOR_DEFINITIONS = (
					"DEBUG=1",
					"$(inherited)",
				);
				GCC_SYMBOLS_PRIVATE_EXTERN = NO;
				GCC_VERSION = com.apple.compilers.llvm.clang.1_0;
				GCC_WARN_ABOUT_RETURN_TYPE = YES;
				GCC_WARN_UNINITIALIZED_AUTOS = YES;
				GCC_WARN_UNUSED_VARIABLE = YES;
				IPHONEOS_DEPLOYMENT_TARGET = 5.1;
				SDKROOT = iphoneos;
			};
			name = Debug;
		};
		4EEA6CF515268ED300B96EFD /* Release */ = {
			isa = XCBuildConfiguration;
			buildSettings = {
				ALWAYS_SEARCH_USER_PATHS = NO;
				ARCHS = "$(ARCHS_STANDARD_32_BIT)";
				CLANG_ENABLE_OBJC_ARC = YES;
				"CODE_SIGN_IDENTITY[sdk=iphoneos*]" = "iPhone Developer";
				COPY_PHASE_STRIP = YES;
				GCC_C_LANGUAGE_STANDARD = gnu99;
				GCC_VERSION = com.apple.compilers.llvm.clang.1_0;
				GCC_WARN_ABOUT_RETURN_TYPE = YES;
				GCC_WARN_UNINITIALIZED_AUTOS = YES;
				GCC_WARN_UNUSED_VARIABLE = YES;
				IPHONEOS_DEPLOYMENT_TARGET = 5.1;
				OTHER_CFLAGS = "-DNS_BLOCK_ASSERTIONS=1";
				SDKROOT = iphoneos;
				VALIDATE_PRODUCT = YES;
			};
			name = Release;
		};
		4EEA6CF715268ED300B96EFD /* Debug */ = {
			isa = XCBuildConfiguration;
			buildSettings = {
				GCC_PRECOMPILE_PREFIX_HEADER = YES;
				GCC_PREFIX_HEADER = "AtYourAge/AtYourAge-Prefix.pch";
				INFOPLIST_FILE = "AtYourAge/AtYourAge-Info.plist";
				PRODUCT_NAME = "$(TARGET_NAME)";
				WRAPPER_EXTENSION = app;
			};
			name = Debug;
		};
		4EEA6CF815268ED300B96EFD /* Release */ = {
			isa = XCBuildConfiguration;
			buildSettings = {
				GCC_PRECOMPILE_PREFIX_HEADER = YES;
				GCC_PREFIX_HEADER = "AtYourAge/AtYourAge-Prefix.pch";
				INFOPLIST_FILE = "AtYourAge/AtYourAge-Info.plist";
				PRODUCT_NAME = "$(TARGET_NAME)";
				WRAPPER_EXTENSION = app;
			};
			name = Release;
		};
/* End XCBuildConfiguration section */

/* Begin XCConfigurationList section */
		4EEA6CD815268ED200B96EFD /* Build configuration list for PBXProject "AtYourAge" */ = {
			isa = XCConfigurationList;
			buildConfigurations = (
				4EEA6CF415268ED300B96EFD /* Debug */,
				4EEA6CF515268ED300B96EFD /* Release */,
			);
			defaultConfigurationIsVisible = 0;
			defaultConfigurationName = Release;
		};
		4EEA6CF615268ED300B96EFD /* Build configuration list for PBXNativeTarget "AtYourAge" */ = {
			isa = XCConfigurationList;
			buildConfigurations = (
				4EEA6CF715268ED300B96EFD /* Debug */,
				4EEA6CF815268ED300B96EFD /* Release */,
			);
			defaultConfigurationIsVisible = 0;
			defaultConfigurationName = Release;
		};
/* End XCConfigurationList section */
	};
	rootObject = 4EEA6CD515268ED200B96EFD /* Project object */;
}
