// !$*UTF8*$!
{
	archiveVersion = 1;
	classes = {
	};
	objectVersion = 46;
	objects = {

/* Begin PBXBuildFile section */
		1909A84D1771F4B100256ED0 /* Event.m in Sources */ = {isa = PBXBuildFile; fileRef = 1909A84C1771F4B100256ED0 /* Event.m */; };
		1909A8501772B39400256ED0 /* Person.m in Sources */ = {isa = PBXBuildFile; fileRef = 1909A84F1772B39400256ED0 /* Person.m */; };
		1909A8531772BCCD00256ED0 /* DataSyncUtility.m in Sources */ = {isa = PBXBuildFile; fileRef = 1909A8521772BCCD00256ED0 /* DataSyncUtility.m */; };
		1909A85C1772D21600256ED0 /* FigureRowActionOverlay.m in Sources */ = {isa = PBXBuildFile; fileRef = 1909A85B1772D21500256ED0 /* FigureRowActionOverlay.m */; };
		1909A85E1772D3B300256ED0 /* FB-f-Logo__blue_100.png in Resources */ = {isa = PBXBuildFile; fileRef = 1909A85D1772D3B300256ED0 /* FB-f-Logo__blue_100.png */; };
		1909A8601772D44300256ED0 /* informationcircle.png in Resources */ = {isa = PBXBuildFile; fileRef = 1909A85F1772D44300256ED0 /* informationcircle.png */; };
		1909A8631772E6B200256ED0 /* CircleImageView.m in Sources */ = {isa = PBXBuildFile; fileRef = 1909A8621772E6B000256ED0 /* CircleImageView.m */; };
		1909A8691776192100256ED0 /* FigureRowTablePage.m in Sources */ = {isa = PBXBuildFile; fileRef = 1909A8681776192100256ED0 /* FigureRowTablePage.m */; };
		1909A8731776B45100256ED0 /* FacebookSignInButton.m in Sources */ = {isa = PBXBuildFile; fileRef = 1909A8711776B45100256ED0 /* FacebookSignInButton.m */; };
		1909A8741776B45100256ED0 /* FacebookSignInButton.xib in Resources */ = {isa = PBXBuildFile; fileRef = 1909A8721776B45100256ED0 /* FacebookSignInButton.xib */; };
		1909A87B1777471E00256ED0 /* TopActionView.m in Sources */ = {isa = PBXBuildFile; fileRef = 1909A87A1777471E00256ED0 /* TopActionView.m */; };
		191CF6381747341700086D5E /* RightIndicatorLines.m in Sources */ = {isa = PBXBuildFile; fileRef = 191CF6371747341700086D5E /* RightIndicatorLines.m */; };
		191CF63B17488CE700086D5E /* CircleImageLayer.m in Sources */ = {isa = PBXBuildFile; fileRef = 191CF63A17488CE700086D5E /* CircleImageLayer.m */; };
		191CF63E1749635D00086D5E /* FigureRowHorizontalScrollView.m in Sources */ = {isa = PBXBuildFile; fileRef = 191CF63D1749635D00086D5E /* FigureRowHorizontalScrollView.m */; };
		191E849F17F9265D003A37AC /* Cinzel-Regular.ttf in Resources */ = {isa = PBXBuildFile; fileRef = 191E849C17F92655003A37AC /* Cinzel-Regular.ttf */; };
		191F79001783990B00729F2A /* RelatedEventLabel.m in Sources */ = {isa = PBXBuildFile; fileRef = 191F78FF1783990B00729F2A /* RelatedEventLabel.m */; };
		1926F0C317CF82CB00406AB4 /* LegacyInfoPage.xib in Resources */ = {isa = PBXBuildFile; fileRef = 1926F0C217CF82CB00406AB4 /* LegacyInfoPage.xib */; };
		19277237173B560D00A9F51D /* RelatedEventLabel.xib in Resources */ = {isa = PBXBuildFile; fileRef = 19277236173B560D00A9F51D /* RelatedEventLabel.xib */; };
		192784AA1827C37E00DAA196 /* libz.dylib in Frameworks */ = {isa = PBXBuildFile; fileRef = 192784A91827C37E00DAA196 /* libz.dylib */; };
		192BA7D817F9280D00ECBA49 /* legacy-header-text@2x.png in Resources */ = {isa = PBXBuildFile; fileRef = 192BA7D717F9280D00ECBA49 /* legacy-header-text@2x.png */; };
		192BA7DC17F9575400ECBA49 /* Images.xcassets in Resources */ = {isa = PBXBuildFile; fileRef = 192BA7DB17F9575400ECBA49 /* Images.xcassets */; };
		192BA7DE17F9595F00ECBA49 /* Default.png in Resources */ = {isa = PBXBuildFile; fileRef = 192BA7DD17F9595F00ECBA49 /* Default.png */; };
		192BA7E717F9D76600ECBA49 /* FacebookUtils.m in Sources */ = {isa = PBXBuildFile; fileRef = 192BA7E617F9D76600ECBA49 /* FacebookUtils.m */; };
		192E42B3174668E900192BD5 /* ProgressIndicator.m in Sources */ = {isa = PBXBuildFile; fileRef = 192E42B2174668E900192BD5 /* ProgressIndicator.m */; };
		192E6E431724B1AA008C9153 /* ImageWidget.m in Sources */ = {isa = PBXBuildFile; fileRef = 192E6E421724B1AA008C9153 /* ImageWidget.m */; };
		19348DCA16D4EAD200126BC7 /* ImageWidgetContainer.m in Sources */ = {isa = PBXBuildFile; fileRef = 1993550A16D4E8CB00D73389 /* ImageWidgetContainer.m */; };
		19354F1D17F1BA98007569F9 /* Security.framework in Frameworks */ = {isa = PBXBuildFile; fileRef = 19354F1C17F1BA98007569F9 /* Security.framework */; };
		1945775817D3EAA000C5DB62 /* button-back.png in Resources */ = {isa = PBXBuildFile; fileRef = 1945775617D3EAA000C5DB62 /* button-back.png */; };
		1945775917D3EAA000C5DB62 /* button-forward.png in Resources */ = {isa = PBXBuildFile; fileRef = 1945775717D3EAA000C5DB62 /* button-forward.png */; };
		1945775E17D4F68C00C5DB62 /* FigureNameLabelBlurLayer.m in Sources */ = {isa = PBXBuildFile; fileRef = 1945775D17D4F68C00C5DB62 /* FigureNameLabelBlurLayer.m */; };
		1945776E17D5A02E00C5DB62 /* UIImage+StackBlur.m in Sources */ = {isa = PBXBuildFile; fileRef = 1945776D17D59F7100C5DB62 /* UIImage+StackBlur.m */; };
		194E327216DEBCE4007A55D7 /* Constants.h in Sources */ = {isa = PBXBuildFile; fileRef = 19C49EAB16CA345800304AD6 /* Constants.h */; };
		194E327416DF4150007A55D7 /* LegacyWebView.xib in Resources */ = {isa = PBXBuildFile; fileRef = 194E327316DF4150007A55D7 /* LegacyWebView.xib */; };
		195B600216DEB7D3006215E9 /* LegacyWebView.m in Sources */ = {isa = PBXBuildFile; fileRef = 195B600016DEB7D3006215E9 /* LegacyWebView.m */; };
		19632B9616DB036900E0EA75 /* FigureRowContentView.m in Sources */ = {isa = PBXBuildFile; fileRef = 19632B9516DB036900E0EA75 /* FigureRowContentView.m */; };
		1967B95A180480C50092766D /* left-right-swipe-message.png in Resources */ = {isa = PBXBuildFile; fileRef = 1967B959180480C50092766D /* left-right-swipe-message.png */; };
		1967B95C180483D30092766D /* timeline-annotation-image@2x.png in Resources */ = {isa = PBXBuildFile; fileRef = 1967B95B180483D30092766D /* timeline-annotation-image@2x.png */; };
		1967B95E180484790092766D /* webview-annotation-image@2x.png in Resources */ = {isa = PBXBuildFile; fileRef = 1967B95D180484790092766D /* webview-annotation-image@2x.png */; };
		1967B963180491B60092766D /* chevron-arrow@2x.png in Resources */ = {isa = PBXBuildFile; fileRef = 1967B961180491B60092766D /* chevron-arrow@2x.png */; };
		1967B9661804A85C0092766D /* SwipeMessage_OS7.xib in Resources */ = {isa = PBXBuildFile; fileRef = 1967B9651804A85C0092766D /* SwipeMessage_OS7.xib */; };
		1967B9691804AB170092766D /* chevron-left.png in Resources */ = {isa = PBXBuildFile; fileRef = 1967B9671804AB170092766D /* chevron-left.png */; };
		1967B96A1804AB170092766D /* chevron-right.png in Resources */ = {isa = PBXBuildFile; fileRef = 1967B9681804AB170092766D /* chevron-right.png */; };
		1967B96E1804B8440092766D /* chevron-left@2x.png in Resources */ = {isa = PBXBuildFile; fileRef = 1967B96B1804B8440092766D /* chevron-left@2x.png */; };
		1967B96F1804B8440092766D /* chevron-right@2x.png in Resources */ = {isa = PBXBuildFile; fileRef = 1967B96C1804B8440092766D /* chevron-right@2x.png */; };
		1967B9701804B8440092766D /* left-right-swipe-message@2x.png in Resources */ = {isa = PBXBuildFile; fileRef = 1967B96D1804B8440092766D /* left-right-swipe-message@2x.png */; };
		196B77521817D52E00DF0C65 /* MainScreen.xib in Resources */ = {isa = PBXBuildFile; fileRef = 196B77511817D52D00DF0C65 /* MainScreen.xib */; };
		196C6B1D18051FCD00475ACB /* MessageUI.framework in Frameworks */ = {isa = PBXBuildFile; fileRef = 196C6B1C18051FCD00475ACB /* MessageUI.framework */; };
		196C6B2218052D8200475ACB /* PasscodeScreenViewController.xib in Resources */ = {isa = PBXBuildFile; fileRef = 196C6B2018052D8200475ACB /* PasscodeScreenViewController.xib */; };
		196C6B2418052DEC00475ACB /* legacyapp-headertext_03@2x.png in Resources */ = {isa = PBXBuildFile; fileRef = 196C6B2318052DEC00475ACB /* legacyapp-headertext_03@2x.png */; };
		197305E817C5B32D00958D15 /* EventInfoHeaderCell.m in Sources */ = {isa = PBXBuildFile; fileRef = 197305E717C5B32D00958D15 /* EventInfoHeaderCell.m */; };
		197305EB17C5B66A00958D15 /* EventInfoTableView.m in Sources */ = {isa = PBXBuildFile; fileRef = 197305EA17C5B66A00958D15 /* EventInfoTableView.m */; };
		197305EE17C5C41500958D15 /* EventInfoTimelineCell.m in Sources */ = {isa = PBXBuildFile; fileRef = 197305ED17C5C41500958D15 /* EventInfoTimelineCell.m */; };
		197305F017C5CA6700958D15 /* EventInfoTimelineCell.xib in Resources */ = {isa = PBXBuildFile; fileRef = 197305EF17C5CA6700958D15 /* EventInfoTimelineCell.xib */; };
		197305F317C5D54500958D15 /* LegacyInfoPage.m in Sources */ = {isa = PBXBuildFile; fileRef = 197305F217C5D54500958D15 /* LegacyInfoPage.m */; };
		197308D41707B57C00FCADD3 /* question.png in Resources */ = {isa = PBXBuildFile; fileRef = 197308D31707B57C00FCADD3 /* question.png */; };
		1975751E17D04F4700822779 /* Figure.m in Sources */ = {isa = PBXBuildFile; fileRef = 1975751D17D04F4700822779 /* Figure.m */; };
		1975752117D053D900822779 /* ImageDownloadUtil.m in Sources */ = {isa = PBXBuildFile; fileRef = 1975752017D053D900822779 /* ImageDownloadUtil.m */; };
		1975752417D06CA100822779 /* WebViewControls.m in Sources */ = {isa = PBXBuildFile; fileRef = 1975752317D06CA100822779 /* WebViewControls.m */; };
		1975752617D06CBD00822779 /* WebViewControls.xib in Resources */ = {isa = PBXBuildFile; fileRef = 1975752517D06CBD00822779 /* WebViewControls.xib */; };
		1975752817D06EA800822779 /* EventInfoHeaderCell.xib in Resources */ = {isa = PBXBuildFile; fileRef = 1975752717D06EA800822779 /* EventInfoHeaderCell.xib */; };
		197EA5A617F543740015DD78 /* 298-circlex@2x.png in Resources */ = {isa = PBXBuildFile; fileRef = 197EA5A517F543740015DD78 /* 298-circlex@2x.png */; };
		1980719017E8117B0039FC65 /* FigureRowCell.m in Sources */ = {isa = PBXBuildFile; fileRef = 1980718F17E8117B0039FC65 /* FigureRowCell.m */; };
		1982639C1861639100CA3FEE /* libFlurry_4.2.3.a in Frameworks */ = {isa = PBXBuildFile; fileRef = 1982639A1861639100CA3FEE /* libFlurry_4.2.3.a */; };
		1982639F18616AD300CA3FEE /* UIView+LayoutHelpers.m in Sources */ = {isa = PBXBuildFile; fileRef = 1982639E18616AD300CA3FEE /* UIView+LayoutHelpers.m */; };
		198263A118616D1A00CA3FEE /* Reveal.framework in Frameworks */ = {isa = PBXBuildFile; fileRef = 198263A018616D1A00CA3FEE /* Reveal.framework */; };
		198263A418616DC600CA3FEE /* add-friends.png in Resources */ = {isa = PBXBuildFile; fileRef = 198263A218616DC600CA3FEE /* add-friends.png */; };
		198263A518616DC600CA3FEE /* add-friends@2x.png in Resources */ = {isa = PBXBuildFile; fileRef = 198263A318616DC600CA3FEE /* add-friends@2x.png */; };
		198263AA18619D6800CA3FEE /* next-arrow-gray.png in Resources */ = {isa = PBXBuildFile; fileRef = 198263A818619D6800CA3FEE /* next-arrow-gray.png */; };
		198263AB18619D6800CA3FEE /* next-arrow-gray@2x.png in Resources */ = {isa = PBXBuildFile; fileRef = 198263A918619D6800CA3FEE /* next-arrow-gray@2x.png */; };
		199354FD16D4A29700D73389 /* HorizontalContentHostingScrollView.m in Sources */ = {isa = PBXBuildFile; fileRef = 199354FC16D4A29700D73389 /* HorizontalContentHostingScrollView.m */; };
		1993550916D4E89900D73389 /* ImageWidgetContainer.xib in Resources */ = {isa = PBXBuildFile; fileRef = 1993550816D4E89900D73389 /* ImageWidgetContainer.xib */; };
		1993550B16D4E8CB00D73389 /* ImageWidgetContainer.m in Resources */ = {isa = PBXBuildFile; fileRef = 1993550A16D4E8CB00D73389 /* ImageWidgetContainer.m */; };
		1993916116AA1FDF00DA3CD9 /* icon.png in Resources */ = {isa = PBXBuildFile; fileRef = 1993915F16AA1FDF00DA3CD9 /* icon.png */; };
		1993916216AA1FDF00DA3CD9 /* icon@2x.png in Resources */ = {isa = PBXBuildFile; fileRef = 1993916016AA1FDF00DA3CD9 /* icon@2x.png */; };
		1993916416AA200A00DA3CD9 /* icon.png in Resources */ = {isa = PBXBuildFile; fileRef = 1993916316AA200A00DA3CD9 /* icon.png */; };
		1993916616AA201000DA3CD9 /* icon@2x.png in Resources */ = {isa = PBXBuildFile; fileRef = 1993916516AA201000DA3CD9 /* icon@2x.png */; };
		1997B72A16DEBA31009692F5 /* LegacyModel.xcdatamodeld in Sources */ = {isa = PBXBuildFile; fileRef = 1997B72816DEBA31009692F5 /* LegacyModel.xcdatamodeld */; };
		199C0CAD16C0C0F300068E73 /* CoreData.framework in Frameworks */ = {isa = PBXBuildFile; fileRef = 199C0CAB16C0C0D900068E73 /* CoreData.framework */; };
		19A524AF16B7CBAF00195D9D /* FriendPickerHandler.m in Sources */ = {isa = PBXBuildFile; fileRef = 19A524AE16B7CBAF00195D9D /* FriendPickerHandler.m */; };
		19BDFDB917FBA44900B415C1 /* NoEventPersonRow.m in Sources */ = {isa = PBXBuildFile; fileRef = 19BDFDB817FBA44900B415C1 /* NoEventPersonRow.m */; };
		19BDFDBD17FBA4ED00B415C1 /* NoEventPersonRow.xib in Resources */ = {isa = PBXBuildFile; fileRef = 19BDFDBC17FBA4ED00B415C1 /* NoEventPersonRow.xib */; };
		19BDFDC417FBE99800B415C1 /* EventPersonRelation.m in Sources */ = {isa = PBXBuildFile; fileRef = 19BDFDC317FBE99800B415C1 /* EventPersonRelation.m */; };
		19BDFDC817FD157A00B415C1 /* legacy-fb-button.png in Resources */ = {isa = PBXBuildFile; fileRef = 19BDFDC717FD157A00B415C1 /* legacy-fb-button.png */; };
		19BDFDCF17FD1EA200B415C1 /* SwipeMessage.m in Sources */ = {isa = PBXBuildFile; fileRef = 19BDFDCE17FD1EA200B415C1 /* SwipeMessage.m */; };
		19BDFDD217FD3A8100B415C1 /* AMBlurView.m in Sources */ = {isa = PBXBuildFile; fileRef = 19BDFDD117FD3A8100B415C1 /* AMBlurView.m */; };
		19C49EA916CA2BA400304AD6 /* AFAlertView.m in Sources */ = {isa = PBXBuildFile; fileRef = 19C49EA716CA2BA400304AD6 /* AFAlertView.m */; };
		19C49EAA16CA2BA400304AD6 /* AFAlertView.xib in Resources */ = {isa = PBXBuildFile; fileRef = 19C49EA816CA2BA400304AD6 /* AFAlertView.xib */; };
		19C49EAE16CA3ABC00304AD6 /* button-pressed.png in Resources */ = {isa = PBXBuildFile; fileRef = 19C49EAC16CA3ABB00304AD6 /* button-pressed.png */; };
		19C49EAF16CA3ABC00304AD6 /* button.png in Resources */ = {isa = PBXBuildFile; fileRef = 19C49EAD16CA3ABB00304AD6 /* button.png */; };
		19C55E4A1783A7890099AE4A /* icon.png in Resources */ = {isa = PBXBuildFile; fileRef = 19C55E491783A7890099AE4A /* icon.png */; };
		19C55E4C1783A7900099AE4A /* icon@2x.png in Resources */ = {isa = PBXBuildFile; fileRef = 19C55E4B1783A7900099AE4A /* icon@2x.png */; };
		19C6F811171BBA1D00DDD6D9 /* oldpaper-bg@2x.png in Resources */ = {isa = PBXBuildFile; fileRef = 19C6F810171BBA1D00DDD6D9 /* oldpaper-bg@2x.png */; };
		19C7A16818670FD600130BEF /* facebook-icon.png in Resources */ = {isa = PBXBuildFile; fileRef = 19C7A16618670FD600130BEF /* facebook-icon.png */; };
		19C7A16918670FD600130BEF /* facebook-icon@2x.png in Resources */ = {isa = PBXBuildFile; fileRef = 19C7A16718670FD600130BEF /* facebook-icon@2x.png */; };
		19C7A16C186787B700130BEF /* MediaPlayer.framework in Frameworks */ = {isa = PBXBuildFile; fileRef = 19C7A16B186787B700130BEF /* MediaPlayer.framework */; };
		19C7A16D186788C300130BEF /* splash-animation.mp4 in Resources */ = {isa = PBXBuildFile; fileRef = 19C7A16A1867870500130BEF /* splash-animation.mp4 */; };
		19C7BD861749DD68004C8B0A /* DescriptionPage.xib in Resources */ = {isa = PBXBuildFile; fileRef = 19C7BD851749DD68004C8B0A /* DescriptionPage.xib */; };
		19C7BD8C174BF3F9004C8B0A /* CGRectUtils.m in Sources */ = {isa = PBXBuildFile; fileRef = 19C7BD8B174BF3F9004C8B0A /* CGRectUtils.m */; };
		19D29F5E16A5483400D46B0A /* Social.framework in Frameworks */ = {isa = PBXBuildFile; fileRef = 19D29F5D16A5483400D46B0A /* Social.framework */; };
		19D29F6E16A66B8100D46B0A /* FBLoginViewController.m in Sources */ = {isa = PBXBuildFile; fileRef = 19D29F6D16A66B8100D46B0A /* FBLoginViewController.m */; };
		19D29F7616A6705600D46B0A /* AdSupport.framework in Frameworks */ = {isa = PBXBuildFile; fileRef = 19D29F7516A6705600D46B0A /* AdSupport.framework */; };
		19D29F7816A6706200D46B0A /* SystemConfiguration.framework in Frameworks */ = {isa = PBXBuildFile; fileRef = 19D29F7716A6706200D46B0A /* SystemConfiguration.framework */; };
		19D29F7A16A6706A00D46B0A /* CFNetwork.framework in Frameworks */ = {isa = PBXBuildFile; fileRef = 19D29F7916A6706A00D46B0A /* CFNetwork.framework */; };
		19D29F7E16A671C800D46B0A /* Accounts.framework in Frameworks */ = {isa = PBXBuildFile; fileRef = 19D29F7D16A671C800D46B0A /* Accounts.framework */; };
		19D29F8116A674C200D46B0A /* MainScreen.m in Sources */ = {isa = PBXBuildFile; fileRef = 19D29F8016A674C200D46B0A /* MainScreen.m */; };
		19D61CB116B05D4F00C81E60 /* ObjectArchiveAccessor.m in Sources */ = {isa = PBXBuildFile; fileRef = 19D61CB016B05D4E00C81E60 /* ObjectArchiveAccessor.m */; };
		4E0F3CA1154533E800369BE1 /* QuartzCore.framework in Frameworks */ = {isa = PBXBuildFile; fileRef = 4E0F3CA0154533E800369BE1 /* QuartzCore.framework */; };
		4E0F3CA715453CB200369BE1 /* Utility_AppSettings.m in Sources */ = {isa = PBXBuildFile; fileRef = 4E0F3CA615453CB200369BE1 /* Utility_AppSettings.m */; };
		4E640C1715460474009D8DC6 /* SettingsModalView.m in Sources */ = {isa = PBXBuildFile; fileRef = 4E640C1615460474009D8DC6 /* SettingsModalView.m */; };
		4E640C1D15460C5A009D8DC6 /* Utility_Notifications.m in Sources */ = {isa = PBXBuildFile; fileRef = 4E640C1C15460C5A009D8DC6 /* Utility_Notifications.m */; };
		4EEA6CE315268ED300B96EFD /* UIKit.framework in Frameworks */ = {isa = PBXBuildFile; fileRef = 4EEA6CE215268ED300B96EFD /* UIKit.framework */; };
		4EEA6CE515268ED300B96EFD /* Foundation.framework in Frameworks */ = {isa = PBXBuildFile; fileRef = 4EEA6CE415268ED300B96EFD /* Foundation.framework */; };
		4EEA6CE715268ED300B96EFD /* CoreGraphics.framework in Frameworks */ = {isa = PBXBuildFile; fileRef = 4EEA6CE615268ED300B96EFD /* CoreGraphics.framework */; };
		4EEA6D0C1526902D00B96EFD /* AppDelegate.m in Sources */ = {isa = PBXBuildFile; fileRef = 4EEA6D041526902D00B96EFD /* AppDelegate.m */; };
		4EEA6D0E1526902D00B96EFD /* main.m in Sources */ = {isa = PBXBuildFile; fileRef = 4EEA6D071526902D00B96EFD /* main.m */; };
		4EEA6D451526A90200B96EFD /* LegacyAppConnection.m in Sources */ = {isa = PBXBuildFile; fileRef = 4EEA6D441526A90200B96EFD /* LegacyAppConnection.m */; };
		4EEA6D5D1526CAEF00B96EFD /* LegacyAppRequest.m in Sources */ = {isa = PBXBuildFile; fileRef = 4EEA6D5C1526CAEF00B96EFD /* LegacyAppRequest.m */; };
		C12EEAC0084E419EA9E773D9 /* libPods-LegacyApp.a in Frameworks */ = {isa = PBXBuildFile; fileRef = 4750656191454527BBB82BAF /* libPods-LegacyApp.a */; };
/* End PBXBuildFile section */

/* Begin PBXFileReference section */
		1909A84B1771F4B100256ED0 /* Event.h */ = {isa = PBXFileReference; fileEncoding = 4; lastKnownFileType = sourcecode.c.h; lineEnding = 0; path = Event.h; sourceTree = "<group>"; xcLanguageSpecificationIdentifier = xcode.lang.objcpp; };
		1909A84C1771F4B100256ED0 /* Event.m */ = {isa = PBXFileReference; fileEncoding = 4; lastKnownFileType = sourcecode.c.objc; lineEnding = 0; path = Event.m; sourceTree = "<group>"; xcLanguageSpecificationIdentifier = xcode.lang.objc; };
		1909A84E1772B39400256ED0 /* Person.h */ = {isa = PBXFileReference; fileEncoding = 4; lastKnownFileType = sourcecode.c.h; path = Person.h; sourceTree = "<group>"; };
		1909A84F1772B39400256ED0 /* Person.m */ = {isa = PBXFileReference; fileEncoding = 4; lastKnownFileType = sourcecode.c.objc; path = Person.m; sourceTree = "<group>"; };
		1909A8511772BCCD00256ED0 /* DataSyncUtility.h */ = {isa = PBXFileReference; fileEncoding = 4; lastKnownFileType = sourcecode.c.h; path = DataSyncUtility.h; sourceTree = "<group>"; };
		1909A8521772BCCD00256ED0 /* DataSyncUtility.m */ = {isa = PBXFileReference; fileEncoding = 4; lastKnownFileType = sourcecode.c.objc; lineEnding = 0; path = DataSyncUtility.m; sourceTree = "<group>"; xcLanguageSpecificationIdentifier = xcode.lang.objc; };
		1909A85A1772D21300256ED0 /* FigureRowActionOverlay.h */ = {isa = PBXFileReference; fileEncoding = 4; lastKnownFileType = sourcecode.c.h; path = FigureRowActionOverlay.h; sourceTree = "<group>"; };
		1909A85B1772D21500256ED0 /* FigureRowActionOverlay.m */ = {isa = PBXFileReference; fileEncoding = 4; lastKnownFileType = sourcecode.c.objc; path = FigureRowActionOverlay.m; sourceTree = "<group>"; };
		1909A85D1772D3B300256ED0 /* FB-f-Logo__blue_100.png */ = {isa = PBXFileReference; lastKnownFileType = image.png; path = "FB-f-Logo__blue_100.png"; sourceTree = "<group>"; };
		1909A85F1772D44300256ED0 /* informationcircle.png */ = {isa = PBXFileReference; lastKnownFileType = image.png; path = informationcircle.png; sourceTree = "<group>"; };
		1909A8611772E6AE00256ED0 /* CircleImageView.h */ = {isa = PBXFileReference; fileEncoding = 4; lastKnownFileType = sourcecode.c.h; path = CircleImageView.h; sourceTree = "<group>"; };
		1909A8621772E6B000256ED0 /* CircleImageView.m */ = {isa = PBXFileReference; fileEncoding = 4; lastKnownFileType = sourcecode.c.objc; path = CircleImageView.m; sourceTree = "<group>"; };
		1909A8671776192100256ED0 /* FigureRowTablePage.h */ = {isa = PBXFileReference; fileEncoding = 4; lastKnownFileType = sourcecode.c.h; lineEnding = 0; path = FigureRowTablePage.h; sourceTree = "<group>"; xcLanguageSpecificationIdentifier = xcode.lang.objcpp; };
		1909A8681776192100256ED0 /* FigureRowTablePage.m */ = {isa = PBXFileReference; fileEncoding = 4; lastKnownFileType = sourcecode.c.objc; lineEnding = 0; path = FigureRowTablePage.m; sourceTree = "<group>"; xcLanguageSpecificationIdentifier = xcode.lang.objc; };
		1909A8701776B45000256ED0 /* FacebookSignInButton.h */ = {isa = PBXFileReference; fileEncoding = 4; lastKnownFileType = sourcecode.c.h; path = FacebookSignInButton.h; sourceTree = "<group>"; };
		1909A8711776B45100256ED0 /* FacebookSignInButton.m */ = {isa = PBXFileReference; fileEncoding = 4; lastKnownFileType = sourcecode.c.objc; path = FacebookSignInButton.m; sourceTree = "<group>"; };
		1909A8721776B45100256ED0 /* FacebookSignInButton.xib */ = {isa = PBXFileReference; fileEncoding = 4; lastKnownFileType = file.xib; path = FacebookSignInButton.xib; sourceTree = "<group>"; };
		1909A8791777471E00256ED0 /* TopActionView.h */ = {isa = PBXFileReference; fileEncoding = 4; lastKnownFileType = sourcecode.c.h; path = TopActionView.h; sourceTree = "<group>"; };
		1909A87A1777471E00256ED0 /* TopActionView.m */ = {isa = PBXFileReference; fileEncoding = 4; lastKnownFileType = sourcecode.c.objc; path = TopActionView.m; sourceTree = "<group>"; };
		191CF6361747341700086D5E /* RightIndicatorLines.h */ = {isa = PBXFileReference; fileEncoding = 4; lastKnownFileType = sourcecode.c.h; path = RightIndicatorLines.h; sourceTree = "<group>"; };
		191CF6371747341700086D5E /* RightIndicatorLines.m */ = {isa = PBXFileReference; fileEncoding = 4; lastKnownFileType = sourcecode.c.objc; path = RightIndicatorLines.m; sourceTree = "<group>"; };
		191CF63917488CE700086D5E /* CircleImageLayer.h */ = {isa = PBXFileReference; fileEncoding = 4; lastKnownFileType = sourcecode.c.h; path = CircleImageLayer.h; sourceTree = "<group>"; };
		191CF63A17488CE700086D5E /* CircleImageLayer.m */ = {isa = PBXFileReference; fileEncoding = 4; lastKnownFileType = sourcecode.c.objc; path = CircleImageLayer.m; sourceTree = "<group>"; };
		191CF63C1749635C00086D5E /* FigureRowHorizontalScrollView.h */ = {isa = PBXFileReference; fileEncoding = 4; lastKnownFileType = sourcecode.c.h; path = FigureRowHorizontalScrollView.h; sourceTree = "<group>"; };
		191CF63D1749635D00086D5E /* FigureRowHorizontalScrollView.m */ = {isa = PBXFileReference; fileEncoding = 4; lastKnownFileType = sourcecode.c.objc; path = FigureRowHorizontalScrollView.m; sourceTree = "<group>"; };
		191E849C17F92655003A37AC /* Cinzel-Regular.ttf */ = {isa = PBXFileReference; lastKnownFileType = file; path = "Cinzel-Regular.ttf"; sourceTree = "<group>"; };
		191F78FE1783990B00729F2A /* RelatedEventLabel.h */ = {isa = PBXFileReference; fileEncoding = 4; lastKnownFileType = sourcecode.c.h; path = RelatedEventLabel.h; sourceTree = "<group>"; };
		191F78FF1783990B00729F2A /* RelatedEventLabel.m */ = {isa = PBXFileReference; fileEncoding = 4; lastKnownFileType = sourcecode.c.objc; path = RelatedEventLabel.m; sourceTree = "<group>"; };
		1926F0C217CF82CB00406AB4 /* LegacyInfoPage.xib */ = {isa = PBXFileReference; fileEncoding = 4; lastKnownFileType = file.xib; name = LegacyInfoPage.xib; path = Resources/LegacyInfoPage.xib; sourceTree = SOURCE_ROOT; };
		19277236173B560D00A9F51D /* RelatedEventLabel.xib */ = {isa = PBXFileReference; fileEncoding = 4; lastKnownFileType = file.xib; path = RelatedEventLabel.xib; sourceTree = "<group>"; };
		192784A91827C37E00DAA196 /* libz.dylib */ = {isa = PBXFileReference; lastKnownFileType = "compiled.mach-o.dylib"; name = libz.dylib; path = usr/lib/libz.dylib; sourceTree = SDKROOT; };
		192BA7D717F9280D00ECBA49 /* legacy-header-text@2x.png */ = {isa = PBXFileReference; lastKnownFileType = image.png; path = "legacy-header-text@2x.png"; sourceTree = "<group>"; };
		192BA7DB17F9575400ECBA49 /* Images.xcassets */ = {isa = PBXFileReference; lastKnownFileType = folder.assetcatalog; name = Images.xcassets; path = LegacyApp/Images.xcassets; sourceTree = SOURCE_ROOT; };
		192BA7DD17F9595F00ECBA49 /* Default.png */ = {isa = PBXFileReference; lastKnownFileType = image.png; name = Default.png; path = Resources/Default.png; sourceTree = "<group>"; };
		192BA7E517F9D76500ECBA49 /* FacebookUtils.h */ = {isa = PBXFileReference; fileEncoding = 4; lastKnownFileType = sourcecode.c.h; path = FacebookUtils.h; sourceTree = "<group>"; };
		192BA7E617F9D76600ECBA49 /* FacebookUtils.m */ = {isa = PBXFileReference; fileEncoding = 4; lastKnownFileType = sourcecode.c.objc; path = FacebookUtils.m; sourceTree = "<group>"; };
		192E42B1174668E900192BD5 /* ProgressIndicator.h */ = {isa = PBXFileReference; fileEncoding = 4; lastKnownFileType = sourcecode.c.h; path = ProgressIndicator.h; sourceTree = "<group>"; };
		192E42B2174668E900192BD5 /* ProgressIndicator.m */ = {isa = PBXFileReference; fileEncoding = 4; lastKnownFileType = sourcecode.c.objc; path = ProgressIndicator.m; sourceTree = "<group>"; };
		192E6E411724B1AA008C9153 /* ImageWidget.h */ = {isa = PBXFileReference; fileEncoding = 4; lastKnownFileType = sourcecode.c.h; path = ImageWidget.h; sourceTree = "<group>"; };
		192E6E421724B1AA008C9153 /* ImageWidget.m */ = {isa = PBXFileReference; fileEncoding = 4; lastKnownFileType = sourcecode.c.objc; path = ImageWidget.m; sourceTree = "<group>"; };
		19354F1C17F1BA98007569F9 /* Security.framework */ = {isa = PBXFileReference; lastKnownFileType = wrapper.framework; name = Security.framework; path = System/Library/Frameworks/Security.framework; sourceTree = SDKROOT; };
		1945775617D3EAA000C5DB62 /* button-back.png */ = {isa = PBXFileReference; lastKnownFileType = image.png; name = "button-back.png"; path = "images/button-back.png"; sourceTree = "<group>"; };
		1945775717D3EAA000C5DB62 /* button-forward.png */ = {isa = PBXFileReference; lastKnownFileType = image.png; name = "button-forward.png"; path = "images/button-forward.png"; sourceTree = "<group>"; };
		1945775C17D4F68C00C5DB62 /* FigureNameLabelBlurLayer.h */ = {isa = PBXFileReference; fileEncoding = 4; lastKnownFileType = sourcecode.c.h; path = FigureNameLabelBlurLayer.h; sourceTree = "<group>"; };
		1945775D17D4F68C00C5DB62 /* FigureNameLabelBlurLayer.m */ = {isa = PBXFileReference; fileEncoding = 4; lastKnownFileType = sourcecode.c.objc; path = FigureNameLabelBlurLayer.m; sourceTree = "<group>"; };
		1945776C17D59F7100C5DB62 /* UIImage+StackBlur.h */ = {isa = PBXFileReference; lastKnownFileType = sourcecode.c.h; path = "UIImage+StackBlur.h"; sourceTree = "<group>"; };
		1945776D17D59F7100C5DB62 /* UIImage+StackBlur.m */ = {isa = PBXFileReference; lastKnownFileType = sourcecode.c.objc; path = "UIImage+StackBlur.m"; sourceTree = "<group>"; };
		194E327316DF4150007A55D7 /* LegacyWebView.xib */ = {isa = PBXFileReference; fileEncoding = 4; lastKnownFileType = file.xib; path = LegacyWebView.xib; sourceTree = "<group>"; };
		195B5FFF16DEB7D3006215E9 /* LegacyWebView.h */ = {isa = PBXFileReference; fileEncoding = 4; lastKnownFileType = sourcecode.c.h; lineEnding = 0; path = LegacyWebView.h; sourceTree = "<group>"; xcLanguageSpecificationIdentifier = xcode.lang.objcpp; };
		195B600016DEB7D3006215E9 /* LegacyWebView.m */ = {isa = PBXFileReference; fileEncoding = 4; lastKnownFileType = sourcecode.c.objc; lineEnding = 0; path = LegacyWebView.m; sourceTree = "<group>"; xcLanguageSpecificationIdentifier = xcode.lang.objc; };
		19632B9416DB036900E0EA75 /* FigureRowContentView.h */ = {isa = PBXFileReference; fileEncoding = 4; lastKnownFileType = sourcecode.c.h; path = FigureRowContentView.h; sourceTree = "<group>"; };
		19632B9516DB036900E0EA75 /* FigureRowContentView.m */ = {isa = PBXFileReference; fileEncoding = 4; lastKnownFileType = sourcecode.c.objc; path = FigureRowContentView.m; sourceTree = "<group>"; };
		19632BA816DC5A9100E0EA75 /* ScrollViewStickLines.h */ = {isa = PBXFileReference; fileEncoding = 4; lastKnownFileType = sourcecode.c.h; path = ScrollViewStickLines.h; sourceTree = "<group>"; };
		19632BA916DC5A9100E0EA75 /* ScrollViewStickLines.m */ = {isa = PBXFileReference; fileEncoding = 4; lastKnownFileType = sourcecode.c.objc; path = ScrollViewStickLines.m; sourceTree = "<group>"; };
		1967B959180480C50092766D /* left-right-swipe-message.png */ = {isa = PBXFileReference; lastKnownFileType = image.png; path = "left-right-swipe-message.png"; sourceTree = "<group>"; };
		1967B95B180483D30092766D /* timeline-annotation-image@2x.png */ = {isa = PBXFileReference; lastKnownFileType = image.png; path = "timeline-annotation-image@2x.png"; sourceTree = "<group>"; };
		1967B95D180484790092766D /* webview-annotation-image@2x.png */ = {isa = PBXFileReference; lastKnownFileType = image.png; path = "webview-annotation-image@2x.png"; sourceTree = "<group>"; };
		1967B961180491B60092766D /* chevron-arrow@2x.png */ = {isa = PBXFileReference; lastKnownFileType = image.png; path = "chevron-arrow@2x.png"; sourceTree = "<group>"; };
		1967B9651804A85C0092766D /* SwipeMessage_OS7.xib */ = {isa = PBXFileReference; fileEncoding = 4; lastKnownFileType = file.xib; name = SwipeMessage_OS7.xib; path = Resources/SwipeMessage_OS7.xib; sourceTree = SOURCE_ROOT; };
		1967B9671804AB170092766D /* chevron-left.png */ = {isa = PBXFileReference; lastKnownFileType = image.png; path = "chevron-left.png"; sourceTree = "<group>"; };
		1967B9681804AB170092766D /* chevron-right.png */ = {isa = PBXFileReference; lastKnownFileType = image.png; path = "chevron-right.png"; sourceTree = "<group>"; };
		1967B96B1804B8440092766D /* chevron-left@2x.png */ = {isa = PBXFileReference; lastKnownFileType = image.png; path = "chevron-left@2x.png"; sourceTree = "<group>"; };
		1967B96C1804B8440092766D /* chevron-right@2x.png */ = {isa = PBXFileReference; lastKnownFileType = image.png; path = "chevron-right@2x.png"; sourceTree = "<group>"; };
		1967B96D1804B8440092766D /* left-right-swipe-message@2x.png */ = {isa = PBXFileReference; lastKnownFileType = image.png; path = "left-right-swipe-message@2x.png"; sourceTree = "<group>"; };
		196B77511817D52D00DF0C65 /* MainScreen.xib */ = {isa = PBXFileReference; fileEncoding = 4; lastKnownFileType = file.xib; name = MainScreen.xib; path = Resources/MainScreen.xib; sourceTree = SOURCE_ROOT; };
		196C6B1C18051FCD00475ACB /* MessageUI.framework */ = {isa = PBXFileReference; lastKnownFileType = wrapper.framework; name = MessageUI.framework; path = System/Library/Frameworks/MessageUI.framework; sourceTree = SDKROOT; };
		196C6B1E18052D8200475ACB /* PasscodeScreenViewController.h */ = {isa = PBXFileReference; fileEncoding = 4; lastKnownFileType = sourcecode.c.h; path = PasscodeScreenViewController.h; sourceTree = "<group>"; };
		196C6B1F18052D8200475ACB /* PasscodeScreenViewController.m */ = {isa = PBXFileReference; fileEncoding = 4; lastKnownFileType = sourcecode.c.objc; path = PasscodeScreenViewController.m; sourceTree = "<group>"; };
		196C6B2018052D8200475ACB /* PasscodeScreenViewController.xib */ = {isa = PBXFileReference; fileEncoding = 4; lastKnownFileType = file.xib; path = PasscodeScreenViewController.xib; sourceTree = "<group>"; };
		196C6B2318052DEC00475ACB /* legacyapp-headertext_03@2x.png */ = {isa = PBXFileReference; lastKnownFileType = image.png; path = "legacyapp-headertext_03@2x.png"; sourceTree = "<group>"; };
		197305E617C5B32D00958D15 /* EventInfoHeaderCell.h */ = {isa = PBXFileReference; fileEncoding = 4; lastKnownFileType = sourcecode.c.h; path = EventInfoHeaderCell.h; sourceTree = "<group>"; };
		197305E717C5B32D00958D15 /* EventInfoHeaderCell.m */ = {isa = PBXFileReference; fileEncoding = 4; lastKnownFileType = sourcecode.c.objc; path = EventInfoHeaderCell.m; sourceTree = "<group>"; };
		197305E917C5B66A00958D15 /* EventInfoTableView.h */ = {isa = PBXFileReference; fileEncoding = 4; lastKnownFileType = sourcecode.c.h; lineEnding = 0; path = EventInfoTableView.h; sourceTree = "<group>"; xcLanguageSpecificationIdentifier = xcode.lang.objcpp; };
		197305EA17C5B66A00958D15 /* EventInfoTableView.m */ = {isa = PBXFileReference; fileEncoding = 4; lastKnownFileType = sourcecode.c.objc; lineEnding = 0; path = EventInfoTableView.m; sourceTree = "<group>"; xcLanguageSpecificationIdentifier = xcode.lang.objc; };
		197305EC17C5C41500958D15 /* EventInfoTimelineCell.h */ = {isa = PBXFileReference; fileEncoding = 4; lastKnownFileType = sourcecode.c.h; path = EventInfoTimelineCell.h; sourceTree = "<group>"; };
		197305ED17C5C41500958D15 /* EventInfoTimelineCell.m */ = {isa = PBXFileReference; fileEncoding = 4; lastKnownFileType = sourcecode.c.objc; path = EventInfoTimelineCell.m; sourceTree = "<group>"; };
		197305EF17C5CA6700958D15 /* EventInfoTimelineCell.xib */ = {isa = PBXFileReference; fileEncoding = 4; lastKnownFileType = file.xib; name = EventInfoTimelineCell.xib; path = Resources/EventInfoTimelineCell.xib; sourceTree = SOURCE_ROOT; };
		197305F117C5D54500958D15 /* LegacyInfoPage.h */ = {isa = PBXFileReference; fileEncoding = 4; lastKnownFileType = sourcecode.c.h; lineEnding = 0; path = LegacyInfoPage.h; sourceTree = "<group>"; xcLanguageSpecificationIdentifier = xcode.lang.objcpp; };
		197305F217C5D54500958D15 /* LegacyInfoPage.m */ = {isa = PBXFileReference; fileEncoding = 4; lastKnownFileType = sourcecode.c.objc; lineEnding = 0; path = LegacyInfoPage.m; sourceTree = "<group>"; xcLanguageSpecificationIdentifier = xcode.lang.objc; };
		197308D31707B57C00FCADD3 /* question.png */ = {isa = PBXFileReference; lastKnownFileType = image.png; name = question.png; path = images/question.png; sourceTree = "<group>"; };
		1975751C17D04F4700822779 /* Figure.h */ = {isa = PBXFileReference; fileEncoding = 4; lastKnownFileType = sourcecode.c.h; path = Figure.h; sourceTree = "<group>"; };
		1975751D17D04F4700822779 /* Figure.m */ = {isa = PBXFileReference; fileEncoding = 4; lastKnownFileType = sourcecode.c.objc; path = Figure.m; sourceTree = "<group>"; };
		1975751F17D053D900822779 /* ImageDownloadUtil.h */ = {isa = PBXFileReference; fileEncoding = 4; lastKnownFileType = sourcecode.c.h; path = ImageDownloadUtil.h; sourceTree = "<group>"; };
		1975752017D053D900822779 /* ImageDownloadUtil.m */ = {isa = PBXFileReference; fileEncoding = 4; lastKnownFileType = sourcecode.c.objc; path = ImageDownloadUtil.m; sourceTree = "<group>"; };
		1975752217D06CA000822779 /* WebViewControls.h */ = {isa = PBXFileReference; fileEncoding = 4; lastKnownFileType = sourcecode.c.h; path = WebViewControls.h; sourceTree = "<group>"; };
		1975752317D06CA100822779 /* WebViewControls.m */ = {isa = PBXFileReference; fileEncoding = 4; lastKnownFileType = sourcecode.c.objc; path = WebViewControls.m; sourceTree = "<group>"; };
		1975752517D06CBD00822779 /* WebViewControls.xib */ = {isa = PBXFileReference; fileEncoding = 4; lastKnownFileType = file.xib; path = WebViewControls.xib; sourceTree = "<group>"; };
		1975752717D06EA800822779 /* EventInfoHeaderCell.xib */ = {isa = PBXFileReference; fileEncoding = 4; lastKnownFileType = file.xib; name = EventInfoHeaderCell.xib; path = ../Resources/EventInfoHeaderCell.xib; sourceTree = "<group>"; };
		197EA5A517F543740015DD78 /* 298-circlex@2x.png */ = {isa = PBXFileReference; lastKnownFileType = image.png; name = "298-circlex@2x.png"; path = "images/298-circlex@2x.png"; sourceTree = "<group>"; };
		1980718E17E8117B0039FC65 /* FigureRowCell.h */ = {isa = PBXFileReference; fileEncoding = 4; lastKnownFileType = sourcecode.c.h; path = FigureRowCell.h; sourceTree = "<group>"; };
		1980718F17E8117B0039FC65 /* FigureRowCell.m */ = {isa = PBXFileReference; fileEncoding = 4; lastKnownFileType = sourcecode.c.objc; path = FigureRowCell.m; sourceTree = "<group>"; };
		1982639A1861639100CA3FEE /* libFlurry_4.2.3.a */ = {isa = PBXFileReference; lastKnownFileType = archive.ar; path = libFlurry_4.2.3.a; sourceTree = "<group>"; };
		1982639B1861639100CA3FEE /* Flurry.h */ = {isa = PBXFileReference; fileEncoding = 4; lastKnownFileType = sourcecode.c.h; path = Flurry.h; sourceTree = "<group>"; };
		1982639D18616AD300CA3FEE /* UIView+LayoutHelpers.h */ = {isa = PBXFileReference; fileEncoding = 4; lastKnownFileType = sourcecode.c.h; path = "UIView+LayoutHelpers.h"; sourceTree = "<group>"; };
		1982639E18616AD300CA3FEE /* UIView+LayoutHelpers.m */ = {isa = PBXFileReference; fileEncoding = 4; lastKnownFileType = sourcecode.c.objc; path = "UIView+LayoutHelpers.m"; sourceTree = "<group>"; };
		198263A018616D1A00CA3FEE /* Reveal.framework */ = {isa = PBXFileReference; lastKnownFileType = wrapper.framework; name = Reveal.framework; path = "../../../../../../../Applications/Reveal.app/Contents/SharedSupport/iOS-Libraries/Reveal.framework"; sourceTree = "<group>"; };
		198263A218616DC600CA3FEE /* add-friends.png */ = {isa = PBXFileReference; lastKnownFileType = image.png; path = "add-friends.png"; sourceTree = "<group>"; };
		198263A318616DC600CA3FEE /* add-friends@2x.png */ = {isa = PBXFileReference; lastKnownFileType = image.png; path = "add-friends@2x.png"; sourceTree = "<group>"; };
		198263A718619B2F00CA3FEE /* RowProtocol.h */ = {isa = PBXFileReference; fileEncoding = 4; lastKnownFileType = sourcecode.c.h; path = RowProtocol.h; sourceTree = "<group>"; };
		198263A818619D6800CA3FEE /* next-arrow-gray.png */ = {isa = PBXFileReference; lastKnownFileType = image.png; path = "next-arrow-gray.png"; sourceTree = "<group>"; };
		198263A918619D6800CA3FEE /* next-arrow-gray@2x.png */ = {isa = PBXFileReference; lastKnownFileType = image.png; path = "next-arrow-gray@2x.png"; sourceTree = "<group>"; };
		199354FB16D4A29700D73389 /* HorizontalContentHostingScrollView.h */ = {isa = PBXFileReference; fileEncoding = 4; lastKnownFileType = sourcecode.c.h; path = HorizontalContentHostingScrollView.h; sourceTree = "<group>"; };
		199354FC16D4A29700D73389 /* HorizontalContentHostingScrollView.m */ = {isa = PBXFileReference; fileEncoding = 4; lastKnownFileType = sourcecode.c.objc; lineEnding = 0; path = HorizontalContentHostingScrollView.m; sourceTree = "<group>"; xcLanguageSpecificationIdentifier = xcode.lang.objc; };
		1993550816D4E89900D73389 /* ImageWidgetContainer.xib */ = {isa = PBXFileReference; fileEncoding = 4; lastKnownFileType = file.xib; path = ImageWidgetContainer.xib; sourceTree = "<group>"; };
		1993550A16D4E8CB00D73389 /* ImageWidgetContainer.m */ = {isa = PBXFileReference; fileEncoding = 4; lastKnownFileType = sourcecode.c.objc; path = ImageWidgetContainer.m; sourceTree = "<group>"; };
		1993550C16D4E8F600D73389 /* ImageWidgetContainer.h */ = {isa = PBXFileReference; lastKnownFileType = sourcecode.c.h; path = ImageWidgetContainer.h; sourceTree = "<group>"; };
		1993915F16AA1FDF00DA3CD9 /* icon.png */ = {isa = PBXFileReference; lastKnownFileType = image.png; path = icon.png; sourceTree = "<group>"; };
		1993916016AA1FDF00DA3CD9 /* icon@2x.png */ = {isa = PBXFileReference; lastKnownFileType = image.png; path = "icon@2x.png"; sourceTree = "<group>"; };
		1993916316AA200A00DA3CD9 /* icon.png */ = {isa = PBXFileReference; lastKnownFileType = image.png; name = icon.png; path = ../icon.png; sourceTree = "<group>"; };
		1993916516AA201000DA3CD9 /* icon@2x.png */ = {isa = PBXFileReference; lastKnownFileType = image.png; name = "icon@2x.png"; path = "../icon@2x.png"; sourceTree = "<group>"; };
		1997B72916DEBA31009692F5 /* LegacyModel.xcdatamodel */ = {isa = PBXFileReference; lastKnownFileType = wrapper.xcdatamodel; path = LegacyModel.xcdatamodel; sourceTree = "<group>"; };
		199C0CAB16C0C0D900068E73 /* CoreData.framework */ = {isa = PBXFileReference; lastKnownFileType = wrapper.framework; name = CoreData.framework; path = System/Library/Frameworks/CoreData.framework; sourceTree = SDKROOT; };
		19A524AD16B7CBAF00195D9D /* FriendPickerHandler.h */ = {isa = PBXFileReference; fileEncoding = 4; lastKnownFileType = sourcecode.c.h; path = FriendPickerHandler.h; sourceTree = "<group>"; };
		19A524AE16B7CBAF00195D9D /* FriendPickerHandler.m */ = {isa = PBXFileReference; fileEncoding = 4; lastKnownFileType = sourcecode.c.objc; lineEnding = 0; path = FriendPickerHandler.m; sourceTree = "<group>"; xcLanguageSpecificationIdentifier = xcode.lang.objc; };
		19BDFDB717FBA44900B415C1 /* NoEventPersonRow.h */ = {isa = PBXFileReference; fileEncoding = 4; lastKnownFileType = sourcecode.c.h; path = NoEventPersonRow.h; sourceTree = "<group>"; };
		19BDFDB817FBA44900B415C1 /* NoEventPersonRow.m */ = {isa = PBXFileReference; fileEncoding = 4; lastKnownFileType = sourcecode.c.objc; path = NoEventPersonRow.m; sourceTree = "<group>"; };
		19BDFDBC17FBA4ED00B415C1 /* NoEventPersonRow.xib */ = {isa = PBXFileReference; fileEncoding = 4; lastKnownFileType = file.xib; name = NoEventPersonRow.xib; path = Resources/NoEventPersonRow.xib; sourceTree = SOURCE_ROOT; };
		19BDFDC217FBE99800B415C1 /* EventPersonRelation.h */ = {isa = PBXFileReference; fileEncoding = 4; lastKnownFileType = sourcecode.c.h; path = EventPersonRelation.h; sourceTree = "<group>"; };
		19BDFDC317FBE99800B415C1 /* EventPersonRelation.m */ = {isa = PBXFileReference; fileEncoding = 4; lastKnownFileType = sourcecode.c.objc; path = EventPersonRelation.m; sourceTree = "<group>"; };
		19BDFDC717FD157A00B415C1 /* legacy-fb-button.png */ = {isa = PBXFileReference; lastKnownFileType = image.png; path = "legacy-fb-button.png"; sourceTree = "<group>"; };
		19BDFDCD17FD1EA200B415C1 /* SwipeMessage.h */ = {isa = PBXFileReference; fileEncoding = 4; lastKnownFileType = sourcecode.c.h; path = SwipeMessage.h; sourceTree = "<group>"; };
		19BDFDCE17FD1EA200B415C1 /* SwipeMessage.m */ = {isa = PBXFileReference; fileEncoding = 4; lastKnownFileType = sourcecode.c.objc; path = SwipeMessage.m; sourceTree = "<group>"; };
		19BDFDD017FD3A8100B415C1 /* AMBlurView.h */ = {isa = PBXFileReference; fileEncoding = 4; lastKnownFileType = sourcecode.c.h; path = AMBlurView.h; sourceTree = "<group>"; };
		19BDFDD117FD3A8100B415C1 /* AMBlurView.m */ = {isa = PBXFileReference; fileEncoding = 4; lastKnownFileType = sourcecode.c.objc; path = AMBlurView.m; sourceTree = "<group>"; };
		19C49EA616CA2BA400304AD6 /* AFAlertView.h */ = {isa = PBXFileReference; fileEncoding = 4; lastKnownFileType = sourcecode.c.h; path = AFAlertView.h; sourceTree = "<group>"; };
		19C49EA716CA2BA400304AD6 /* AFAlertView.m */ = {isa = PBXFileReference; fileEncoding = 4; lastKnownFileType = sourcecode.c.objc; path = AFAlertView.m; sourceTree = "<group>"; };
		19C49EA816CA2BA400304AD6 /* AFAlertView.xib */ = {isa = PBXFileReference; fileEncoding = 4; lastKnownFileType = file.xib; path = AFAlertView.xib; sourceTree = "<group>"; };
		19C49EAB16CA345800304AD6 /* Constants.h */ = {isa = PBXFileReference; fileEncoding = 4; lastKnownFileType = sourcecode.c.h; path = Constants.h; sourceTree = "<group>"; };
		19C49EAC16CA3ABB00304AD6 /* button-pressed.png */ = {isa = PBXFileReference; lastKnownFileType = image.png; path = "button-pressed.png"; sourceTree = "<group>"; };
		19C49EAD16CA3ABB00304AD6 /* button.png */ = {isa = PBXFileReference; lastKnownFileType = image.png; path = button.png; sourceTree = "<group>"; };
		19C55E491783A7890099AE4A /* icon.png */ = {isa = PBXFileReference; lastKnownFileType = image.png; path = icon.png; sourceTree = "<group>"; };
		19C55E4B1783A7900099AE4A /* icon@2x.png */ = {isa = PBXFileReference; lastKnownFileType = image.png; path = "icon@2x.png"; sourceTree = "<group>"; };
		19C6F810171BBA1D00DDD6D9 /* oldpaper-bg@2x.png */ = {isa = PBXFileReference; lastKnownFileType = image.png; path = "oldpaper-bg@2x.png"; sourceTree = "<group>"; };
		19C7A16618670FD600130BEF /* facebook-icon.png */ = {isa = PBXFileReference; lastKnownFileType = image.png; path = "facebook-icon.png"; sourceTree = "<group>"; };
		19C7A16718670FD600130BEF /* facebook-icon@2x.png */ = {isa = PBXFileReference; lastKnownFileType = image.png; path = "facebook-icon@2x.png"; sourceTree = "<group>"; };
		19C7A16A1867870500130BEF /* splash-animation.mp4 */ = {isa = PBXFileReference; lastKnownFileType = file; path = "splash-animation.mp4"; sourceTree = "<group>"; };
		19C7A16B186787B700130BEF /* MediaPlayer.framework */ = {isa = PBXFileReference; lastKnownFileType = wrapper.framework; name = MediaPlayer.framework; path = System/Library/Frameworks/MediaPlayer.framework; sourceTree = SDKROOT; };
		19C7BD851749DD68004C8B0A /* DescriptionPage.xib */ = {isa = PBXFileReference; fileEncoding = 4; lastKnownFileType = file.xib; path = DescriptionPage.xib; sourceTree = "<group>"; };
		19C7BD8B174BF3F9004C8B0A /* CGRectUtils.m */ = {isa = PBXFileReference; fileEncoding = 4; lastKnownFileType = sourcecode.c.objc; path = CGRectUtils.m; sourceTree = "<group>"; };
		19C7BD8D174BF494004C8B0A /* CGRectUtils.h */ = {isa = PBXFileReference; lastKnownFileType = sourcecode.c.h; path = CGRectUtils.h; sourceTree = "<group>"; };
		19D29F5D16A5483400D46B0A /* Social.framework */ = {isa = PBXFileReference; lastKnownFileType = wrapper.framework; name = Social.framework; path = System/Library/Frameworks/Social.framework; sourceTree = SDKROOT; };
		19D29F6C16A66B8100D46B0A /* FBLoginViewController.h */ = {isa = PBXFileReference; fileEncoding = 4; lastKnownFileType = sourcecode.c.h; path = FBLoginViewController.h; sourceTree = "<group>"; };
		19D29F6D16A66B8100D46B0A /* FBLoginViewController.m */ = {isa = PBXFileReference; fileEncoding = 4; lastKnownFileType = sourcecode.c.objc; path = FBLoginViewController.m; sourceTree = "<group>"; };
		19D29F7516A6705600D46B0A /* AdSupport.framework */ = {isa = PBXFileReference; lastKnownFileType = wrapper.framework; name = AdSupport.framework; path = System/Library/Frameworks/AdSupport.framework; sourceTree = SDKROOT; };
		19D29F7716A6706200D46B0A /* SystemConfiguration.framework */ = {isa = PBXFileReference; lastKnownFileType = wrapper.framework; name = SystemConfiguration.framework; path = System/Library/Frameworks/SystemConfiguration.framework; sourceTree = SDKROOT; };
		19D29F7916A6706A00D46B0A /* CFNetwork.framework */ = {isa = PBXFileReference; lastKnownFileType = wrapper.framework; name = CFNetwork.framework; path = System/Library/Frameworks/CFNetwork.framework; sourceTree = SDKROOT; };
		19D29F7D16A671C800D46B0A /* Accounts.framework */ = {isa = PBXFileReference; lastKnownFileType = wrapper.framework; name = Accounts.framework; path = System/Library/Frameworks/Accounts.framework; sourceTree = SDKROOT; };
		19D29F7F16A674C200D46B0A /* MainScreen.h */ = {isa = PBXFileReference; fileEncoding = 4; lastKnownFileType = sourcecode.c.h; path = MainScreen.h; sourceTree = "<group>"; };
		19D29F8016A674C200D46B0A /* MainScreen.m */ = {isa = PBXFileReference; fileEncoding = 4; lastKnownFileType = sourcecode.c.objc; lineEnding = 0; path = MainScreen.m; sourceTree = "<group>"; xcLanguageSpecificationIdentifier = xcode.lang.objc; };
		19D61CAF16B05D4E00C81E60 /* ObjectArchiveAccessor.h */ = {isa = PBXFileReference; fileEncoding = 4; lastKnownFileType = sourcecode.c.h; lineEnding = 0; path = ObjectArchiveAccessor.h; sourceTree = "<group>"; xcLanguageSpecificationIdentifier = xcode.lang.objcpp; };
		19D61CB016B05D4E00C81E60 /* ObjectArchiveAccessor.m */ = {isa = PBXFileReference; fileEncoding = 4; lastKnownFileType = sourcecode.c.objc; lineEnding = 0; path = ObjectArchiveAccessor.m; sourceTree = "<group>"; xcLanguageSpecificationIdentifier = xcode.lang.objc; };
		19FAD7831763005E006FA829 /* PageProtocol.h */ = {isa = PBXFileReference; fileEncoding = 4; lastKnownFileType = sourcecode.c.h; lineEnding = 0; path = PageProtocol.h; sourceTree = "<group>"; xcLanguageSpecificationIdentifier = xcode.lang.objcpp; };
		4750656191454527BBB82BAF /* libPods-LegacyApp.a */ = {isa = PBXFileReference; explicitFileType = archive.ar; includeInIndex = 0; path = "libPods-LegacyApp.a"; sourceTree = BUILT_PRODUCTS_DIR; };
		4E0F3CA0154533E800369BE1 /* QuartzCore.framework */ = {isa = PBXFileReference; lastKnownFileType = wrapper.framework; name = QuartzCore.framework; path = System/Library/Frameworks/QuartzCore.framework; sourceTree = SDKROOT; };
		4E0F3CA515453CB200369BE1 /* Utility_AppSettings.h */ = {isa = PBXFileReference; fileEncoding = 4; lastKnownFileType = sourcecode.c.h; name = Utility_AppSettings.h; path = ../Utility_AppSettings.h; sourceTree = "<group>"; };
		4E0F3CA615453CB200369BE1 /* Utility_AppSettings.m */ = {isa = PBXFileReference; fileEncoding = 4; lastKnownFileType = sourcecode.c.objc; name = Utility_AppSettings.m; path = ../Utility_AppSettings.m; sourceTree = "<group>"; };
		4E640C1515460474009D8DC6 /* SettingsModalView.h */ = {isa = PBXFileReference; fileEncoding = 4; lastKnownFileType = sourcecode.c.h; path = SettingsModalView.h; sourceTree = "<group>"; };
		4E640C1615460474009D8DC6 /* SettingsModalView.m */ = {isa = PBXFileReference; fileEncoding = 4; lastKnownFileType = sourcecode.c.objc; path = SettingsModalView.m; sourceTree = "<group>"; };
		4E640C1B15460C5A009D8DC6 /* Utility_Notifications.h */ = {isa = PBXFileReference; fileEncoding = 4; lastKnownFileType = sourcecode.c.h; path = Utility_Notifications.h; sourceTree = "<group>"; };
		4E640C1C15460C5A009D8DC6 /* Utility_Notifications.m */ = {isa = PBXFileReference; fileEncoding = 4; lastKnownFileType = sourcecode.c.objc; path = Utility_Notifications.m; sourceTree = "<group>"; };
		4EEA6CDE15268ED200B96EFD /* LegacyApp.app */ = {isa = PBXFileReference; explicitFileType = wrapper.application; includeInIndex = 0; path = LegacyApp.app; sourceTree = BUILT_PRODUCTS_DIR; };
		4EEA6CE215268ED300B96EFD /* UIKit.framework */ = {isa = PBXFileReference; lastKnownFileType = wrapper.framework; name = UIKit.framework; path = System/Library/Frameworks/UIKit.framework; sourceTree = SDKROOT; };
		4EEA6CE415268ED300B96EFD /* Foundation.framework */ = {isa = PBXFileReference; lastKnownFileType = wrapper.framework; name = Foundation.framework; path = System/Library/Frameworks/Foundation.framework; sourceTree = SDKROOT; };
		4EEA6CE615268ED300B96EFD /* CoreGraphics.framework */ = {isa = PBXFileReference; lastKnownFileType = wrapper.framework; name = CoreGraphics.framework; path = System/Library/Frameworks/CoreGraphics.framework; sourceTree = SDKROOT; };
		4EEA6D031526902D00B96EFD /* AppDelegate.h */ = {isa = PBXFileReference; fileEncoding = 4; lastKnownFileType = sourcecode.c.h; lineEnding = 0; path = AppDelegate.h; sourceTree = "<group>"; xcLanguageSpecificationIdentifier = xcode.lang.objcpp; };
		4EEA6D041526902D00B96EFD /* AppDelegate.m */ = {isa = PBXFileReference; fileEncoding = 4; lastKnownFileType = sourcecode.c.objc; path = AppDelegate.m; sourceTree = "<group>"; };
		4EEA6D061526902D00B96EFD /* en */ = {isa = PBXFileReference; lastKnownFileType = text.plist.strings; name = en; path = en.lproj/InfoPlist.strings; sourceTree = "<group>"; };
		4EEA6D071526902D00B96EFD /* main.m */ = {isa = PBXFileReference; fileEncoding = 4; lastKnownFileType = sourcecode.c.objc; path = main.m; sourceTree = "<group>"; };
		4EEA6D0A1526902D00B96EFD /* LegacyApp-Info.plist */ = {isa = PBXFileReference; fileEncoding = 4; lastKnownFileType = text.plist.xml; path = "LegacyApp-Info.plist"; sourceTree = "<group>"; };
		4EEA6D0B1526902D00B96EFD /* LegacyApp-Prefix.pch */ = {isa = PBXFileReference; fileEncoding = 4; lastKnownFileType = sourcecode.c.h; path = "LegacyApp-Prefix.pch"; sourceTree = "<group>"; };
		4EEA6D3B1526A7CD00B96EFD /* FirstTimeLoadScreen.h */ = {isa = PBXFileReference; fileEncoding = 4; lastKnownFileType = sourcecode.c.h; path = FirstTimeLoadScreen.h; sourceTree = "<group>"; };
		4EEA6D3C1526A7CD00B96EFD /* FirstTimeLoadScreen.m */ = {isa = PBXFileReference; fileEncoding = 4; lastKnownFileType = sourcecode.c.objc; lineEnding = 0; path = FirstTimeLoadScreen.m; sourceTree = "<group>"; xcLanguageSpecificationIdentifier = xcode.lang.objc; };
		4EEA6D431526A90200B96EFD /* LegacyAppConnection.h */ = {isa = PBXFileReference; fileEncoding = 4; lastKnownFileType = sourcecode.c.h; path = LegacyAppConnection.h; sourceTree = "<group>"; };
		4EEA6D441526A90200B96EFD /* LegacyAppConnection.m */ = {isa = PBXFileReference; fileEncoding = 4; lastKnownFileType = sourcecode.c.objc; path = LegacyAppConnection.m; sourceTree = "<group>"; };
		4EEA6D5B1526CAEF00B96EFD /* LegacyAppRequest.h */ = {isa = PBXFileReference; fileEncoding = 4; lastKnownFileType = sourcecode.c.h; lineEnding = 0; path = LegacyAppRequest.h; sourceTree = "<group>"; xcLanguageSpecificationIdentifier = xcode.lang.objcpp; };
		4EEA6D5C1526CAEF00B96EFD /* LegacyAppRequest.m */ = {isa = PBXFileReference; fileEncoding = 4; lastKnownFileType = sourcecode.c.objc; lineEnding = 0; path = LegacyAppRequest.m; sourceTree = "<group>"; xcLanguageSpecificationIdentifier = xcode.lang.objc; };
		F04133A44D8343DCAF034DB6 /* Pods-LegacyApp.xcconfig */ = {isa = PBXFileReference; includeInIndex = 1; lastKnownFileType = text.xcconfig; name = "Pods-LegacyApp.xcconfig"; path = "Pods/Pods-LegacyApp.xcconfig"; sourceTree = "<group>"; };
/* End PBXFileReference section */

/* Begin PBXFrameworksBuildPhase section */
		4EEA6CDB15268ED200B96EFD /* Frameworks */ = {
			isa = PBXFrameworksBuildPhase;
			buildActionMask = 2147483647;
			files = (
				19C7A16C186787B700130BEF /* MediaPlayer.framework in Frameworks */,
				19D29F7816A6706200D46B0A /* SystemConfiguration.framework in Frameworks */,
				192784AA1827C37E00DAA196 /* libz.dylib in Frameworks */,
				196C6B1D18051FCD00475ACB /* MessageUI.framework in Frameworks */,
				19354F1D17F1BA98007569F9 /* Security.framework in Frameworks */,
				19D29F7616A6705600D46B0A /* AdSupport.framework in Frameworks */,
				1982639C1861639100CA3FEE /* libFlurry_4.2.3.a in Frameworks */,
				19D29F7E16A671C800D46B0A /* Accounts.framework in Frameworks */,
				19D29F7A16A6706A00D46B0A /* CFNetwork.framework in Frameworks */,
				19D29F5E16A5483400D46B0A /* Social.framework in Frameworks */,
				4E0F3CA1154533E800369BE1 /* QuartzCore.framework in Frameworks */,
				199C0CAD16C0C0F300068E73 /* CoreData.framework in Frameworks */,
				198263A118616D1A00CA3FEE /* Reveal.framework in Frameworks */,
				4EEA6CE315268ED300B96EFD /* UIKit.framework in Frameworks */,
				4EEA6CE515268ED300B96EFD /* Foundation.framework in Frameworks */,
				4EEA6CE715268ED300B96EFD /* CoreGraphics.framework in Frameworks */,
				C12EEAC0084E419EA9E773D9 /* libPods-LegacyApp.a in Frameworks */,
			);
			runOnlyForDeploymentPostprocessing = 0;
		};
/* End PBXFrameworksBuildPhase section */

/* Begin PBXGroup section */
		1909A86F1776B41700256ED0 /* Row Components */ = {
			isa = PBXGroup;
			children = (
				19BDFDBC17FBA4ED00B415C1 /* NoEventPersonRow.xib */,
				1909A8701776B45000256ED0 /* FacebookSignInButton.h */,
				1909A8711776B45100256ED0 /* FacebookSignInButton.m */,
				1909A8721776B45100256ED0 /* FacebookSignInButton.xib */,
				1909A8791777471E00256ED0 /* TopActionView.h */,
				1909A87A1777471E00256ED0 /* TopActionView.m */,
			);
			name = "Row Components";
			sourceTree = "<group>";
		};
		197305E517C5B30400958D15 /* Event Info Components */ = {
			isa = PBXGroup;
			children = (
				197305E617C5B32D00958D15 /* EventInfoHeaderCell.h */,
				197305E717C5B32D00958D15 /* EventInfoHeaderCell.m */,
				1975752717D06EA800822779 /* EventInfoHeaderCell.xib */,
				1945775C17D4F68C00C5DB62 /* FigureNameLabelBlurLayer.h */,
				1945775D17D4F68C00C5DB62 /* FigureNameLabelBlurLayer.m */,
				197305E917C5B66A00958D15 /* EventInfoTableView.h */,
				197305EA17C5B66A00958D15 /* EventInfoTableView.m */,
				197305EC17C5C41500958D15 /* EventInfoTimelineCell.h */,
				197305ED17C5C41500958D15 /* EventInfoTimelineCell.m */,
				197305EF17C5CA6700958D15 /* EventInfoTimelineCell.xib */,
			);
			name = "Event Info Components";
			sourceTree = "<group>";
		};
		198263A618619AE500CA3FEE /* Figure Row Page */ = {
			isa = PBXGroup;
			children = (
				198263A718619B2F00CA3FEE /* RowProtocol.h */,
				19BDFDB717FBA44900B415C1 /* NoEventPersonRow.h */,
				19BDFDB817FBA44900B415C1 /* NoEventPersonRow.m */,
				1909A8671776192100256ED0 /* FigureRowTablePage.h */,
				1909A8681776192100256ED0 /* FigureRowTablePage.m */,
				19632B9416DB036900E0EA75 /* FigureRowContentView.h */,
				19632B9516DB036900E0EA75 /* FigureRowContentView.m */,
				1980718E17E8117B0039FC65 /* FigureRowCell.h */,
				1980718F17E8117B0039FC65 /* FigureRowCell.m */,
				191CF63C1749635C00086D5E /* FigureRowHorizontalScrollView.h */,
				191CF63D1749635D00086D5E /* FigureRowHorizontalScrollView.m */,
			);
			name = "Figure Row Page";
			sourceTree = "<group>";
		};
		19C7BD8A174BC7AA004C8B0A /* Pages */ = {
			isa = PBXGroup;
			children = (
				19FAD7831763005E006FA829 /* PageProtocol.h */,
				198263A618619AE500CA3FEE /* Figure Row Page */,
				195B5FFF16DEB7D3006215E9 /* LegacyWebView.h */,
				195B600016DEB7D3006215E9 /* LegacyWebView.m */,
				197305F117C5D54500958D15 /* LegacyInfoPage.h */,
				197305F217C5D54500958D15 /* LegacyInfoPage.m */,
				1926F0C217CF82CB00406AB4 /* LegacyInfoPage.xib */,
				197305E517C5B30400958D15 /* Event Info Components */,
			);
			name = Pages;
			sourceTree = "<group>";
		};
		19D61CB916B06D2600C81E60 /* Utilities */ = {
			isa = PBXGroup;
			children = (
				1982639D18616AD300CA3FEE /* UIView+LayoutHelpers.h */,
				1982639E18616AD300CA3FEE /* UIView+LayoutHelpers.m */,
				1945776C17D59F7100C5DB62 /* UIImage+StackBlur.h */,
				1945776D17D59F7100C5DB62 /* UIImage+StackBlur.m */,
				19C7BD8B174BF3F9004C8B0A /* CGRectUtils.m */,
				19C7BD8D174BF494004C8B0A /* CGRectUtils.h */,
				192BA7E517F9D76500ECBA49 /* FacebookUtils.h */,
				192BA7E617F9D76600ECBA49 /* FacebookUtils.m */,
				1909A8511772BCCD00256ED0 /* DataSyncUtility.h */,
				1909A8521772BCCD00256ED0 /* DataSyncUtility.m */,
				1975751F17D053D900822779 /* ImageDownloadUtil.h */,
				1975752017D053D900822779 /* ImageDownloadUtil.m */,
				19D61CAF16B05D4E00C81E60 /* ObjectArchiveAccessor.h */,
				19D61CB016B05D4E00C81E60 /* ObjectArchiveAccessor.m */,
				4E640C1B15460C5A009D8DC6 /* Utility_Notifications.h */,
				4E640C1C15460C5A009D8DC6 /* Utility_Notifications.m */,
				4E0F3CA515453CB200369BE1 /* Utility_AppSettings.h */,
				4E0F3CA615453CB200369BE1 /* Utility_AppSettings.m */,
			);
			name = Utilities;
			sourceTree = "<group>";
		};
		19D61CBA16B06D3500C81E60 /* Models */ = {
			isa = PBXGroup;
			children = (
				1975751C17D04F4700822779 /* Figure.h */,
				1975751D17D04F4700822779 /* Figure.m */,
				1909A84B1771F4B100256ED0 /* Event.h */,
				1909A84C1771F4B100256ED0 /* Event.m */,
				1909A84E1772B39400256ED0 /* Person.h */,
				1909A84F1772B39400256ED0 /* Person.m */,
				19BDFDC217FBE99800B415C1 /* EventPersonRelation.h */,
				19BDFDC317FBE99800B415C1 /* EventPersonRelation.m */,
			);
			name = Models;
			sourceTree = "<group>";
		};
		19D61CCF16B23B6400C81E60 /* Images */ = {
			isa = PBXGroup;
			children = (
				19C7A16618670FD600130BEF /* facebook-icon.png */,
				19C7A16718670FD600130BEF /* facebook-icon@2x.png */,
				198263A818619D6800CA3FEE /* next-arrow-gray.png */,
				198263A918619D6800CA3FEE /* next-arrow-gray@2x.png */,
				198263A218616DC600CA3FEE /* add-friends.png */,
				198263A318616DC600CA3FEE /* add-friends@2x.png */,
				196C6B2318052DEC00475ACB /* legacyapp-headertext_03@2x.png */,
				1967B96B1804B8440092766D /* chevron-left@2x.png */,
				1967B96C1804B8440092766D /* chevron-right@2x.png */,
				1967B96D1804B8440092766D /* left-right-swipe-message@2x.png */,
				1967B9671804AB170092766D /* chevron-left.png */,
				1967B9681804AB170092766D /* chevron-right.png */,
				1967B961180491B60092766D /* chevron-arrow@2x.png */,
				1967B95D180484790092766D /* webview-annotation-image@2x.png */,
				1967B95B180483D30092766D /* timeline-annotation-image@2x.png */,
				1967B959180480C50092766D /* left-right-swipe-message.png */,
				19BDFDC717FD157A00B415C1 /* legacy-fb-button.png */,
				192BA7D717F9280D00ECBA49 /* legacy-header-text@2x.png */,
				197EA5A517F543740015DD78 /* 298-circlex@2x.png */,
				1945775617D3EAA000C5DB62 /* button-back.png */,
				1945775717D3EAA000C5DB62 /* button-forward.png */,
				1909A85F1772D44300256ED0 /* informationcircle.png */,
				1909A85D1772D3B300256ED0 /* FB-f-Logo__blue_100.png */,
				19C6F810171BBA1D00DDD6D9 /* oldpaper-bg@2x.png */,
				197308D31707B57C00FCADD3 /* question.png */,
				1993916516AA201000DA3CD9 /* icon@2x.png */,
				1993916316AA200A00DA3CD9 /* icon.png */,
				1993915F16AA1FDF00DA3CD9 /* icon.png */,
				1993916016AA1FDF00DA3CD9 /* icon@2x.png */,
			);
			name = Images;
			sourceTree = "<group>";
		};
		4EEA6CD315268ED200B96EFD = {
			isa = PBXGroup;
			children = (
				192BA7DD17F9595F00ECBA49 /* Default.png */,
				19C55E4B1783A7900099AE4A /* icon@2x.png */,
				19C55E491783A7890099AE4A /* icon.png */,
				4EEA6D021526902D00B96EFD /* Classes */,
				4EEA6D081526902D00B96EFD /* Resources */,
				4EEA6D091526902D00B96EFD /* Support */,
				4EEA6D101526906000B96EFD /* Dependencies */,
				4EEA6CE115268ED300B96EFD /* Frameworks */,
				4EEA6CDF15268ED200B96EFD /* Products */,
				F04133A44D8343DCAF034DB6 /* Pods-LegacyApp.xcconfig */,
			);
			sourceTree = "<group>";
		};
		4EEA6CDF15268ED200B96EFD /* Products */ = {
			isa = PBXGroup;
			children = (
				4EEA6CDE15268ED200B96EFD /* LegacyApp.app */,
			);
			name = Products;
			sourceTree = "<group>";
		};
		4EEA6CE115268ED300B96EFD /* Frameworks */ = {
			isa = PBXGroup;
			children = (
				19C7A16B186787B700130BEF /* MediaPlayer.framework */,
				198263A018616D1A00CA3FEE /* Reveal.framework */,
				1982639A1861639100CA3FEE /* libFlurry_4.2.3.a */,
				1982639B1861639100CA3FEE /* Flurry.h */,
				192784A91827C37E00DAA196 /* libz.dylib */,
				196C6B1C18051FCD00475ACB /* MessageUI.framework */,
				19354F1C17F1BA98007569F9 /* Security.framework */,
				4E0F3CA0154533E800369BE1 /* QuartzCore.framework */,
				4EEA6CE215268ED300B96EFD /* UIKit.framework */,
				4EEA6CE415268ED300B96EFD /* Foundation.framework */,
				4EEA6CE615268ED300B96EFD /* CoreGraphics.framework */,
				4750656191454527BBB82BAF /* libPods-LegacyApp.a */,
			);
			name = Frameworks;
			sourceTree = "<group>";
		};
		4EEA6D021526902D00B96EFD /* Classes */ = {
			isa = PBXGroup;
			children = (
				19C49EA616CA2BA400304AD6 /* AFAlertView.h */,
				19C49EA716CA2BA400304AD6 /* AFAlertView.m */,
				19C49EA816CA2BA400304AD6 /* AFAlertView.xib */,
				19BDFDD017FD3A8100B415C1 /* AMBlurView.h */,
				19BDFDD117FD3A8100B415C1 /* AMBlurView.m */,
				19C49EAC16CA3ABB00304AD6 /* button-pressed.png */,
				19C49EAD16CA3ABB00304AD6 /* button.png */,
				19D61CBA16B06D3500C81E60 /* Models */,
				19D61CB916B06D2600C81E60 /* Utilities */,
				4EEA6D031526902D00B96EFD /* AppDelegate.h */,
				4EEA6D041526902D00B96EFD /* AppDelegate.m */,
				19C49EAB16CA345800304AD6 /* Constants.h */,
				191CF63917488CE700086D5E /* CircleImageLayer.h */,
				191CF63A17488CE700086D5E /* CircleImageLayer.m */,
				1909A8611772E6AE00256ED0 /* CircleImageView.h */,
				1909A8621772E6B000256ED0 /* CircleImageView.m */,
				1975752217D06CA000822779 /* WebViewControls.h */,
				1975752317D06CA100822779 /* WebViewControls.m */,
				19C7BD8A174BC7AA004C8B0A /* Pages */,
				199354FB16D4A29700D73389 /* HorizontalContentHostingScrollView.h */,
				199354FC16D4A29700D73389 /* HorizontalContentHostingScrollView.m */,
				19BDFDCD17FD1EA200B415C1 /* SwipeMessage.h */,
				19BDFDCE17FD1EA200B415C1 /* SwipeMessage.m */,
				1967B9651804A85C0092766D /* SwipeMessage_OS7.xib */,
				19D29F6C16A66B8100D46B0A /* FBLoginViewController.h */,
				19D29F6D16A66B8100D46B0A /* FBLoginViewController.m */,
				19A524AD16B7CBAF00195D9D /* FriendPickerHandler.h */,
				19A524AE16B7CBAF00195D9D /* FriendPickerHandler.m */,
				4EEA6D3B1526A7CD00B96EFD /* FirstTimeLoadScreen.h */,
				4EEA6D3C1526A7CD00B96EFD /* FirstTimeLoadScreen.m */,
				1993550C16D4E8F600D73389 /* ImageWidgetContainer.h */,
				1993550A16D4E8CB00D73389 /* ImageWidgetContainer.m */,
				192E6E411724B1AA008C9153 /* ImageWidget.h */,
				192E6E421724B1AA008C9153 /* ImageWidget.m */,
				19D29F7F16A674C200D46B0A /* MainScreen.h */,
				19D29F8016A674C200D46B0A /* MainScreen.m */,
				196B77511817D52D00DF0C65 /* MainScreen.xib */,
				196C6B1E18052D8200475ACB /* PasscodeScreenViewController.h */,
				196C6B1F18052D8200475ACB /* PasscodeScreenViewController.m */,
				196C6B2018052D8200475ACB /* PasscodeScreenViewController.xib */,
				1909A86F1776B41700256ED0 /* Row Components */,
				1909A85A1772D21300256ED0 /* FigureRowActionOverlay.h */,
				1909A85B1772D21500256ED0 /* FigureRowActionOverlay.m */,
				192E42B1174668E900192BD5 /* ProgressIndicator.h */,
				192E42B2174668E900192BD5 /* ProgressIndicator.m */,
				191CF6361747341700086D5E /* RightIndicatorLines.h */,
				191CF6371747341700086D5E /* RightIndicatorLines.m */,
				191F78FE1783990B00729F2A /* RelatedEventLabel.h */,
				191F78FF1783990B00729F2A /* RelatedEventLabel.m */,
				4E640C1515460474009D8DC6 /* SettingsModalView.h */,
				4E640C1615460474009D8DC6 /* SettingsModalView.m */,
				19632BA816DC5A9100E0EA75 /* ScrollViewStickLines.h */,
				19632BA916DC5A9100E0EA75 /* ScrollViewStickLines.m */,
				4EEA6D431526A90200B96EFD /* LegacyAppConnection.h */,
				4EEA6D441526A90200B96EFD /* LegacyAppConnection.m */,
				4EEA6D5B1526CAEF00B96EFD /* LegacyAppRequest.h */,
				4EEA6D5C1526CAEF00B96EFD /* LegacyAppRequest.m */,
				4EEA6D071526902D00B96EFD /* main.m */,
			);
			path = Classes;
			sourceTree = "<group>";
		};
		4EEA6D081526902D00B96EFD /* Resources */ = {
			isa = PBXGroup;
			children = (
				19C7A16A1867870500130BEF /* splash-animation.mp4 */,
				192BA7DB17F9575400ECBA49 /* Images.xcassets */,
				191E849C17F92655003A37AC /* Cinzel-Regular.ttf */,
				1975752517D06CBD00822779 /* WebViewControls.xib */,
				19C7BD851749DD68004C8B0A /* DescriptionPage.xib */,
				194E327316DF4150007A55D7 /* LegacyWebView.xib */,
				1997B72816DEBA31009692F5 /* LegacyModel.xcdatamodeld */,
				19D61CCF16B23B6400C81E60 /* Images */,
				1993550816D4E89900D73389 /* ImageWidgetContainer.xib */,
				19277236173B560D00A9F51D /* RelatedEventLabel.xib */,
			);
			path = Resources;
			sourceTree = "<group>";
		};
		4EEA6D091526902D00B96EFD /* Support */ = {
			isa = PBXGroup;
			children = (
				4EEA6D051526902D00B96EFD /* InfoPlist.strings */,
				4EEA6D0A1526902D00B96EFD /* LegacyApp-Info.plist */,
				4EEA6D0B1526902D00B96EFD /* LegacyApp-Prefix.pch */,
			);
			path = Support;
			sourceTree = "<group>";
		};
		4EEA6D101526906000B96EFD /* Dependencies */ = {
			isa = PBXGroup;
			children = (
				19D29F7D16A671C800D46B0A /* Accounts.framework */,
				199C0CAB16C0C0D900068E73 /* CoreData.framework */,
				19D29F7916A6706A00D46B0A /* CFNetwork.framework */,
				19D29F7716A6706200D46B0A /* SystemConfiguration.framework */,
				19D29F7516A6705600D46B0A /* AdSupport.framework */,
				19D29F5D16A5483400D46B0A /* Social.framework */,
			);
			path = Dependencies;
			sourceTree = "<group>";
		};
/* End PBXGroup section */

/* Begin PBXNativeTarget section */
		4EEA6CDD15268ED200B96EFD /* LegacyApp */ = {
			isa = PBXNativeTarget;
			buildConfigurationList = 4EEA6CF615268ED300B96EFD /* Build configuration list for PBXNativeTarget "LegacyApp" */;
			buildPhases = (
				45D0B4F6EC714F2F97571EBE /* Check Pods Manifest.lock */,
				4EEA6CDA15268ED200B96EFD /* Sources */,
				4EEA6CDB15268ED200B96EFD /* Frameworks */,
				4EEA6CDC15268ED200B96EFD /* Resources */,
				2169295CF7D64867A65A23AB /* Copy Pods Resources */,
			);
			buildRules = (
			);
			dependencies = (
			);
			name = LegacyApp;
			productName = LegacyApp;
			productReference = 4EEA6CDE15268ED200B96EFD /* LegacyApp.app */;
			productType = "com.apple.product-type.application";
		};
/* End PBXNativeTarget section */

/* Begin PBXProject section */
		4EEA6CD515268ED200B96EFD /* Project object */ = {
			isa = PBXProject;
			attributes = {
				LastUpgradeCheck = 0460;
				TargetAttributes = {
					4EEA6CDD15268ED200B96EFD = {
						DevelopmentTeam = KGJCC745S9;
					};
				};
			};
			buildConfigurationList = 4EEA6CD815268ED200B96EFD /* Build configuration list for PBXProject "LegacyApp" */;
			compatibilityVersion = "Xcode 3.2";
			developmentRegion = English;
			hasScannedForEncodings = 0;
			knownRegions = (
				en,
			);
			mainGroup = 4EEA6CD315268ED200B96EFD;
			productRefGroup = 4EEA6CDF15268ED200B96EFD /* Products */;
			projectDirPath = "";
			projectRoot = "";
			targets = (
				4EEA6CDD15268ED200B96EFD /* LegacyApp */,
			);
		};
/* End PBXProject section */

/* Begin PBXResourcesBuildPhase section */
		4EEA6CDC15268ED200B96EFD /* Resources */ = {
			isa = PBXResourcesBuildPhase;
			buildActionMask = 2147483647;
			files = (
				19BDFDC817FD157A00B415C1 /* legacy-fb-button.png in Resources */,
				1993916116AA1FDF00DA3CD9 /* icon.png in Resources */,
				1993916216AA1FDF00DA3CD9 /* icon@2x.png in Resources */,
				19C7A16918670FD600130BEF /* facebook-icon@2x.png in Resources */,
				192BA7DE17F9595F00ECBA49 /* Default.png in Resources */,
				1967B95E180484790092766D /* webview-annotation-image@2x.png in Resources */,
				1993916416AA200A00DA3CD9 /* icon.png in Resources */,
				1993916616AA201000DA3CD9 /* icon@2x.png in Resources */,
				1967B9691804AB170092766D /* chevron-left.png in Resources */,
				191E849F17F9265D003A37AC /* Cinzel-Regular.ttf in Resources */,
				19C7A16818670FD600130BEF /* facebook-icon.png in Resources */,
				1967B95C180483D30092766D /* timeline-annotation-image@2x.png in Resources */,
				1967B95A180480C50092766D /* left-right-swipe-message.png in Resources */,
				19C49EAA16CA2BA400304AD6 /* AFAlertView.xib in Resources */,
				1967B96F1804B8440092766D /* chevron-right@2x.png in Resources */,
				196B77521817D52E00DF0C65 /* MainScreen.xib in Resources */,
				1967B963180491B60092766D /* chevron-arrow@2x.png in Resources */,
				1967B9701804B8440092766D /* left-right-swipe-message@2x.png in Resources */,
				19C49EAE16CA3ABC00304AD6 /* button-pressed.png in Resources */,
				19C49EAF16CA3ABC00304AD6 /* button.png in Resources */,
				1993550916D4E89900D73389 /* ImageWidgetContainer.xib in Resources */,
				198263AB18619D6800CA3FEE /* next-arrow-gray@2x.png in Resources */,
				198263AA18619D6800CA3FEE /* next-arrow-gray.png in Resources */,
				1993550B16D4E8CB00D73389 /* ImageWidgetContainer.m in Resources */,
				19BDFDBD17FBA4ED00B415C1 /* NoEventPersonRow.xib in Resources */,
				192BA7D817F9280D00ECBA49 /* legacy-header-text@2x.png in Resources */,
				196C6B2218052D8200475ACB /* PasscodeScreenViewController.xib in Resources */,
				194E327416DF4150007A55D7 /* LegacyWebView.xib in Resources */,
				197308D41707B57C00FCADD3 /* question.png in Resources */,
				19C6F811171BBA1D00DDD6D9 /* oldpaper-bg@2x.png in Resources */,
				198263A418616DC600CA3FEE /* add-friends.png in Resources */,
				19277237173B560D00A9F51D /* RelatedEventLabel.xib in Resources */,
				19C7BD861749DD68004C8B0A /* DescriptionPage.xib in Resources */,
				197EA5A617F543740015DD78 /* 298-circlex@2x.png in Resources */,
				1967B9661804A85C0092766D /* SwipeMessage_OS7.xib in Resources */,
				192BA7DC17F9575400ECBA49 /* Images.xcassets in Resources */,
				1909A85E1772D3B300256ED0 /* FB-f-Logo__blue_100.png in Resources */,
				1909A8601772D44300256ED0 /* informationcircle.png in Resources */,
				198263A518616DC600CA3FEE /* add-friends@2x.png in Resources */,
				1909A8741776B45100256ED0 /* FacebookSignInButton.xib in Resources */,
				19C55E4A1783A7890099AE4A /* icon.png in Resources */,
				1967B96E1804B8440092766D /* chevron-left@2x.png in Resources */,
				19C55E4C1783A7900099AE4A /* icon@2x.png in Resources */,
				197305F017C5CA6700958D15 /* EventInfoTimelineCell.xib in Resources */,
				1926F0C317CF82CB00406AB4 /* LegacyInfoPage.xib in Resources */,
				1975752617D06CBD00822779 /* WebViewControls.xib in Resources */,
				1975752817D06EA800822779 /* EventInfoHeaderCell.xib in Resources */,
				196C6B2418052DEC00475ACB /* legacyapp-headertext_03@2x.png in Resources */,
				1967B96A1804AB170092766D /* chevron-right.png in Resources */,
				1945775817D3EAA000C5DB62 /* button-back.png in Resources */,
				1945775917D3EAA000C5DB62 /* button-forward.png in Resources */,
				19C7A16D186788C300130BEF /* splash-animation.mp4 in Resources */,
			);
			runOnlyForDeploymentPostprocessing = 0;
		};
/* End PBXResourcesBuildPhase section */

/* Begin PBXShellScriptBuildPhase section */
		2169295CF7D64867A65A23AB /* Copy Pods Resources */ = {
			isa = PBXShellScriptBuildPhase;
			buildActionMask = 2147483647;
			files = (
			);
			inputPaths = (
			);
			name = "Copy Pods Resources";
			outputPaths = (
			);
			runOnlyForDeploymentPostprocessing = 0;
			shellPath = /bin/sh;
			shellScript = "\"${SRCROOT}/Pods/Pods-LegacyApp-resources.sh\"\n";
			showEnvVarsInLog = 0;
		};
		45D0B4F6EC714F2F97571EBE /* Check Pods Manifest.lock */ = {
			isa = PBXShellScriptBuildPhase;
			buildActionMask = 2147483647;
			files = (
			);
			inputPaths = (
			);
			name = "Check Pods Manifest.lock";
			outputPaths = (
			);
			runOnlyForDeploymentPostprocessing = 0;
			shellPath = /bin/sh;
			shellScript = "diff \"${PODS_ROOT}/../Podfile.lock\" \"${PODS_ROOT}/Manifest.lock\" > /dev/null\nif [[ $? != 0 ]] ; then\n    cat << EOM\nerror: The sandbox is not in sync with the Podfile.lock. Run 'pod install' or update your CocoaPods installation.\nEOM\n    exit 1\nfi\n";
			showEnvVarsInLog = 0;
		};
/* End PBXShellScriptBuildPhase section */

/* Begin PBXSourcesBuildPhase section */
		4EEA6CDA15268ED200B96EFD /* Sources */ = {
			isa = PBXSourcesBuildPhase;
			buildActionMask = 2147483647;
			files = (
				194E327216DEBCE4007A55D7 /* Constants.h in Sources */,
				19348DCA16D4EAD200126BC7 /* ImageWidgetContainer.m in Sources */,
				4EEA6D0C1526902D00B96EFD /* AppDelegate.m in Sources */,
				4EEA6D0E1526902D00B96EFD /* main.m in Sources */,
				4EEA6D451526A90200B96EFD /* LegacyAppConnection.m in Sources */,
				4EEA6D5D1526CAEF00B96EFD /* LegacyAppRequest.m in Sources */,
				4E0F3CA715453CB200369BE1 /* Utility_AppSettings.m in Sources */,
				4E640C1715460474009D8DC6 /* SettingsModalView.m in Sources */,
				4E640C1D15460C5A009D8DC6 /* Utility_Notifications.m in Sources */,
				19D29F6E16A66B8100D46B0A /* FBLoginViewController.m in Sources */,
				1982639F18616AD300CA3FEE /* UIView+LayoutHelpers.m in Sources */,
				19D29F8116A674C200D46B0A /* MainScreen.m in Sources */,
				19BDFDB917FBA44900B415C1 /* NoEventPersonRow.m in Sources */,
				19D61CB116B05D4F00C81E60 /* ObjectArchiveAccessor.m in Sources */,
				19A524AF16B7CBAF00195D9D /* FriendPickerHandler.m in Sources */,
				19C49EA916CA2BA400304AD6 /* AFAlertView.m in Sources */,
				199354FD16D4A29700D73389 /* HorizontalContentHostingScrollView.m in Sources */,
				19632B9616DB036900E0EA75 /* FigureRowContentView.m in Sources */,
				195B600216DEB7D3006215E9 /* LegacyWebView.m in Sources */,
				1997B72A16DEBA31009692F5 /* LegacyModel.xcdatamodeld in Sources */,
				192E6E431724B1AA008C9153 /* ImageWidget.m in Sources */,
				192E42B3174668E900192BD5 /* ProgressIndicator.m in Sources */,
				191CF6381747341700086D5E /* RightIndicatorLines.m in Sources */,
				191CF63B17488CE700086D5E /* CircleImageLayer.m in Sources */,
				191CF63E1749635D00086D5E /* FigureRowHorizontalScrollView.m in Sources */,
				192BA7E717F9D76600ECBA49 /* FacebookUtils.m in Sources */,
				19C7BD8C174BF3F9004C8B0A /* CGRectUtils.m in Sources */,
				1909A84D1771F4B100256ED0 /* Event.m in Sources */,
				1909A8501772B39400256ED0 /* Person.m in Sources */,
				1909A8531772BCCD00256ED0 /* DataSyncUtility.m in Sources */,
				1909A85C1772D21600256ED0 /* FigureRowActionOverlay.m in Sources */,
				1909A8631772E6B200256ED0 /* CircleImageView.m in Sources */,
				1909A8691776192100256ED0 /* FigureRowTablePage.m in Sources */,
				1909A8731776B45100256ED0 /* FacebookSignInButton.m in Sources */,
				1909A87B1777471E00256ED0 /* TopActionView.m in Sources */,
				19BDFDC417FBE99800B415C1 /* EventPersonRelation.m in Sources */,
				191F79001783990B00729F2A /* RelatedEventLabel.m in Sources */,
				197305E817C5B32D00958D15 /* EventInfoHeaderCell.m in Sources */,
				197305EB17C5B66A00958D15 /* EventInfoTableView.m in Sources */,
				197305EE17C5C41500958D15 /* EventInfoTimelineCell.m in Sources */,
				19BDFDD217FD3A8100B415C1 /* AMBlurView.m in Sources */,
				197305F317C5D54500958D15 /* LegacyInfoPage.m in Sources */,
				1975751E17D04F4700822779 /* Figure.m in Sources */,
				1975752117D053D900822779 /* ImageDownloadUtil.m in Sources */,
				1975752417D06CA100822779 /* WebViewControls.m in Sources */,
				1945775E17D4F68C00C5DB62 /* FigureNameLabelBlurLayer.m in Sources */,
				1945776E17D5A02E00C5DB62 /* UIImage+StackBlur.m in Sources */,
				19BDFDCF17FD1EA200B415C1 /* SwipeMessage.m in Sources */,
				1980719017E8117B0039FC65 /* FigureRowCell.m in Sources */,
			);
			runOnlyForDeploymentPostprocessing = 0;
		};
/* End PBXSourcesBuildPhase section */

/* Begin PBXVariantGroup section */
		4EEA6D051526902D00B96EFD /* InfoPlist.strings */ = {
			isa = PBXVariantGroup;
			children = (
				4EEA6D061526902D00B96EFD /* en */,
			);
			name = InfoPlist.strings;
			path = ../Classes;
			sourceTree = "<group>";
		};
/* End PBXVariantGroup section */

/* Begin XCBuildConfiguration section */
		4EEA6CF415268ED300B96EFD /* Debug */ = {
			isa = XCBuildConfiguration;
			buildSettings = {
				ALWAYS_SEARCH_USER_PATHS = NO;
				ARCHS = "$(ARCHS_STANDARD_32_BIT)";
				CLANG_ENABLE_OBJC_ARC = YES;
				CLANG_WARN_CONSTANT_CONVERSION = YES;
				CLANG_WARN_ENUM_CONVERSION = YES;
				CLANG_WARN_INT_CONVERSION = YES;
				CLANG_WARN__DUPLICATE_METHOD_MATCH = YES;
				CODE_SIGN_IDENTITY = "iPhone Developer: Alex Freas (397NMKG2NM)";
				"CODE_SIGN_IDENTITY[sdk=iphoneos*]" = "iPhone Developer";
				COPY_PHASE_STRIP = NO;
				GCC_C_LANGUAGE_STANDARD = gnu99;
				GCC_DYNAMIC_NO_PIC = NO;
				GCC_OPTIMIZATION_LEVEL = 0;
				GCC_PREPROCESSOR_DEFINITIONS = (
					"DEBUG=1",
					"$(inherited)",
				);
				GCC_SYMBOLS_PRIVATE_EXTERN = NO;
				GCC_VERSION = com.apple.compilers.llvm.clang.1_0;
				GCC_WARN_ABOUT_RETURN_TYPE = YES;
				GCC_WARN_UNINITIALIZED_AUTOS = YES;
				GCC_WARN_UNUSED_VARIABLE = YES;
				IPHONEOS_DEPLOYMENT_TARGET = 6.0;
				PROVISIONING_PROFILE = "68261001-48CD-4E35-BFBA-F0DE827DA475";
				SDKROOT = iphoneos;
			};
			name = Debug;
		};
		4EEA6CF515268ED300B96EFD /* Release */ = {
			isa = XCBuildConfiguration;
			buildSettings = {
				ALWAYS_SEARCH_USER_PATHS = NO;
				ARCHS = "$(ARCHS_STANDARD_32_BIT)";
				CLANG_ENABLE_OBJC_ARC = YES;
				CLANG_WARN_CONSTANT_CONVERSION = YES;
				CLANG_WARN_ENUM_CONVERSION = YES;
				CLANG_WARN_INT_CONVERSION = YES;
				CLANG_WARN__DUPLICATE_METHOD_MATCH = YES;
				CODE_SIGN_IDENTITY = "iPhone Distribution";
				"CODE_SIGN_IDENTITY[sdk=iphoneos*]" = "iPhone Distribution";
				COPY_PHASE_STRIP = YES;
				GCC_C_LANGUAGE_STANDARD = gnu99;
				GCC_VERSION = com.apple.compilers.llvm.clang.1_0;
				GCC_WARN_ABOUT_RETURN_TYPE = YES;
				GCC_WARN_UNINITIALIZED_AUTOS = YES;
				GCC_WARN_UNUSED_VARIABLE = YES;
				IPHONEOS_DEPLOYMENT_TARGET = 6.0;
				OTHER_CFLAGS = "-DNS_BLOCK_ASSERTIONS=1";
				PROVISIONING_PROFILE = "";
				"PROVISIONING_PROFILE[sdk=iphoneos*]" = "";
				SDKROOT = iphoneos;
				VALIDATE_PRODUCT = YES;
			};
			name = Release;
		};
		4EEA6CF715268ED300B96EFD /* Debug */ = {
			isa = XCBuildConfiguration;
			baseConfigurationReference = F04133A44D8343DCAF034DB6 /* Pods-LegacyApp.xcconfig */;
			buildSettings = {
				ASSETCATALOG_COMPILER_APPICON_NAME = AppIcon;
				ASSETCATALOG_COMPILER_LAUNCHIMAGE_NAME = LaunchImage;
				CODE_SIGN_IDENTITY = "iPhone Developer: Alex Freas (397NMKG2NM)";
				"CODE_SIGN_IDENTITY[sdk=iphoneos*]" = "";
				FRAMEWORK_SEARCH_PATHS = (
					"$(inherited)",
					"\\\\\\\"$(SRCROOT)/Dependencies\\\\\\\"",
					"\\\\\\\"$(SYSTEM_APPS_DIR)/Reveal.app/Contents/SharedSupport/iOS-Libraries\\\\\\\"",
					"$(SRCROOT)",
					"\\\\\\\"$(SRCROOT)/Socialize.embeddedframework\\\\\\\"",
					/Volumes/SSD_SUPPORT/Dropbox/sashimiblade/AtYourAge/iosapp/LegacyApp/Dependencies,
					"$(SYSTEM_APPS_DIR)/Reveal.app/Contents/SharedSupport/iOS-Libraries",
				);
				GCC_PRECOMPILE_PREFIX_HEADER = YES;
				GCC_PREFIX_HEADER = "Support/LegacyApp-Prefix.pch";
				INFOPLIST_FILE = "Support/LegacyApp-Info.plist";
				IPHONEOS_DEPLOYMENT_TARGET = 7.0;
				LIBRARY_SEARCH_PATHS = (
					"$(inherited)",
					/Volumes/SSD_SUPPORT/Dropbox/sashimiblade/AtYourAge/iosapp/LegacyApp,
					"/Volumes/SSD_SUPPORT/Dropbox/sashimiblade/AtYourAge/iosapp/legacy-iphone",
				);
				OTHER_CFLAGS = "-DDEBUG=1";
				OTHER_LDFLAGS = (
					"$(inherited)",
					"-lsqlite3.0",
					"-ObjC",
					"-all_load",
				);
				PRODUCT_NAME = "$(TARGET_NAME)";
				PROVISIONING_PROFILE = "69425896-DE7B-40FE-9524-7FE1568C089E";
				"PROVISIONING_PROFILE[sdk=iphoneos*]" = "69425896-DE7B-40FE-9524-7FE1568C089E";
				WRAPPER_EXTENSION = app;
			};
			name = Debug;
		};
		4EEA6CF815268ED300B96EFD /* Release */ = {
			isa = XCBuildConfiguration;
			baseConfigurationReference = F04133A44D8343DCAF034DB6 /* Pods-LegacyApp.xcconfig */;
			buildSettings = {
				ASSETCATALOG_COMPILER_APPICON_NAME = AppIcon;
				ASSETCATALOG_COMPILER_LAUNCHIMAGE_NAME = LaunchImage;
				CODE_SIGN_IDENTITY = "iPhone Developer: Alex Freas (397NMKG2NM)";
				"CODE_SIGN_IDENTITY[sdk=iphoneos*]" = "";
				FRAMEWORK_SEARCH_PATHS = (
					"$(inherited)",
					"\\\\\\\"$(SRCROOT)/Dependencies\\\\\\\"",
					"\\\\\\\"$(SYSTEM_APPS_DIR)/Reveal.app/Contents/SharedSupport/iOS-Libraries\\\\\\\"",
					"$(SRCROOT)",
					"\\\\\\\"$(SRCROOT)/Socialize.embeddedframework\\\\\\\"",
					/Volumes/SSD_SUPPORT/Dropbox/sashimiblade/AtYourAge/iosapp/LegacyApp/Dependencies,
					"$(SYSTEM_APPS_DIR)/Reveal.app/Contents/SharedSupport/iOS-Libraries",
				);
				GCC_OPTIMIZATION_LEVEL = s;
				GCC_PRECOMPILE_PREFIX_HEADER = YES;
				GCC_PREFIX_HEADER = "Support/LegacyApp-Prefix.pch";
				INFOPLIST_FILE = "Support/LegacyApp-Info.plist";
				IPHONEOS_DEPLOYMENT_TARGET = 7.0;
				LIBRARY_SEARCH_PATHS = (
					"$(inherited)",
					/Volumes/SSD_SUPPORT/Dropbox/sashimiblade/AtYourAge/iosapp/LegacyApp,
					"/Volumes/SSD_SUPPORT/Dropbox/sashimiblade/AtYourAge/iosapp/legacy-iphone",
				);
				OTHER_LDFLAGS = (
					"-lsqlite3.0",
					"-ObjC",
					"-all_load",
					"$(inherited)",
				);
				PRODUCT_NAME = "$(TARGET_NAME)";
				PROVISIONING_PROFILE = "CB2FAA9E-1EE3-4982-9EC4-DEA5C909FBB4";
				"PROVISIONING_PROFILE[sdk=iphoneos*]" = "CB2FAA9E-1EE3-4982-9EC4-DEA5C909FBB4";
				WRAPPER_EXTENSION = app;
			};
			name = Release;
		};
/* End XCBuildConfiguration section */

/* Begin XCConfigurationList section */
		4EEA6CD815268ED200B96EFD /* Build configuration list for PBXProject "LegacyApp" */ = {
			isa = XCConfigurationList;
			buildConfigurations = (
				4EEA6CF415268ED300B96EFD /* Debug */,
				4EEA6CF515268ED300B96EFD /* Release */,
			);
			defaultConfigurationIsVisible = 0;
			defaultConfigurationName = Release;
		};
		4EEA6CF615268ED300B96EFD /* Build configuration list for PBXNativeTarget "LegacyApp" */ = {
			isa = XCConfigurationList;
			buildConfigurations = (
				4EEA6CF715268ED300B96EFD /* Debug */,
				4EEA6CF815268ED300B96EFD /* Release */,
			);
			defaultConfigurationIsVisible = 0;
			defaultConfigurationName = Release;
		};
/* End XCConfigurationList section */

/* Begin XCVersionGroup section */
		1997B72816DEBA31009692F5 /* LegacyModel.xcdatamodeld */ = {
			isa = XCVersionGroup;
			children = (
				1997B72916DEBA31009692F5 /* LegacyModel.xcdatamodel */,
			);
			currentVersion = 1997B72916DEBA31009692F5 /* LegacyModel.xcdatamodel */;
			path = LegacyModel.xcdatamodeld;
			sourceTree = "<group>";
			versionGroupType = wrapper.xcdatamodel;
		};
/* End XCVersionGroup section */
	};
	rootObject = 4EEA6CD515268ED200B96EFD /* Project object */;
}
