// !$*UTF8*$!
{
	archiveVersion = 1;
	classes = {
	};
	objectVersion = 46;
	objects = {

/* Begin PBXBuildFile section */
		191866FD16D4373500220A42 /* MainScreen.xib in Resources */ = {isa = PBXBuildFile; fileRef = 191866FC16D4373500220A42 /* MainScreen.xib */; };
		199354F116D4A05E00D73389 /* PersonInfoView.xib in Resources */ = {isa = PBXBuildFile; fileRef = 199354F016D4A05E00D73389 /* PersonInfoView.xib */; };
		199354F416D4A19B00D73389 /* PersonInfoView.m in Sources */ = {isa = PBXBuildFile; fileRef = 199354F316D4A19B00D73389 /* PersonInfoView.m */; };
		199354FA16D4A28100D73389 /* EventInfoHostingView_old.m in Sources */ = {isa = PBXBuildFile; fileRef = 199354F916D4A28100D73389 /* EventInfoHostingView_old.m */; };
		199354FD16D4A29700D73389 /* EventInfoScrollView.m in Sources */ = {isa = PBXBuildFile; fileRef = 199354FC16D4A29700D73389 /* EventInfoScrollView.m */; };
		1993550116D4B6F700D73389 /* Person.m in Sources */ = {isa = PBXBuildFile; fileRef = 199354FF16D4B32E00D73389 /* Person.m */; };
		1993916116AA1FDF00DA3CD9 /* icon.png in Resources */ = {isa = PBXBuildFile; fileRef = 1993915F16AA1FDF00DA3CD9 /* icon.png */; };
		1993916216AA1FDF00DA3CD9 /* icon@2x.png in Resources */ = {isa = PBXBuildFile; fileRef = 1993916016AA1FDF00DA3CD9 /* icon@2x.png */; };
		1993916416AA200A00DA3CD9 /* icon.png in Resources */ = {isa = PBXBuildFile; fileRef = 1993916316AA200A00DA3CD9 /* icon.png */; };
		1993916616AA201000DA3CD9 /* icon@2x.png in Resources */ = {isa = PBXBuildFile; fileRef = 1993916516AA201000DA3CD9 /* icon@2x.png */; };
		199C0CAD16C0C0F300068E73 /* CoreData.framework in Frameworks */ = {isa = PBXBuildFile; fileRef = 199C0CAB16C0C0D900068E73 /* CoreData.framework */; };
		199C0CB016C0C19D00068E73 /* YardstickModel.xcdatamodeld in Sources */ = {isa = PBXBuildFile; fileRef = 199C0CAE16C0C19D00068E73 /* YardstickModel.xcdatamodeld */; };
		19A524A116B75FE400195D9D /* friend-icon.png in Resources */ = {isa = PBXBuildFile; fileRef = 19A524A016B75FE400195D9D /* friend-icon.png */; };
		19A524A416B7B6ED00195D9D /* AddFriendsCell.xib in Resources */ = {isa = PBXBuildFile; fileRef = 19A524A316B7B6ED00195D9D /* AddFriendsCell.xib */; };
		19A524AF16B7CBAF00195D9D /* FriendPickerHandler.m in Sources */ = {isa = PBXBuildFile; fileRef = 19A524AE16B7CBAF00195D9D /* FriendPickerHandler.m */; };
		19C49EA916CA2BA400304AD6 /* AFAlertView.m in Sources */ = {isa = PBXBuildFile; fileRef = 19C49EA716CA2BA400304AD6 /* AFAlertView.m */; };
		19C49EAA16CA2BA400304AD6 /* AFAlertView.xib in Resources */ = {isa = PBXBuildFile; fileRef = 19C49EA816CA2BA400304AD6 /* AFAlertView.xib */; };
		19C49EAE16CA3ABC00304AD6 /* button-pressed.png in Resources */ = {isa = PBXBuildFile; fileRef = 19C49EAC16CA3ABB00304AD6 /* button-pressed.png */; };
		19C49EAF16CA3ABC00304AD6 /* button.png in Resources */ = {isa = PBXBuildFile; fileRef = 19C49EAD16CA3ABB00304AD6 /* button.png */; };
		19D29F5816A5461000D46B0A /* Default-568h@2x.png in Resources */ = {isa = PBXBuildFile; fileRef = 19D29F5716A5461000D46B0A /* Default-568h@2x.png */; };
		19D29F5A16A5462300D46B0A /* Default@2x.png in Resources */ = {isa = PBXBuildFile; fileRef = 19D29F5916A5462300D46B0A /* Default@2x.png */; };
		19D29F5C16A5481D00D46B0A /* FacebookSDK.framework in Frameworks */ = {isa = PBXBuildFile; fileRef = 19D29F5B16A5481D00D46B0A /* FacebookSDK.framework */; };
		19D29F5E16A5483400D46B0A /* Social.framework in Frameworks */ = {isa = PBXBuildFile; fileRef = 19D29F5D16A5483400D46B0A /* Social.framework */; };
		19D29F6E16A66B8100D46B0A /* FBLoginViewController.m in Sources */ = {isa = PBXBuildFile; fileRef = 19D29F6D16A66B8100D46B0A /* FBLoginViewController.m */; };
		19D29F7616A6705600D46B0A /* AdSupport.framework in Frameworks */ = {isa = PBXBuildFile; fileRef = 19D29F7516A6705600D46B0A /* AdSupport.framework */; };
		19D29F7816A6706200D46B0A /* SystemConfiguration.framework in Frameworks */ = {isa = PBXBuildFile; fileRef = 19D29F7716A6706200D46B0A /* SystemConfiguration.framework */; };
		19D29F7A16A6706A00D46B0A /* CFNetwork.framework in Frameworks */ = {isa = PBXBuildFile; fileRef = 19D29F7916A6706A00D46B0A /* CFNetwork.framework */; };
		19D29F7C16A6716F00D46B0A /* FacebookSDKResources.bundle in Resources */ = {isa = PBXBuildFile; fileRef = 19D29F7B16A6716F00D46B0A /* FacebookSDKResources.bundle */; };
		19D29F7E16A671C800D46B0A /* Accounts.framework in Frameworks */ = {isa = PBXBuildFile; fileRef = 19D29F7D16A671C800D46B0A /* Accounts.framework */; };
		19D29F8116A674C200D46B0A /* MainScreen.m in Sources */ = {isa = PBXBuildFile; fileRef = 19D29F8016A674C200D46B0A /* MainScreen.m */; };
		19D61CA116AFA76800C81E60 /* AgeArticleView.xib in Resources */ = {isa = PBXBuildFile; fileRef = 19D61CA016AFA76800C81E60 /* AgeArticleView.xib */; };
		19D61CA516AFC5B900C81E60 /* AgeArticleView.m in Sources */ = {isa = PBXBuildFile; fileRef = 19D61CA416AFC5B900C81E60 /* AgeArticleView.m */; };
		19D61CB116B05D4F00C81E60 /* ObjectArchiveAccessor.m in Sources */ = {isa = PBXBuildFile; fileRef = 19D61CB016B05D4E00C81E60 /* ObjectArchiveAccessor.m */; };
		19D61CC416B224FF00C81E60 /* HeaderImg@2x.png in Resources */ = {isa = PBXBuildFile; fileRef = 19D61CC316B224FF00C81E60 /* HeaderImg@2x.png */; };
		19D61CC716B2370A00C81E60 /* 19-gear.png in Resources */ = {isa = PBXBuildFile; fileRef = 19D61CC516B2370A00C81E60 /* 19-gear.png */; };
		19D61CC816B2370A00C81E60 /* 19-gear@2x.png in Resources */ = {isa = PBXBuildFile; fileRef = 19D61CC616B2370A00C81E60 /* 19-gear@2x.png */; };
		19D61CD216B250E100C81E60 /* FriendTableViewController.m in Sources */ = {isa = PBXBuildFile; fileRef = 19D61CD116B250E100C81E60 /* FriendTableViewController.m */; };
		4E0F3C961544CA8D00369BE1 /* AgeDisplaySegmentedControl.m in Sources */ = {isa = PBXBuildFile; fileRef = 4E0F3C951544CA8D00369BE1 /* AgeDisplaySegmentedControl.m */; };
		4E0F3CA1154533E800369BE1 /* QuartzCore.framework in Frameworks */ = {isa = PBXBuildFile; fileRef = 4E0F3CA0154533E800369BE1 /* QuartzCore.framework */; };
		4E0F3CA41545395900369BE1 /* SwitchPersonCell.m in Sources */ = {isa = PBXBuildFile; fileRef = 4E0F3CA31545395900369BE1 /* SwitchPersonCell.m */; };
		4E0F3CA715453CB200369BE1 /* Utility_AppSettings.m in Sources */ = {isa = PBXBuildFile; fileRef = 4E0F3CA615453CB200369BE1 /* Utility_AppSettings.m */; };
		4E640C1715460474009D8DC6 /* SettingsModalView.m in Sources */ = {isa = PBXBuildFile; fileRef = 4E640C1615460474009D8DC6 /* SettingsModalView.m */; };
		4E640C1D15460C5A009D8DC6 /* Utility_Notifications.m in Sources */ = {isa = PBXBuildFile; fileRef = 4E640C1C15460C5A009D8DC6 /* Utility_Notifications.m */; };
		4E6478BA15439BC800CE47F1 /* BSKeyboardControls.m in Sources */ = {isa = PBXBuildFile; fileRef = 4E6478B915439BC800CE47F1 /* BSKeyboardControls.m */; };
		4E6478C3154467DA00CE47F1 /* SwitchPerson.xib in Resources */ = {isa = PBXBuildFile; fileRef = 4E6478C2154467DA00CE47F1 /* SwitchPerson.xib */; };
		4EEA6CE315268ED300B96EFD /* UIKit.framework in Frameworks */ = {isa = PBXBuildFile; fileRef = 4EEA6CE215268ED300B96EFD /* UIKit.framework */; };
		4EEA6CE515268ED300B96EFD /* Foundation.framework in Frameworks */ = {isa = PBXBuildFile; fileRef = 4EEA6CE415268ED300B96EFD /* Foundation.framework */; };
		4EEA6CE715268ED300B96EFD /* CoreGraphics.framework in Frameworks */ = {isa = PBXBuildFile; fileRef = 4EEA6CE615268ED300B96EFD /* CoreGraphics.framework */; };
		4EEA6D0C1526902D00B96EFD /* AppDelegate.m in Sources */ = {isa = PBXBuildFile; fileRef = 4EEA6D041526902D00B96EFD /* AppDelegate.m */; };
		4EEA6D0E1526902D00B96EFD /* main.m in Sources */ = {isa = PBXBuildFile; fileRef = 4EEA6D071526902D00B96EFD /* main.m */; };
		4EEA6D2B1526906000B96EFD /* NSObject+SBJson.m in Sources */ = {isa = PBXBuildFile; fileRef = 4EEA6D131526906000B96EFD /* NSObject+SBJson.m */; };
		4EEA6D2C1526906000B96EFD /* SBJsonParser.m in Sources */ = {isa = PBXBuildFile; fileRef = 4EEA6D161526906000B96EFD /* SBJsonParser.m */; };
		4EEA6D2D1526906000B96EFD /* SBJsonStreamParser.m in Sources */ = {isa = PBXBuildFile; fileRef = 4EEA6D181526906000B96EFD /* SBJsonStreamParser.m */; };
		4EEA6D2E1526906000B96EFD /* SBJsonStreamParserAccumulator.m in Sources */ = {isa = PBXBuildFile; fileRef = 4EEA6D1A1526906000B96EFD /* SBJsonStreamParserAccumulator.m */; };
		4EEA6D2F1526906000B96EFD /* SBJsonStreamParserAdapter.m in Sources */ = {isa = PBXBuildFile; fileRef = 4EEA6D1C1526906000B96EFD /* SBJsonStreamParserAdapter.m */; };
		4EEA6D301526906000B96EFD /* SBJsonStreamParserState.m in Sources */ = {isa = PBXBuildFile; fileRef = 4EEA6D1E1526906000B96EFD /* SBJsonStreamParserState.m */; };
		4EEA6D311526906000B96EFD /* SBJsonStreamWriter.m in Sources */ = {isa = PBXBuildFile; fileRef = 4EEA6D201526906000B96EFD /* SBJsonStreamWriter.m */; };
		4EEA6D321526906000B96EFD /* SBJsonStreamWriterAccumulator.m in Sources */ = {isa = PBXBuildFile; fileRef = 4EEA6D221526906000B96EFD /* SBJsonStreamWriterAccumulator.m */; };
		4EEA6D331526906000B96EFD /* SBJsonStreamWriterState.m in Sources */ = {isa = PBXBuildFile; fileRef = 4EEA6D241526906000B96EFD /* SBJsonStreamWriterState.m */; };
		4EEA6D341526906000B96EFD /* SBJsonTokeniser.m in Sources */ = {isa = PBXBuildFile; fileRef = 4EEA6D261526906000B96EFD /* SBJsonTokeniser.m */; };
		4EEA6D351526906000B96EFD /* SBJsonUTF8Stream.m in Sources */ = {isa = PBXBuildFile; fileRef = 4EEA6D281526906000B96EFD /* SBJsonUTF8Stream.m */; };
		4EEA6D361526906000B96EFD /* SBJsonWriter.m in Sources */ = {isa = PBXBuildFile; fileRef = 4EEA6D2A1526906000B96EFD /* SBJsonWriter.m */; };
		4EEA6D3F1526A80B00B96EFD /* FBLoginView.xib in Resources */ = {isa = PBXBuildFile; fileRef = 4EEA6D3E1526A80B00B96EFD /* FBLoginView.xib */; };
		4EEA6D451526A90200B96EFD /* YardstickConnection.m in Sources */ = {isa = PBXBuildFile; fileRef = 4EEA6D441526A90200B96EFD /* YardstickConnection.m */; };
		4EEA6D5A1526C86300B96EFD /* Event.m in Sources */ = {isa = PBXBuildFile; fileRef = 4EEA6D591526C86300B96EFD /* Event.m */; };
		4EEA6D5D1526CAEF00B96EFD /* YardstickRequest.m in Sources */ = {isa = PBXBuildFile; fileRef = 4EEA6D5C1526CAEF00B96EFD /* YardstickRequest.m */; };
		4EEA6D671526DCE100B96EFD /* EventInfoHostingView.xib in Resources */ = {isa = PBXBuildFile; fileRef = 4EEA6D661526DCE100B96EFD /* EventInfoHostingView.xib */; };
/* End PBXBuildFile section */

/* Begin PBXFileReference section */
		1915AFFE16C9EB7500D8434B /* Person.h */ = {isa = PBXFileReference; fileEncoding = 4; lastKnownFileType = sourcecode.c.h; path = Person.h; sourceTree = "<group>"; };
		1915AFFF16C9EB7500D8434B /* Person.m */ = {isa = PBXFileReference; fileEncoding = 4; lastKnownFileType = sourcecode.c.objc; path = Person.m; sourceTree = "<group>"; };
		191866FC16D4373500220A42 /* MainScreen.xib */ = {isa = PBXFileReference; fileEncoding = 4; lastKnownFileType = file.xib; name = MainScreen.xib; path = Resources/MainScreen.xib; sourceTree = SOURCE_ROOT; };
		199354F016D4A05E00D73389 /* PersonInfoView.xib */ = {isa = PBXFileReference; fileEncoding = 4; lastKnownFileType = file.xib; path = PersonInfoView.xib; sourceTree = "<group>"; };
		199354F216D4A19B00D73389 /* PersonInfoView.h */ = {isa = PBXFileReference; fileEncoding = 4; lastKnownFileType = sourcecode.c.h; name = PersonInfoView.h; path = Classes/PersonInfoView.h; sourceTree = SOURCE_ROOT; };
		199354F316D4A19B00D73389 /* PersonInfoView.m */ = {isa = PBXFileReference; fileEncoding = 4; lastKnownFileType = sourcecode.c.objc; name = PersonInfoView.m; path = Classes/PersonInfoView.m; sourceTree = SOURCE_ROOT; };
		199354F816D4A28100D73389 /* EventInfoHostingView_old.h */ = {isa = PBXFileReference; fileEncoding = 4; lastKnownFileType = sourcecode.c.h; path = EventInfoHostingView_old.h; sourceTree = "<group>"; };
		199354F916D4A28100D73389 /* EventInfoHostingView_old.m */ = {isa = PBXFileReference; fileEncoding = 4; lastKnownFileType = sourcecode.c.objc; path = EventInfoHostingView_old.m; sourceTree = "<group>"; };
		199354FB16D4A29700D73389 /* EventInfoScrollView.h */ = {isa = PBXFileReference; fileEncoding = 4; lastKnownFileType = sourcecode.c.h; path = EventInfoScrollView.h; sourceTree = "<group>"; };
		199354FC16D4A29700D73389 /* EventInfoScrollView.m */ = {isa = PBXFileReference; fileEncoding = 4; lastKnownFileType = sourcecode.c.objc; path = EventInfoScrollView.m; sourceTree = "<group>"; };
		199354FE16D4B32E00D73389 /* Person.h */ = {isa = PBXFileReference; fileEncoding = 4; lastKnownFileType = sourcecode.c.h; name = Person.h; path = Classes/Person.h; sourceTree = SOURCE_ROOT; };
		199354FF16D4B32E00D73389 /* Person.m */ = {isa = PBXFileReference; fileEncoding = 4; lastKnownFileType = sourcecode.c.objc; name = Person.m; path = Classes/Person.m; sourceTree = SOURCE_ROOT; };
		1993915F16AA1FDF00DA3CD9 /* icon.png */ = {isa = PBXFileReference; lastKnownFileType = image.png; path = icon.png; sourceTree = "<group>"; };
		1993916016AA1FDF00DA3CD9 /* icon@2x.png */ = {isa = PBXFileReference; lastKnownFileType = image.png; path = "icon@2x.png"; sourceTree = "<group>"; };
		1993916316AA200A00DA3CD9 /* icon.png */ = {isa = PBXFileReference; lastKnownFileType = image.png; name = icon.png; path = ../icon.png; sourceTree = "<group>"; };
		1993916516AA201000DA3CD9 /* icon@2x.png */ = {isa = PBXFileReference; lastKnownFileType = image.png; name = "icon@2x.png"; path = "../icon@2x.png"; sourceTree = "<group>"; };
		199C0CAB16C0C0D900068E73 /* CoreData.framework */ = {isa = PBXFileReference; lastKnownFileType = wrapper.framework; name = CoreData.framework; path = System/Library/Frameworks/CoreData.framework; sourceTree = SDKROOT; };
		199C0CAF16C0C19D00068E73 /* YardstickModel.xcdatamodel */ = {isa = PBXFileReference; lastKnownFileType = wrapper.xcdatamodel; path = YardstickModel.xcdatamodel; sourceTree = "<group>"; };
		19A524A016B75FE400195D9D /* friend-icon.png */ = {isa = PBXFileReference; lastKnownFileType = image.png; name = "friend-icon.png"; path = "../../../../../../Desktop/friend-icon.png"; sourceTree = "<group>"; };
		19A524A316B7B6ED00195D9D /* AddFriendsCell.xib */ = {isa = PBXFileReference; fileEncoding = 4; lastKnownFileType = file.xib; path = AddFriendsCell.xib; sourceTree = "<group>"; };
		19A524AD16B7CBAF00195D9D /* FriendPickerHandler.h */ = {isa = PBXFileReference; fileEncoding = 4; lastKnownFileType = sourcecode.c.h; path = FriendPickerHandler.h; sourceTree = "<group>"; };
		19A524AE16B7CBAF00195D9D /* FriendPickerHandler.m */ = {isa = PBXFileReference; fileEncoding = 4; lastKnownFileType = sourcecode.c.objc; lineEnding = 0; path = FriendPickerHandler.m; sourceTree = "<group>"; xcLanguageSpecificationIdentifier = xcode.lang.objc; };
		19C49EA616CA2BA400304AD6 /* AFAlertView.h */ = {isa = PBXFileReference; fileEncoding = 4; lastKnownFileType = sourcecode.c.h; path = AFAlertView.h; sourceTree = "<group>"; };
		19C49EA716CA2BA400304AD6 /* AFAlertView.m */ = {isa = PBXFileReference; fileEncoding = 4; lastKnownFileType = sourcecode.c.objc; path = AFAlertView.m; sourceTree = "<group>"; };
		19C49EA816CA2BA400304AD6 /* AFAlertView.xib */ = {isa = PBXFileReference; fileEncoding = 4; lastKnownFileType = file.xib; path = AFAlertView.xib; sourceTree = "<group>"; };
		19C49EAB16CA345800304AD6 /* Constants.h */ = {isa = PBXFileReference; fileEncoding = 4; lastKnownFileType = sourcecode.c.h; path = Constants.h; sourceTree = "<group>"; };
		19C49EAC16CA3ABB00304AD6 /* button-pressed.png */ = {isa = PBXFileReference; lastKnownFileType = image.png; path = "button-pressed.png"; sourceTree = "<group>"; };
		19C49EAD16CA3ABB00304AD6 /* button.png */ = {isa = PBXFileReference; lastKnownFileType = image.png; path = button.png; sourceTree = "<group>"; };
		19D29F5716A5461000D46B0A /* Default-568h@2x.png */ = {isa = PBXFileReference; lastKnownFileType = image.png; name = "Default-568h@2x.png"; path = "../Default-568h@2x.png"; sourceTree = "<group>"; };
		19D29F5916A5462300D46B0A /* Default@2x.png */ = {isa = PBXFileReference; lastKnownFileType = image.png; name = "Default@2x.png"; path = "../Default@2x.png"; sourceTree = "<group>"; };
		19D29F5B16A5481D00D46B0A /* FacebookSDK.framework */ = {isa = PBXFileReference; lastKnownFileType = wrapper.framework; path = FacebookSDK.framework; sourceTree = "<group>"; };
		19D29F5D16A5483400D46B0A /* Social.framework */ = {isa = PBXFileReference; lastKnownFileType = wrapper.framework; name = Social.framework; path = System/Library/Frameworks/Social.framework; sourceTree = SDKROOT; };
		19D29F6C16A66B8100D46B0A /* FBLoginViewController.h */ = {isa = PBXFileReference; fileEncoding = 4; lastKnownFileType = sourcecode.c.h; path = FBLoginViewController.h; sourceTree = "<group>"; };
		19D29F6D16A66B8100D46B0A /* FBLoginViewController.m */ = {isa = PBXFileReference; fileEncoding = 4; lastKnownFileType = sourcecode.c.objc; path = FBLoginViewController.m; sourceTree = "<group>"; };
		19D29F7516A6705600D46B0A /* AdSupport.framework */ = {isa = PBXFileReference; lastKnownFileType = wrapper.framework; name = AdSupport.framework; path = System/Library/Frameworks/AdSupport.framework; sourceTree = SDKROOT; };
		19D29F7716A6706200D46B0A /* SystemConfiguration.framework */ = {isa = PBXFileReference; lastKnownFileType = wrapper.framework; name = SystemConfiguration.framework; path = System/Library/Frameworks/SystemConfiguration.framework; sourceTree = SDKROOT; };
		19D29F7916A6706A00D46B0A /* CFNetwork.framework */ = {isa = PBXFileReference; lastKnownFileType = wrapper.framework; name = CFNetwork.framework; path = System/Library/Frameworks/CFNetwork.framework; sourceTree = SDKROOT; };
		19D29F7B16A6716F00D46B0A /* FacebookSDKResources.bundle */ = {isa = PBXFileReference; lastKnownFileType = "wrapper.plug-in"; path = FacebookSDKResources.bundle; sourceTree = "<group>"; };
		19D29F7D16A671C800D46B0A /* Accounts.framework */ = {isa = PBXFileReference; lastKnownFileType = wrapper.framework; name = Accounts.framework; path = System/Library/Frameworks/Accounts.framework; sourceTree = SDKROOT; };
		19D29F7F16A674C200D46B0A /* MainScreen.h */ = {isa = PBXFileReference; fileEncoding = 4; lastKnownFileType = sourcecode.c.h; path = MainScreen.h; sourceTree = "<group>"; };
		19D29F8016A674C200D46B0A /* MainScreen.m */ = {isa = PBXFileReference; fileEncoding = 4; lastKnownFileType = sourcecode.c.objc; lineEnding = 0; path = MainScreen.m; sourceTree = "<group>"; xcLanguageSpecificationIdentifier = xcode.lang.objc; };
		19D61CA016AFA76800C81E60 /* AgeArticleView.xib */ = {isa = PBXFileReference; fileEncoding = 4; lastKnownFileType = file.xib; path = AgeArticleView.xib; sourceTree = "<group>"; };
		19D61CA316AFC5B900C81E60 /* AgeArticleView.h */ = {isa = PBXFileReference; fileEncoding = 4; lastKnownFileType = sourcecode.c.h; lineEnding = 0; name = AgeArticleView.h; path = Classes/AgeArticleView.h; sourceTree = SOURCE_ROOT; xcLanguageSpecificationIdentifier = xcode.lang.objcpp; };
		19D61CA416AFC5B900C81E60 /* AgeArticleView.m */ = {isa = PBXFileReference; fileEncoding = 4; lastKnownFileType = sourcecode.c.objc; lineEnding = 0; name = AgeArticleView.m; path = Classes/AgeArticleView.m; sourceTree = SOURCE_ROOT; xcLanguageSpecificationIdentifier = xcode.lang.objc; };
		19D61CAF16B05D4E00C81E60 /* ObjectArchiveAccessor.h */ = {isa = PBXFileReference; fileEncoding = 4; lastKnownFileType = sourcecode.c.h; lineEnding = 0; path = ObjectArchiveAccessor.h; sourceTree = "<group>"; xcLanguageSpecificationIdentifier = xcode.lang.objcpp; };
		19D61CB016B05D4E00C81E60 /* ObjectArchiveAccessor.m */ = {isa = PBXFileReference; fileEncoding = 4; lastKnownFileType = sourcecode.c.objc; lineEnding = 0; path = ObjectArchiveAccessor.m; sourceTree = "<group>"; xcLanguageSpecificationIdentifier = xcode.lang.objc; };
		19D61CC316B224FF00C81E60 /* HeaderImg@2x.png */ = {isa = PBXFileReference; lastKnownFileType = image.png; path = "HeaderImg@2x.png"; sourceTree = "<group>"; };
		19D61CC516B2370A00C81E60 /* 19-gear.png */ = {isa = PBXFileReference; lastKnownFileType = image.png; name = "19-gear.png"; path = "../19-gear.png"; sourceTree = "<group>"; };
		19D61CC616B2370A00C81E60 /* 19-gear@2x.png */ = {isa = PBXFileReference; lastKnownFileType = image.png; name = "19-gear@2x.png"; path = "../19-gear@2x.png"; sourceTree = "<group>"; };
		19D61CD016B250E100C81E60 /* FriendTableViewController.h */ = {isa = PBXFileReference; fileEncoding = 4; lastKnownFileType = sourcecode.c.h; path = FriendTableViewController.h; sourceTree = "<group>"; };
		19D61CD116B250E100C81E60 /* FriendTableViewController.m */ = {isa = PBXFileReference; fileEncoding = 4; lastKnownFileType = sourcecode.c.objc; lineEnding = 0; path = FriendTableViewController.m; sourceTree = "<group>"; xcLanguageSpecificationIdentifier = xcode.lang.objc; };
		4E0F3C941544CA8D00369BE1 /* AgeDisplaySegmentedControl.h */ = {isa = PBXFileReference; fileEncoding = 4; lastKnownFileType = sourcecode.c.h; path = AgeDisplaySegmentedControl.h; sourceTree = "<group>"; };
		4E0F3C951544CA8D00369BE1 /* AgeDisplaySegmentedControl.m */ = {isa = PBXFileReference; fileEncoding = 4; lastKnownFileType = sourcecode.c.objc; path = AgeDisplaySegmentedControl.m; sourceTree = "<group>"; };
		4E0F3C971545080D00369BE1 /* MainScreenWebView.h */ = {isa = PBXFileReference; fileEncoding = 4; lastKnownFileType = sourcecode.c.h; path = MainScreenWebView.h; sourceTree = "<group>"; };
		4E0F3C9E1545200B00369BE1 /* MainScreenWebView.m */ = {isa = PBXFileReference; fileEncoding = 4; lastKnownFileType = sourcecode.c.objc; path = MainScreenWebView.m; sourceTree = "<group>"; };
		4E0F3CA0154533E800369BE1 /* QuartzCore.framework */ = {isa = PBXFileReference; lastKnownFileType = wrapper.framework; name = QuartzCore.framework; path = System/Library/Frameworks/QuartzCore.framework; sourceTree = SDKROOT; };
		4E0F3CA21545395900369BE1 /* SwitchPersonCell.h */ = {isa = PBXFileReference; fileEncoding = 4; lastKnownFileType = sourcecode.c.h; path = SwitchPersonCell.h; sourceTree = "<group>"; };
		4E0F3CA31545395900369BE1 /* SwitchPersonCell.m */ = {isa = PBXFileReference; fileEncoding = 4; lastKnownFileType = sourcecode.c.objc; path = SwitchPersonCell.m; sourceTree = "<group>"; };
		4E0F3CA515453CB200369BE1 /* Utility_AppSettings.h */ = {isa = PBXFileReference; fileEncoding = 4; lastKnownFileType = sourcecode.c.h; name = Utility_AppSettings.h; path = ../Utility_AppSettings.h; sourceTree = "<group>"; };
		4E0F3CA615453CB200369BE1 /* Utility_AppSettings.m */ = {isa = PBXFileReference; fileEncoding = 4; lastKnownFileType = sourcecode.c.objc; name = Utility_AppSettings.m; path = ../Utility_AppSettings.m; sourceTree = "<group>"; };
		4E640C1515460474009D8DC6 /* SettingsModalView.h */ = {isa = PBXFileReference; fileEncoding = 4; lastKnownFileType = sourcecode.c.h; path = SettingsModalView.h; sourceTree = "<group>"; };
		4E640C1615460474009D8DC6 /* SettingsModalView.m */ = {isa = PBXFileReference; fileEncoding = 4; lastKnownFileType = sourcecode.c.objc; path = SettingsModalView.m; sourceTree = "<group>"; };
		4E640C1B15460C5A009D8DC6 /* Utility_Notifications.h */ = {isa = PBXFileReference; fileEncoding = 4; lastKnownFileType = sourcecode.c.h; path = Utility_Notifications.h; sourceTree = "<group>"; };
		4E640C1C15460C5A009D8DC6 /* Utility_Notifications.m */ = {isa = PBXFileReference; fileEncoding = 4; lastKnownFileType = sourcecode.c.objc; path = Utility_Notifications.m; sourceTree = "<group>"; };
		4E6478B815439BC800CE47F1 /* BSKeyboardControls.h */ = {isa = PBXFileReference; fileEncoding = 4; lastKnownFileType = sourcecode.c.h; path = BSKeyboardControls.h; sourceTree = "<group>"; };
		4E6478B915439BC800CE47F1 /* BSKeyboardControls.m */ = {isa = PBXFileReference; fileEncoding = 4; lastKnownFileType = sourcecode.c.objc; path = BSKeyboardControls.m; sourceTree = "<group>"; };
		4E6478C2154467DA00CE47F1 /* SwitchPerson.xib */ = {isa = PBXFileReference; fileEncoding = 4; lastKnownFileType = file.xib; name = SwitchPerson.xib; path = Resources/SwitchPerson.xib; sourceTree = SOURCE_ROOT; };
		4EEA6CDE15268ED200B96EFD /* Yardstick.app */ = {isa = PBXFileReference; explicitFileType = wrapper.application; includeInIndex = 0; path = Yardstick.app; sourceTree = BUILT_PRODUCTS_DIR; };
		4EEA6CE215268ED300B96EFD /* UIKit.framework */ = {isa = PBXFileReference; lastKnownFileType = wrapper.framework; name = UIKit.framework; path = System/Library/Frameworks/UIKit.framework; sourceTree = SDKROOT; };
		4EEA6CE415268ED300B96EFD /* Foundation.framework */ = {isa = PBXFileReference; lastKnownFileType = wrapper.framework; name = Foundation.framework; path = System/Library/Frameworks/Foundation.framework; sourceTree = SDKROOT; };
		4EEA6CE615268ED300B96EFD /* CoreGraphics.framework */ = {isa = PBXFileReference; lastKnownFileType = wrapper.framework; name = CoreGraphics.framework; path = System/Library/Frameworks/CoreGraphics.framework; sourceTree = SDKROOT; };
		4EEA6D031526902D00B96EFD /* AppDelegate.h */ = {isa = PBXFileReference; fileEncoding = 4; lastKnownFileType = sourcecode.c.h; path = AppDelegate.h; sourceTree = "<group>"; };
		4EEA6D041526902D00B96EFD /* AppDelegate.m */ = {isa = PBXFileReference; fileEncoding = 4; lastKnownFileType = sourcecode.c.objc; path = AppDelegate.m; sourceTree = "<group>"; };
		4EEA6D061526902D00B96EFD /* en */ = {isa = PBXFileReference; lastKnownFileType = text.plist.strings; name = en; path = en.lproj/InfoPlist.strings; sourceTree = "<group>"; };
		4EEA6D071526902D00B96EFD /* main.m */ = {isa = PBXFileReference; fileEncoding = 4; lastKnownFileType = sourcecode.c.objc; path = main.m; sourceTree = "<group>"; };
		4EEA6D0A1526902D00B96EFD /* Yardstick-Info.plist */ = {isa = PBXFileReference; fileEncoding = 4; lastKnownFileType = text.plist.xml; path = "Yardstick-Info.plist"; sourceTree = "<group>"; };
		4EEA6D0B1526902D00B96EFD /* Yardstick-Prefix.pch */ = {isa = PBXFileReference; fileEncoding = 4; lastKnownFileType = sourcecode.c.h; path = "Yardstick-Prefix.pch"; sourceTree = "<group>"; };
		4EEA6D121526906000B96EFD /* NSObject+SBJson.h */ = {isa = PBXFileReference; fileEncoding = 4; lastKnownFileType = sourcecode.c.h; path = "NSObject+SBJson.h"; sourceTree = "<group>"; };
		4EEA6D131526906000B96EFD /* NSObject+SBJson.m */ = {isa = PBXFileReference; fileEncoding = 4; lastKnownFileType = sourcecode.c.objc; path = "NSObject+SBJson.m"; sourceTree = "<group>"; };
		4EEA6D141526906000B96EFD /* SBJson.h */ = {isa = PBXFileReference; fileEncoding = 4; lastKnownFileType = sourcecode.c.h; path = SBJson.h; sourceTree = "<group>"; };
		4EEA6D151526906000B96EFD /* SBJsonParser.h */ = {isa = PBXFileReference; fileEncoding = 4; lastKnownFileType = sourcecode.c.h; path = SBJsonParser.h; sourceTree = "<group>"; };
		4EEA6D161526906000B96EFD /* SBJsonParser.m */ = {isa = PBXFileReference; fileEncoding = 4; lastKnownFileType = sourcecode.c.objc; path = SBJsonParser.m; sourceTree = "<group>"; };
		4EEA6D171526906000B96EFD /* SBJsonStreamParser.h */ = {isa = PBXFileReference; fileEncoding = 4; lastKnownFileType = sourcecode.c.h; path = SBJsonStreamParser.h; sourceTree = "<group>"; };
		4EEA6D181526906000B96EFD /* SBJsonStreamParser.m */ = {isa = PBXFileReference; fileEncoding = 4; lastKnownFileType = sourcecode.c.objc; path = SBJsonStreamParser.m; sourceTree = "<group>"; };
		4EEA6D191526906000B96EFD /* SBJsonStreamParserAccumulator.h */ = {isa = PBXFileReference; fileEncoding = 4; lastKnownFileType = sourcecode.c.h; path = SBJsonStreamParserAccumulator.h; sourceTree = "<group>"; };
		4EEA6D1A1526906000B96EFD /* SBJsonStreamParserAccumulator.m */ = {isa = PBXFileReference; fileEncoding = 4; lastKnownFileType = sourcecode.c.objc; path = SBJsonStreamParserAccumulator.m; sourceTree = "<group>"; };
		4EEA6D1B1526906000B96EFD /* SBJsonStreamParserAdapter.h */ = {isa = PBXFileReference; fileEncoding = 4; lastKnownFileType = sourcecode.c.h; path = SBJsonStreamParserAdapter.h; sourceTree = "<group>"; };
		4EEA6D1C1526906000B96EFD /* SBJsonStreamParserAdapter.m */ = {isa = PBXFileReference; fileEncoding = 4; lastKnownFileType = sourcecode.c.objc; path = SBJsonStreamParserAdapter.m; sourceTree = "<group>"; };
		4EEA6D1D1526906000B96EFD /* SBJsonStreamParserState.h */ = {isa = PBXFileReference; fileEncoding = 4; lastKnownFileType = sourcecode.c.h; path = SBJsonStreamParserState.h; sourceTree = "<group>"; };
		4EEA6D1E1526906000B96EFD /* SBJsonStreamParserState.m */ = {isa = PBXFileReference; fileEncoding = 4; lastKnownFileType = sourcecode.c.objc; path = SBJsonStreamParserState.m; sourceTree = "<group>"; };
		4EEA6D1F1526906000B96EFD /* SBJsonStreamWriter.h */ = {isa = PBXFileReference; fileEncoding = 4; lastKnownFileType = sourcecode.c.h; path = SBJsonStreamWriter.h; sourceTree = "<group>"; };
		4EEA6D201526906000B96EFD /* SBJsonStreamWriter.m */ = {isa = PBXFileReference; fileEncoding = 4; lastKnownFileType = sourcecode.c.objc; path = SBJsonStreamWriter.m; sourceTree = "<group>"; };
		4EEA6D211526906000B96EFD /* SBJsonStreamWriterAccumulator.h */ = {isa = PBXFileReference; fileEncoding = 4; lastKnownFileType = sourcecode.c.h; path = SBJsonStreamWriterAccumulator.h; sourceTree = "<group>"; };
		4EEA6D221526906000B96EFD /* SBJsonStreamWriterAccumulator.m */ = {isa = PBXFileReference; fileEncoding = 4; lastKnownFileType = sourcecode.c.objc; path = SBJsonStreamWriterAccumulator.m; sourceTree = "<group>"; };
		4EEA6D231526906000B96EFD /* SBJsonStreamWriterState.h */ = {isa = PBXFileReference; fileEncoding = 4; lastKnownFileType = sourcecode.c.h; path = SBJsonStreamWriterState.h; sourceTree = "<group>"; };
		4EEA6D241526906000B96EFD /* SBJsonStreamWriterState.m */ = {isa = PBXFileReference; fileEncoding = 4; lastKnownFileType = sourcecode.c.objc; path = SBJsonStreamWriterState.m; sourceTree = "<group>"; };
		4EEA6D251526906000B96EFD /* SBJsonTokeniser.h */ = {isa = PBXFileReference; fileEncoding = 4; lastKnownFileType = sourcecode.c.h; path = SBJsonTokeniser.h; sourceTree = "<group>"; };
		4EEA6D261526906000B96EFD /* SBJsonTokeniser.m */ = {isa = PBXFileReference; fileEncoding = 4; lastKnownFileType = sourcecode.c.objc; path = SBJsonTokeniser.m; sourceTree = "<group>"; };
		4EEA6D271526906000B96EFD /* SBJsonUTF8Stream.h */ = {isa = PBXFileReference; fileEncoding = 4; lastKnownFileType = sourcecode.c.h; path = SBJsonUTF8Stream.h; sourceTree = "<group>"; };
		4EEA6D281526906000B96EFD /* SBJsonUTF8Stream.m */ = {isa = PBXFileReference; fileEncoding = 4; lastKnownFileType = sourcecode.c.objc; path = SBJsonUTF8Stream.m; sourceTree = "<group>"; };
		4EEA6D291526906000B96EFD /* SBJsonWriter.h */ = {isa = PBXFileReference; fileEncoding = 4; lastKnownFileType = sourcecode.c.h; path = SBJsonWriter.h; sourceTree = "<group>"; };
		4EEA6D2A1526906000B96EFD /* SBJsonWriter.m */ = {isa = PBXFileReference; fileEncoding = 4; lastKnownFileType = sourcecode.c.objc; path = SBJsonWriter.m; sourceTree = "<group>"; };
		4EEA6D3B1526A7CD00B96EFD /* FirstTimeLoadScreen.h */ = {isa = PBXFileReference; fileEncoding = 4; lastKnownFileType = sourcecode.c.h; path = FirstTimeLoadScreen.h; sourceTree = "<group>"; };
		4EEA6D3C1526A7CD00B96EFD /* FirstTimeLoadScreen.m */ = {isa = PBXFileReference; fileEncoding = 4; lastKnownFileType = sourcecode.c.objc; lineEnding = 0; path = FirstTimeLoadScreen.m; sourceTree = "<group>"; xcLanguageSpecificationIdentifier = xcode.lang.objc; };
		4EEA6D3E1526A80B00B96EFD /* FBLoginView.xib */ = {isa = PBXFileReference; fileEncoding = 4; lastKnownFileType = file.xib; name = FBLoginView.xib; path = Resources/FBLoginView.xib; sourceTree = SOURCE_ROOT; };
		4EEA6D431526A90200B96EFD /* YardstickConnection.h */ = {isa = PBXFileReference; fileEncoding = 4; lastKnownFileType = sourcecode.c.h; path = YardstickConnection.h; sourceTree = "<group>"; };
		4EEA6D441526A90200B96EFD /* YardstickConnection.m */ = {isa = PBXFileReference; fileEncoding = 4; lastKnownFileType = sourcecode.c.objc; path = YardstickConnection.m; sourceTree = "<group>"; };
		4EEA6D581526C86300B96EFD /* Event.h */ = {isa = PBXFileReference; fileEncoding = 4; lastKnownFileType = sourcecode.c.h; path = Event.h; sourceTree = "<group>"; };
		4EEA6D591526C86300B96EFD /* Event.m */ = {isa = PBXFileReference; fileEncoding = 4; lastKnownFileType = sourcecode.c.objc; path = Event.m; sourceTree = "<group>"; };
		4EEA6D5B1526CAEF00B96EFD /* YardstickRequest.h */ = {isa = PBXFileReference; fileEncoding = 4; lastKnownFileType = sourcecode.c.h; lineEnding = 0; path = YardstickRequest.h; sourceTree = "<group>"; xcLanguageSpecificationIdentifier = xcode.lang.objcpp; };
		4EEA6D5C1526CAEF00B96EFD /* YardstickRequest.m */ = {isa = PBXFileReference; fileEncoding = 4; lastKnownFileType = sourcecode.c.objc; lineEnding = 0; path = YardstickRequest.m; sourceTree = "<group>"; xcLanguageSpecificationIdentifier = xcode.lang.objc; };
		4EEA6D661526DCE100B96EFD /* EventInfoHostingView.xib */ = {isa = PBXFileReference; fileEncoding = 4; lastKnownFileType = file.xib; path = EventInfoHostingView.xib; sourceTree = "<group>"; };
/* End PBXFileReference section */

/* Begin PBXFrameworksBuildPhase section */
		4EEA6CDB15268ED200B96EFD /* Frameworks */ = {
			isa = PBXFrameworksBuildPhase;
			buildActionMask = 2147483647;
			files = (
				19D29F7E16A671C800D46B0A /* Accounts.framework in Frameworks */,
				19D29F7A16A6706A00D46B0A /* CFNetwork.framework in Frameworks */,
				19D29F7816A6706200D46B0A /* SystemConfiguration.framework in Frameworks */,
				19D29F7616A6705600D46B0A /* AdSupport.framework in Frameworks */,
				19D29F5E16A5483400D46B0A /* Social.framework in Frameworks */,
				4E0F3CA1154533E800369BE1 /* QuartzCore.framework in Frameworks */,
				199C0CAD16C0C0F300068E73 /* CoreData.framework in Frameworks */,
				4EEA6CE315268ED300B96EFD /* UIKit.framework in Frameworks */,
				4EEA6CE515268ED300B96EFD /* Foundation.framework in Frameworks */,
				4EEA6CE715268ED300B96EFD /* CoreGraphics.framework in Frameworks */,
				19D29F5C16A5481D00D46B0A /* FacebookSDK.framework in Frameworks */,
			);
			runOnlyForDeploymentPostprocessing = 0;
		};
/* End PBXFrameworksBuildPhase section */

/* Begin PBXGroup section */
		19D61CB916B06D2600C81E60 /* Utilities */ = {
			isa = PBXGroup;
			children = (
				4E640C1B15460C5A009D8DC6 /* Utility_Notifications.h */,
				4E640C1C15460C5A009D8DC6 /* Utility_Notifications.m */,
				4E0F3CA515453CB200369BE1 /* Utility_AppSettings.h */,
				4E0F3CA615453CB200369BE1 /* Utility_AppSettings.m */,
				19D61CAF16B05D4E00C81E60 /* ObjectArchiveAccessor.h */,
				19D61CB016B05D4E00C81E60 /* ObjectArchiveAccessor.m */,
			);
			name = Utilities;
			sourceTree = "<group>";
		};
		19D61CBA16B06D3500C81E60 /* Models */ = {
			isa = PBXGroup;
			children = (
				4EEA6D581526C86300B96EFD /* Event.h */,
				4EEA6D591526C86300B96EFD /* Event.m */,
				1915AFFE16C9EB7500D8434B /* Person.h */,
				1915AFFF16C9EB7500D8434B /* Person.m */,
			);
			name = Models;
			sourceTree = "<group>";
		};
		19D61CCF16B23B6400C81E60 /* Images */ = {
			isa = PBXGroup;
			children = (
				19A524A016B75FE400195D9D /* friend-icon.png */,
				19D61CC516B2370A00C81E60 /* 19-gear.png */,
				19D61CC616B2370A00C81E60 /* 19-gear@2x.png */,
				19D61CC316B224FF00C81E60 /* HeaderImg@2x.png */,
				1993916516AA201000DA3CD9 /* icon@2x.png */,
				1993916316AA200A00DA3CD9 /* icon.png */,
				1993915F16AA1FDF00DA3CD9 /* icon.png */,
				1993916016AA1FDF00DA3CD9 /* icon@2x.png */,
				19D29F5916A5462300D46B0A /* Default@2x.png */,
				19D29F5716A5461000D46B0A /* Default-568h@2x.png */,
			);
			name = Images;
			sourceTree = "<group>";
		};
		4EEA6CD315268ED200B96EFD = {
			isa = PBXGroup;
			children = (
				4EEA6D021526902D00B96EFD /* Classes */,
				4EEA6D081526902D00B96EFD /* Resources */,
				4EEA6D091526902D00B96EFD /* Support */,
				4EEA6D101526906000B96EFD /* Dependencies */,
				4EEA6CE115268ED300B96EFD /* Frameworks */,
				4EEA6CDF15268ED200B96EFD /* Products */,
			);
			sourceTree = "<group>";
		};
		4EEA6CDF15268ED200B96EFD /* Products */ = {
			isa = PBXGroup;
			children = (
				4EEA6CDE15268ED200B96EFD /* Yardstick.app */,
			);
			name = Products;
			sourceTree = "<group>";
		};
		4EEA6CE115268ED300B96EFD /* Frameworks */ = {
			isa = PBXGroup;
			children = (
				4E0F3CA0154533E800369BE1 /* QuartzCore.framework */,
				4EEA6CE215268ED300B96EFD /* UIKit.framework */,
				4EEA6CE415268ED300B96EFD /* Foundation.framework */,
				4EEA6CE615268ED300B96EFD /* CoreGraphics.framework */,
			);
			name = Frameworks;
			sourceTree = "<group>";
		};
		4EEA6D021526902D00B96EFD /* Classes */ = {
			isa = PBXGroup;
			children = (
				19C49EA616CA2BA400304AD6 /* AFAlertView.h */,
				19C49EA716CA2BA400304AD6 /* AFAlertView.m */,
				19C49EA816CA2BA400304AD6 /* AFAlertView.xib */,
				19C49EAC16CA3ABB00304AD6 /* button-pressed.png */,
				19C49EAD16CA3ABB00304AD6 /* button.png */,
				19D61CBA16B06D3500C81E60 /* Models */,
				19D61CB916B06D2600C81E60 /* Utilities */,
				19D61CA316AFC5B900C81E60 /* AgeArticleView.h */,
				19D61CA416AFC5B900C81E60 /* AgeArticleView.m */,
				4E0F3C941544CA8D00369BE1 /* AgeDisplaySegmentedControl.h */,
				4E0F3C951544CA8D00369BE1 /* AgeDisplaySegmentedControl.m */,
				4EEA6D031526902D00B96EFD /* AppDelegate.h */,
				4EEA6D041526902D00B96EFD /* AppDelegate.m */,
				4E6478B815439BC800CE47F1 /* BSKeyboardControls.h */,
				4E6478B915439BC800CE47F1 /* BSKeyboardControls.m */,
				199354F816D4A28100D73389 /* EventInfoHostingView_old.h */,
				199354F916D4A28100D73389 /* EventInfoHostingView_old.m */,
				199354FB16D4A29700D73389 /* EventInfoScrollView.h */,
				199354FC16D4A29700D73389 /* EventInfoScrollView.m */,
				19D29F6C16A66B8100D46B0A /* FBLoginViewController.h */,
				19D29F6D16A66B8100D46B0A /* FBLoginViewController.m */,
				19D61CD016B250E100C81E60 /* FriendTableViewController.h */,
				19D61CD116B250E100C81E60 /* FriendTableViewController.m */,
				19A524AD16B7CBAF00195D9D /* FriendPickerHandler.h */,
				19A524AE16B7CBAF00195D9D /* FriendPickerHandler.m */,
				4EEA6D3B1526A7CD00B96EFD /* FirstTimeLoadScreen.h */,
				4EEA6D3C1526A7CD00B96EFD /* FirstTimeLoadScreen.m */,
				4E640C1515460474009D8DC6 /* SettingsModalView.h */,
				4E640C1615460474009D8DC6 /* SettingsModalView.m */,
				19D29F7F16A674C200D46B0A /* MainScreen.h */,
				19D29F8016A674C200D46B0A /* MainScreen.m */,
				19C49EAB16CA345800304AD6 /* Constants.h */,
				4E0F3C971545080D00369BE1 /* MainScreenWebView.h */,
				4E0F3C9E1545200B00369BE1 /* MainScreenWebView.m */,
				199354F216D4A19B00D73389 /* PersonInfoView.h */,
				199354F316D4A19B00D73389 /* PersonInfoView.m */,
				4E0F3CA21545395900369BE1 /* SwitchPersonCell.h */,
				4E0F3CA31545395900369BE1 /* SwitchPersonCell.m */,
				4EEA6D431526A90200B96EFD /* YardstickConnection.h */,
				4EEA6D441526A90200B96EFD /* YardstickConnection.m */,
				4EEA6D5B1526CAEF00B96EFD /* YardstickRequest.h */,
				4EEA6D5C1526CAEF00B96EFD /* YardstickRequest.m */,
				4EEA6D071526902D00B96EFD /* main.m */,
			);
			path = Classes;
			sourceTree = "<group>";
		};
		4EEA6D081526902D00B96EFD /* Resources */ = {
			isa = PBXGroup;
			children = (
				199C0CAE16C0C19D00068E73 /* YardstickModel.xcdatamodeld */,
				199354FE16D4B32E00D73389 /* Person.h */,
				199354FF16D4B32E00D73389 /* Person.m */,
				19D61CCF16B23B6400C81E60 /* Images */,
				19A524A316B7B6ED00195D9D /* AddFriendsCell.xib */,
				19D61CA016AFA76800C81E60 /* AgeArticleView.xib */,
				4EEA6D661526DCE100B96EFD /* EventInfoHostingView.xib */,
				4EEA6D3E1526A80B00B96EFD /* FBLoginView.xib */,
				191866FC16D4373500220A42 /* MainScreen.xib */,
				199354F016D4A05E00D73389 /* PersonInfoView.xib */,
				4E6478C2154467DA00CE47F1 /* SwitchPerson.xib */,
			);
			path = Resources;
			sourceTree = "<group>";
		};
		4EEA6D091526902D00B96EFD /* Support */ = {
			isa = PBXGroup;
			children = (
				4EEA6D051526902D00B96EFD /* InfoPlist.strings */,
				4EEA6D0A1526902D00B96EFD /* Yardstick-Info.plist */,
				4EEA6D0B1526902D00B96EFD /* Yardstick-Prefix.pch */,
			);
			path = Support;
			sourceTree = "<group>";
		};
		4EEA6D101526906000B96EFD /* Dependencies */ = {
			isa = PBXGroup;
			children = (
				19D29F7D16A671C800D46B0A /* Accounts.framework */,
				199C0CAB16C0C0D900068E73 /* CoreData.framework */,
				19D29F7B16A6716F00D46B0A /* FacebookSDKResources.bundle */,
				19D29F7916A6706A00D46B0A /* CFNetwork.framework */,
				19D29F7716A6706200D46B0A /* SystemConfiguration.framework */,
				19D29F7516A6705600D46B0A /* AdSupport.framework */,
				19D29F5D16A5483400D46B0A /* Social.framework */,
				19D29F5B16A5481D00D46B0A /* FacebookSDK.framework */,
				4EEA6D111526906000B96EFD /* SBJson */,
			);
			path = Dependencies;
			sourceTree = "<group>";
		};
		4EEA6D111526906000B96EFD /* SBJson */ = {
			isa = PBXGroup;
			children = (
				4EEA6D121526906000B96EFD /* NSObject+SBJson.h */,
				4EEA6D131526906000B96EFD /* NSObject+SBJson.m */,
				4EEA6D141526906000B96EFD /* SBJson.h */,
				4EEA6D151526906000B96EFD /* SBJsonParser.h */,
				4EEA6D161526906000B96EFD /* SBJsonParser.m */,
				4EEA6D171526906000B96EFD /* SBJsonStreamParser.h */,
				4EEA6D181526906000B96EFD /* SBJsonStreamParser.m */,
				4EEA6D191526906000B96EFD /* SBJsonStreamParserAccumulator.h */,
				4EEA6D1A1526906000B96EFD /* SBJsonStreamParserAccumulator.m */,
				4EEA6D1B1526906000B96EFD /* SBJsonStreamParserAdapter.h */,
				4EEA6D1C1526906000B96EFD /* SBJsonStreamParserAdapter.m */,
				4EEA6D1D1526906000B96EFD /* SBJsonStreamParserState.h */,
				4EEA6D1E1526906000B96EFD /* SBJsonStreamParserState.m */,
				4EEA6D1F1526906000B96EFD /* SBJsonStreamWriter.h */,
				4EEA6D201526906000B96EFD /* SBJsonStreamWriter.m */,
				4EEA6D211526906000B96EFD /* SBJsonStreamWriterAccumulator.h */,
				4EEA6D221526906000B96EFD /* SBJsonStreamWriterAccumulator.m */,
				4EEA6D231526906000B96EFD /* SBJsonStreamWriterState.h */,
				4EEA6D241526906000B96EFD /* SBJsonStreamWriterState.m */,
				4EEA6D251526906000B96EFD /* SBJsonTokeniser.h */,
				4EEA6D261526906000B96EFD /* SBJsonTokeniser.m */,
				4EEA6D271526906000B96EFD /* SBJsonUTF8Stream.h */,
				4EEA6D281526906000B96EFD /* SBJsonUTF8Stream.m */,
				4EEA6D291526906000B96EFD /* SBJsonWriter.h */,
				4EEA6D2A1526906000B96EFD /* SBJsonWriter.m */,
			);
			path = SBJson;
			sourceTree = "<group>";
		};
/* End PBXGroup section */

/* Begin PBXNativeTarget section */
		4EEA6CDD15268ED200B96EFD /* Yardstick */ = {
			isa = PBXNativeTarget;
			buildConfigurationList = 4EEA6CF615268ED300B96EFD /* Build configuration list for PBXNativeTarget "Yardstick" */;
			buildPhases = (
				4EEA6CDA15268ED200B96EFD /* Sources */,
				4EEA6CDB15268ED200B96EFD /* Frameworks */,
				4EEA6CDC15268ED200B96EFD /* Resources */,
			);
			buildRules = (
			);
			dependencies = (
			);
			name = Yardstick;
			productName = Yardstick;
			productReference = 4EEA6CDE15268ED200B96EFD /* Yardstick.app */;
			productType = "com.apple.product-type.application";
		};
/* End PBXNativeTarget section */

/* Begin PBXProject section */
		4EEA6CD515268ED200B96EFD /* Project object */ = {
			isa = PBXProject;
			attributes = {
				LastUpgradeCheck = 0460;
			};
			buildConfigurationList = 4EEA6CD815268ED200B96EFD /* Build configuration list for PBXProject "Yardstick" */;
			compatibilityVersion = "Xcode 3.2";
			developmentRegion = English;
			hasScannedForEncodings = 0;
			knownRegions = (
				en,
			);
			mainGroup = 4EEA6CD315268ED200B96EFD;
			productRefGroup = 4EEA6CDF15268ED200B96EFD /* Products */;
			projectDirPath = "";
			projectRoot = "";
			targets = (
				4EEA6CDD15268ED200B96EFD /* Yardstick */,
			);
		};
/* End PBXProject section */

/* Begin PBXResourcesBuildPhase section */
		4EEA6CDC15268ED200B96EFD /* Resources */ = {
			isa = PBXResourcesBuildPhase;
			buildActionMask = 2147483647;
			files = (
				4EEA6D3F1526A80B00B96EFD /* FBLoginView.xib in Resources */,
				4EEA6D671526DCE100B96EFD /* EventInfoHostingView.xib in Resources */,
				4E6478C3154467DA00CE47F1 /* SwitchPerson.xib in Resources */,
				19D29F5816A5461000D46B0A /* Default-568h@2x.png in Resources */,
				19D29F5A16A5462300D46B0A /* Default@2x.png in Resources */,
				19D29F7C16A6716F00D46B0A /* FacebookSDKResources.bundle in Resources */,
				1993916116AA1FDF00DA3CD9 /* icon.png in Resources */,
				1993916216AA1FDF00DA3CD9 /* icon@2x.png in Resources */,
				1993916416AA200A00DA3CD9 /* icon.png in Resources */,
				1993916616AA201000DA3CD9 /* icon@2x.png in Resources */,
				19D61CA116AFA76800C81E60 /* AgeArticleView.xib in Resources */,
				19D61CC416B224FF00C81E60 /* HeaderImg@2x.png in Resources */,
				19D61CC716B2370A00C81E60 /* 19-gear.png in Resources */,
				19D61CC816B2370A00C81E60 /* 19-gear@2x.png in Resources */,
				19A524A116B75FE400195D9D /* friend-icon.png in Resources */,
				19A524A416B7B6ED00195D9D /* AddFriendsCell.xib in Resources */,
				19C49EAA16CA2BA400304AD6 /* AFAlertView.xib in Resources */,
				19C49EAE16CA3ABC00304AD6 /* button-pressed.png in Resources */,
				19C49EAF16CA3ABC00304AD6 /* button.png in Resources */,
				191866FD16D4373500220A42 /* MainScreen.xib in Resources */,
				199354F116D4A05E00D73389 /* PersonInfoView.xib in Resources */,
			);
			runOnlyForDeploymentPostprocessing = 0;
		};
/* End PBXResourcesBuildPhase section */

/* Begin PBXSourcesBuildPhase section */
		4EEA6CDA15268ED200B96EFD /* Sources */ = {
			isa = PBXSourcesBuildPhase;
			buildActionMask = 2147483647;
			files = (
				1993550116D4B6F700D73389 /* Person.m in Sources */,
				4EEA6D0C1526902D00B96EFD /* AppDelegate.m in Sources */,
				4EEA6D0E1526902D00B96EFD /* main.m in Sources */,
				4EEA6D2B1526906000B96EFD /* NSObject+SBJson.m in Sources */,
				4EEA6D2C1526906000B96EFD /* SBJsonParser.m in Sources */,
				4EEA6D2D1526906000B96EFD /* SBJsonStreamParser.m in Sources */,
				4EEA6D2E1526906000B96EFD /* SBJsonStreamParserAccumulator.m in Sources */,
				4EEA6D2F1526906000B96EFD /* SBJsonStreamParserAdapter.m in Sources */,
				4EEA6D301526906000B96EFD /* SBJsonStreamParserState.m in Sources */,
				4EEA6D311526906000B96EFD /* SBJsonStreamWriter.m in Sources */,
				4EEA6D321526906000B96EFD /* SBJsonStreamWriterAccumulator.m in Sources */,
				4EEA6D331526906000B96EFD /* SBJsonStreamWriterState.m in Sources */,
				4EEA6D341526906000B96EFD /* SBJsonTokeniser.m in Sources */,
				4EEA6D351526906000B96EFD /* SBJsonUTF8Stream.m in Sources */,
				4EEA6D361526906000B96EFD /* SBJsonWriter.m in Sources */,
				4EEA6D451526A90200B96EFD /* YardstickConnection.m in Sources */,
				4EEA6D5A1526C86300B96EFD /* Event.m in Sources */,
				4EEA6D5D1526CAEF00B96EFD /* YardstickRequest.m in Sources */,
				4E6478BA15439BC800CE47F1 /* BSKeyboardControls.m in Sources */,
				4E0F3C961544CA8D00369BE1 /* AgeDisplaySegmentedControl.m in Sources */,
				4E0F3CA41545395900369BE1 /* SwitchPersonCell.m in Sources */,
				4E0F3CA715453CB200369BE1 /* Utility_AppSettings.m in Sources */,
				4E640C1715460474009D8DC6 /* SettingsModalView.m in Sources */,
				4E640C1D15460C5A009D8DC6 /* Utility_Notifications.m in Sources */,
				19D29F6E16A66B8100D46B0A /* FBLoginViewController.m in Sources */,
				19D29F8116A674C200D46B0A /* MainScreen.m in Sources */,
				19D61CA516AFC5B900C81E60 /* AgeArticleView.m in Sources */,
				19D61CB116B05D4F00C81E60 /* ObjectArchiveAccessor.m in Sources */,
				19D61CD216B250E100C81E60 /* FriendTableViewController.m in Sources */,
				19A524AF16B7CBAF00195D9D /* FriendPickerHandler.m in Sources */,
				199C0CB016C0C19D00068E73 /* YardstickModel.xcdatamodeld in Sources */,
				19C49EA916CA2BA400304AD6 /* AFAlertView.m in Sources */,
				199354F416D4A19B00D73389 /* PersonInfoView.m in Sources */,
				199354FA16D4A28100D73389 /* EventInfoHostingView_old.m in Sources */,
				199354FD16D4A29700D73389 /* EventInfoScrollView.m in Sources */,
			);
			runOnlyForDeploymentPostprocessing = 0;
		};
/* End PBXSourcesBuildPhase section */

/* Begin PBXVariantGroup section */
		4EEA6D051526902D00B96EFD /* InfoPlist.strings */ = {
			isa = PBXVariantGroup;
			children = (
				4EEA6D061526902D00B96EFD /* en */,
			);
			name = InfoPlist.strings;
			path = ../Classes;
			sourceTree = "<group>";
		};
/* End PBXVariantGroup section */

/* Begin XCBuildConfiguration section */
		4EEA6CF415268ED300B96EFD /* Debug */ = {
			isa = XCBuildConfiguration;
			buildSettings = {
				ALWAYS_SEARCH_USER_PATHS = NO;
				ARCHS = "$(ARCHS_STANDARD_32_BIT)";
				CLANG_ENABLE_OBJC_ARC = YES;
				CLANG_WARN_CONSTANT_CONVERSION = YES;
				CLANG_WARN_ENUM_CONVERSION = YES;
				CLANG_WARN_INT_CONVERSION = YES;
				CLANG_WARN__DUPLICATE_METHOD_MATCH = YES;
				CODE_SIGN_IDENTITY = "iPhone Developer: Alex Freas (397NMKG2NM)";
				"CODE_SIGN_IDENTITY[sdk=iphoneos*]" = "iPhone Developer";
				COPY_PHASE_STRIP = NO;
				GCC_C_LANGUAGE_STANDARD = gnu99;
				GCC_DYNAMIC_NO_PIC = NO;
				GCC_OPTIMIZATION_LEVEL = 0;
				GCC_PREPROCESSOR_DEFINITIONS = (
					"DEBUG=1",
					"$(inherited)",
				);
				GCC_SYMBOLS_PRIVATE_EXTERN = NO;
				GCC_VERSION = com.apple.compilers.llvm.clang.1_0;
				GCC_WARN_ABOUT_RETURN_TYPE = YES;
				GCC_WARN_UNINITIALIZED_AUTOS = YES;
				GCC_WARN_UNUSED_VARIABLE = YES;
				IPHONEOS_DEPLOYMENT_TARGET = 6.0;
				PROVISIONING_PROFILE = "68261001-48CD-4E35-BFBA-F0DE827DA475";
				SDKROOT = iphoneos;
			};
			name = Debug;
		};
		4EEA6CF515268ED300B96EFD /* Release */ = {
			isa = XCBuildConfiguration;
			buildSettings = {
				ALWAYS_SEARCH_USER_PATHS = NO;
				ARCHS = "$(ARCHS_STANDARD_32_BIT)";
				CLANG_ENABLE_OBJC_ARC = YES;
				CLANG_WARN_CONSTANT_CONVERSION = YES;
				CLANG_WARN_ENUM_CONVERSION = YES;
				CLANG_WARN_INT_CONVERSION = YES;
				CLANG_WARN__DUPLICATE_METHOD_MATCH = YES;
				CODE_SIGN_IDENTITY = "iPhone Distribution";
				"CODE_SIGN_IDENTITY[sdk=iphoneos*]" = "iPhone Distribution";
				COPY_PHASE_STRIP = YES;
				GCC_C_LANGUAGE_STANDARD = gnu99;
				GCC_VERSION = com.apple.compilers.llvm.clang.1_0;
				GCC_WARN_ABOUT_RETURN_TYPE = YES;
				GCC_WARN_UNINITIALIZED_AUTOS = YES;
				GCC_WARN_UNUSED_VARIABLE = YES;
				IPHONEOS_DEPLOYMENT_TARGET = 6.0;
				OTHER_CFLAGS = "-DNS_BLOCK_ASSERTIONS=1";
				PROVISIONING_PROFILE = "";
				"PROVISIONING_PROFILE[sdk=iphoneos*]" = "";
				SDKROOT = iphoneos;
				VALIDATE_PRODUCT = YES;
			};
			name = Release;
		};
		4EEA6CF715268ED300B96EFD /* Debug */ = {
			isa = XCBuildConfiguration;
			buildSettings = {
				CODE_SIGN_IDENTITY = "iPhone Developer";
				"CODE_SIGN_IDENTITY[sdk=iphoneos*]" = "iPhone Developer";
				FRAMEWORK_SEARCH_PATHS = (
					"$(inherited)",
					"\"$(SRCROOT)/Dependencies\"",
				);
				GCC_PRECOMPILE_PREFIX_HEADER = YES;
				GCC_PREFIX_HEADER = "Support/Yardstick-Prefix.pch";
				INFOPLIST_FILE = "Support/Yardstick-Info.plist";
				IPHONEOS_DEPLOYMENT_TARGET = 6.0;
				OTHER_LDFLAGS = "-lsqlite3.0";
				PRODUCT_NAME = "$(TARGET_NAME)";
				PROVISIONING_PROFILE = "";
				"PROVISIONING_PROFILE[sdk=iphoneos*]" = "";
				WRAPPER_EXTENSION = app;
			};
			name = Debug;
		};
		4EEA6CF815268ED300B96EFD /* Release */ = {
			isa = XCBuildConfiguration;
			buildSettings = {
				CODE_SIGN_IDENTITY = "iPhone Developer: Alex Freas (397NMKG2NM)";
				"CODE_SIGN_IDENTITY[sdk=iphoneos*]" = "iPhone Developer: Alex Freas (397NMKG2NM)";
				FRAMEWORK_SEARCH_PATHS = (
					"$(inherited)",
					"\"$(SRCROOT)/Dependencies\"",
				);
				GCC_PRECOMPILE_PREFIX_HEADER = YES;
				GCC_PREFIX_HEADER = "Support/Yardstick-Prefix.pch";
				INFOPLIST_FILE = "Support/Yardstick-Info.plist";
				IPHONEOS_DEPLOYMENT_TARGET = 6.0;
				OTHER_LDFLAGS = "-lsqlite3.0";
				PRODUCT_NAME = "$(TARGET_NAME)";
				PROVISIONING_PROFILE = "7D02A29D-2684-471D-9A07-7D9D95E4003F";
				"PROVISIONING_PROFILE[sdk=iphoneos*]" = "7D02A29D-2684-471D-9A07-7D9D95E4003F";
				WRAPPER_EXTENSION = app;
			};
			name = Release;
		};
/* End XCBuildConfiguration section */

/* Begin XCConfigurationList section */
		4EEA6CD815268ED200B96EFD /* Build configuration list for PBXProject "Yardstick" */ = {
			isa = XCConfigurationList;
			buildConfigurations = (
				4EEA6CF415268ED300B96EFD /* Debug */,
				4EEA6CF515268ED300B96EFD /* Release */,
			);
			defaultConfigurationIsVisible = 0;
			defaultConfigurationName = Release;
		};
		4EEA6CF615268ED300B96EFD /* Build configuration list for PBXNativeTarget "Yardstick" */ = {
			isa = XCConfigurationList;
			buildConfigurations = (
				4EEA6CF715268ED300B96EFD /* Debug */,
				4EEA6CF815268ED300B96EFD /* Release */,
			);
			defaultConfigurationIsVisible = 0;
			defaultConfigurationName = Release;
		};
/* End XCConfigurationList section */

/* Begin XCVersionGroup section */
		199C0CAE16C0C19D00068E73 /* YardstickModel.xcdatamodeld */ = {
			isa = XCVersionGroup;
			children = (
				199C0CAF16C0C19D00068E73 /* YardstickModel.xcdatamodel */,
			);
			currentVersion = 199C0CAF16C0C19D00068E73 /* YardstickModel.xcdatamodel */;
			path = YardstickModel.xcdatamodeld;
			sourceTree = "<group>";
			versionGroupType = wrapper.xcdatamodel;
		};
/* End XCVersionGroup section */
	};
	rootObject = 4EEA6CD515268ED200B96EFD /* Project object */;
}
